
Microsoft Visual Studio Solution File, Format Version 12.00
# Visual Studio Version 17
VisualStudioVersion = 17.2.32630.192
MinimumVisualStudioVersion = 10.0.40219.1
Project("{9A19103F-16F7-4668-BE54-9A1E7A4F7556}") = "R5T.L0037", "R5T.L0037\R5T.L0037.csproj", "{258DD5AF-4B0E-4643-9700-1C846373F043}"
EndProject
Project("{2150E333-8FDC-42A3-9474-1A3956D46DE8}") = "_Dependencies", "_Dependencies", "{1ACBD0C7-02C4-4410-9E7B-54CE0A005200}"
EndProject
Project("{9A19103F-16F7-4668-BE54-9A1E7A4F7556}") = "R5T.F0000", "..\..\R5T.F0000\source\R5T.F0000\R5T.F0000.csproj", "{56B2EEA3-16EE-468F-8176-481596404AB6}"
EndProject
Project("{9A19103F-16F7-4668-BE54-9A1E7A4F7556}") = "R5T.F0002", "..\..\R5T.F0002\source\R5T.F0002\R5T.F0002.csproj", "{B2EE1CD8-E432-4C77-8909-D7CB332978E8}"
EndProject
Project("{9A19103F-16F7-4668-BE54-9A1E7A4F7556}") = "R5T.F0019", "..\..\R5T.F0019\source\R5T.F0019\R5T.F0019.csproj", "{D7F56A9E-3DED-43B9-B610-CCAE53B526AE}"
EndProject
Project("{9A19103F-16F7-4668-BE54-9A1E7A4F7556}") = "R5T.F0032", "..\..\R5T.F0032\source\R5T.F0032\R5T.F0032.csproj", "{3A5813C4-11FD-483E-9624-981AEB052C15}"
EndProject
Project("{9A19103F-16F7-4668-BE54-9A1E7A4F7556}") = "R5T.F0041", "..\..\R5T.F0041\source\R5T.F0041\R5T.F0041.csproj", "{2B0986F8-07CF-411C-B6B3-F641CDEBB12A}"
EndProject
Project("{9A19103F-16F7-4668-BE54-9A1E7A4F7556}") = "R5T.F0044", "..\..\R5T.F0044\source\R5T.F0044\R5T.F0044.csproj", "{B1550EF4-9B70-49E8-8A7A-B59097907B38}"
EndProject
Project("{9A19103F-16F7-4668-BE54-9A1E7A4F7556}") = "R5T.F0046", "..\..\R5T.F0046\source\R5T.F0046\R5T.F0046.csproj", "{FBA2CB96-DD70-4B89-BA8B-A89332F8A735}"
EndProject
Project("{9A19103F-16F7-4668-BE54-9A1E7A4F7556}") = "R5T.F0047", "..\..\R5T.F0047\source\R5T.F0047\R5T.F0047.csproj", "{39540D10-B690-4DB1-832B-422C101C4EC4}"
EndProject
Project("{9A19103F-16F7-4668-BE54-9A1E7A4F7556}") = "R5T.F0057", "..\..\R5T.F0057\source\R5T.F0057\R5T.F0057.csproj", "{E0C7147A-4A97-4DA4-A5F2-F1126CD92175}"
EndProject
Project("{9A19103F-16F7-4668-BE54-9A1E7A4F7556}") = "R5T.F0120", "..\..\R5T.F0120\source\R5T.F0120\R5T.F0120.csproj", "{4D053A1F-2A38-4FB2-B893-E9D64A9FCBBD}"
EndProject
Project("{9A19103F-16F7-4668-BE54-9A1E7A4F7556}") = "R5T.F0124", "..\..\R5T.F0124\source\R5T.F0124\R5T.F0124.csproj", "{AC5A7CB8-760E-44A2-ADFC-DFDAF2B51776}"
EndProject
Project("{9A19103F-16F7-4668-BE54-9A1E7A4F7556}") = "R5T.L0001.Y000", "..\..\R5T.L0001\source\R5T.L0001.Y000\R5T.L0001.Y000.csproj", "{70FAE9F4-3839-4006-969F-9E40ACE93C05}"
EndProject
Project("{9A19103F-16F7-4668-BE54-9A1E7A4F7556}") = "R5T.L0001.Z000", "..\..\R5T.L0001\source\R5T.L0001.Z000\R5T.L0001.Z000.csproj", "{957A6A28-7361-4E67-98BD-EB7CFE047E23}"
EndProject
Project("{9A19103F-16F7-4668-BE54-9A1E7A4F7556}") = "R5T.L0001", "..\..\R5T.L0001\source\R5T.L0001\R5T.L0001.csproj", "{15D54EBE-3A49-4788-8EA2-4C25E3E99C97}"
EndProject
Project("{9A19103F-16F7-4668-BE54-9A1E7A4F7556}") = "R5T.L0030.T000", "..\..\R5T.L0030\source\R5T.L0030.T000\R5T.L0030.T000.csproj", "{DEB9583B-81D2-405B-9794-9531AEAA05EC}"
EndProject
Project("{9A19103F-16F7-4668-BE54-9A1E7A4F7556}") = "R5T.L0030", "..\..\R5T.L0030\source\R5T.L0030\R5T.L0030.csproj", "{AE99E5C0-A01F-4C26-8AB0-8875130CA4EC}"
EndProject
Project("{9A19103F-16F7-4668-BE54-9A1E7A4F7556}") = "R5T.L0031.T000", "..\..\R5T.L0031\source\R5T.L0031.T000\R5T.L0031.T000.csproj", "{CF5C09AA-379F-4AC5-B8D6-DA31BAD23AC8}"
EndProject
Project("{9A19103F-16F7-4668-BE54-9A1E7A4F7556}") = "R5T.L0031", "..\..\R5T.L0031\source\R5T.L0031\R5T.L0031.csproj", "{D5BCB9B1-C9C6-4900-AA95-C54AE01F8B15}"
EndProject
Project("{9A19103F-16F7-4668-BE54-9A1E7A4F7556}") = "R5T.L0034", "..\..\R5T.L0034\source\R5T.L0034\R5T.L0034.csproj", "{21D9BB13-52E7-48DD-87C3-A7D779613B0D}"
EndProject
Project("{9A19103F-16F7-4668-BE54-9A1E7A4F7556}") = "R5T.L0036", "..\..\R5T.L0036\source\R5T.L0036\R5T.L0036.csproj", "{086F98FA-4B0C-42A0-8416-46D7FFE1916F}"
EndProject
Project("{9A19103F-16F7-4668-BE54-9A1E7A4F7556}") = "R5T.NG0005", "..\..\R5T.NG0005\source\R5T.NG0005\R5T.NG0005.csproj", "{739C39B5-04AA-4735-8491-A3B2E5C5B43E}"
EndProject
Project("{9A19103F-16F7-4668-BE54-9A1E7A4F7556}") = "R5T.NG0006", "..\..\R5T.NG0006\source\R5T.NG0006\R5T.NG0006.csproj", "{5C91FF70-FEB4-4F83-B0AD-BC0B40D3D547}"
EndProject
Project("{9A19103F-16F7-4668-BE54-9A1E7A4F7556}") = "R5T.NG0008", "..\..\R5T.NG0008\source\R5T.NG0008\R5T.NG0008.csproj", "{194D8DAC-9691-468A-8F0E-E59B643A8877}"
EndProject
Project("{9A19103F-16F7-4668-BE54-9A1E7A4F7556}") = "R5T.T0046", "..\..\R5T.T0046\source\R5T.T0046\R5T.T0046.csproj", "{4DA52102-8838-4240-BE1E-7D4B1E68C655}"
EndProject
Project("{9A19103F-16F7-4668-BE54-9A1E7A4F7556}") = "R5T.T0131", "..\..\R5T.T0131\source\R5T.T0131\R5T.T0131.csproj", "{29C92E18-43B1-4594-AFFF-2136003D3D05}"
EndProject
Project("{9A19103F-16F7-4668-BE54-9A1E7A4F7556}") = "R5T.T0132", "..\..\R5T.T0132\source\R5T.T0132\R5T.T0132.csproj", "{A491BC4B-789D-4CF7-B6ED-D7CC80A32E45}"
EndProject
Project("{9A19103F-16F7-4668-BE54-9A1E7A4F7556}") = "R5T.T0137", "..\..\R5T.T0137\source\R5T.T0137\R5T.T0137.csproj", "{DA2B1C91-7EB5-4EFF-8A23-6055229CB936}"
EndProject
Project("{9A19103F-16F7-4668-BE54-9A1E7A4F7556}") = "R5T.T0142", "..\..\R5T.T0142\source\R5T.T0142\R5T.T0142.csproj", "{D12C2883-70F7-47DA-AB16-547F27EA8F50}"
EndProject
Project("{9A19103F-16F7-4668-BE54-9A1E7A4F7556}") = "R5T.T0143", "..\..\R5T.T0143\source\R5T.T0143\R5T.T0143.csproj", "{E4E221D6-F28C-421F-839B-2B4C0EC2C992}"
EndProject
Project("{9A19103F-16F7-4668-BE54-9A1E7A4F7556}") = "R5T.T0144", "..\..\R5T.T0144\source\R5T.T0144\R5T.T0144.csproj", "{7AABF612-DF55-4404-AED8-02BC7DA63045}"
EndProject
Project("{9A19103F-16F7-4668-BE54-9A1E7A4F7556}") = "R5T.T0156", "..\..\R5T.T0156\source\R5T.T0156\R5T.T0156.csproj", "{5BDB26C5-7A30-49C9-A983-14650172B31D}"
EndProject
Project("{9A19103F-16F7-4668-BE54-9A1E7A4F7556}") = "R5T.T0178", "..\..\R5T.T0178\source\R5T.T0178\R5T.T0178.csproj", "{B151BE27-8AD9-4E9B-879F-4F37E4E59C8D}"
EndProject
Project("{9A19103F-16F7-4668-BE54-9A1E7A4F7556}") = "R5T.T0179", "..\..\R5T.T0179\source\R5T.T0179\R5T.T0179.csproj", "{0D603B3B-F932-4DB2-8741-F46E534C51AA}"
EndProject
Project("{9A19103F-16F7-4668-BE54-9A1E7A4F7556}") = "R5T.T0180", "..\..\R5T.T0180\source\R5T.T0180\R5T.T0180.csproj", "{CF16C1CA-C25A-4CE1-9EF4-1BA13DC41DC0}"
EndProject
Project("{9A19103F-16F7-4668-BE54-9A1E7A4F7556}") = "R5T.T0181", "..\..\R5T.T0181\source\R5T.T0181\R5T.T0181.csproj", "{73A87ADB-EBC4-4F91-AEAE-F251E3760CD0}"
EndProject
Project("{9A19103F-16F7-4668-BE54-9A1E7A4F7556}") = "R5T.Y0000", "..\..\R5T.Y0000\source\R5T.Y0000\R5T.Y0000.csproj", "{43D34943-11D4-4D31-825E-B16F285FC1C6}"
EndProject
Project("{9A19103F-16F7-4668-BE54-9A1E7A4F7556}") = "R5T.Y0004", "..\..\R5T.Y0004\source\R5T.Y0004\R5T.Y0004.csproj", "{CCDCF295-1F2F-47B7-AA65-D01F1C63F8DA}"
EndProject
Project("{9A19103F-16F7-4668-BE54-9A1E7A4F7556}") = "R5T.Z0000", "..\..\R5T.Z0000\source\R5T.Z0000\R5T.Z0000.csproj", "{999D1A1D-6932-4821-8D65-D4E858DC0D49}"
EndProject
Project("{9A19103F-16F7-4668-BE54-9A1E7A4F7556}") = "R5T.Z0005", "..\..\R5T.Z0005\source\R5T.Z0005\R5T.Z0005.csproj", "{74ACF11C-863C-4CEB-B560-A138CCE637CF}"
EndProject
Project("{9A19103F-16F7-4668-BE54-9A1E7A4F7556}") = "R5T.Z0013", "..\..\R5T.Z0013\source\R5T.Z0013\R5T.Z0013.csproj", "{6C08D5AC-D87D-4C88-AB41-5B7A7915F920}"
EndProject
Project("{9A19103F-16F7-4668-BE54-9A1E7A4F7556}") = "R5T.L0032.T000", "..\..\R5T.L0032\source\R5T.L0032.T000\R5T.L0032.T000.csproj", "{64EDCAEF-3AB4-411E-81A5-0427B0CC9A8F}"
EndProject
Project("{9A19103F-16F7-4668-BE54-9A1E7A4F7556}") = "R5T.L0032.Z000", "..\..\R5T.L0032\source\R5T.L0032.Z000\R5T.L0032.Z000.csproj", "{CB7BB4B0-106E-4136-B818-798E22A12969}"
EndProject
Project("{9A19103F-16F7-4668-BE54-9A1E7A4F7556}") = "R5T.L0032", "..\..\R5T.L0032\source\R5T.L0032\R5T.L0032.csproj", "{5D38F64E-05CE-42B6-8506-5E33097F54B4}"
EndProject
Project("{9A19103F-16F7-4668-BE54-9A1E7A4F7556}") = "R5T.L0033", "..\..\R5T.L0033\source\R5T.L0033\R5T.L0033.csproj", "{4F3258B1-D9BE-4791-994A-9CE2EB96E60C}"
EndProject
Project("{9A19103F-16F7-4668-BE54-9A1E7A4F7556}") = "R5T.T0150", "..\..\R5T.T0150\source\R5T.T0150\R5T.T0150.csproj", "{896807B8-3001-451B-A13F-C4E75373DC32}"
EndProject
Project("{9A19103F-16F7-4668-BE54-9A1E7A4F7556}") = "R5T.T0151", "..\..\R5T.T0151\source\R5T.T0151\R5T.T0151.csproj", "{FC53FE0F-BFD4-4E2E-A038-6F10361549C4}"
EndProject
Project("{9A19103F-16F7-4668-BE54-9A1E7A4F7556}") = "R5T.T0172", "..\..\R5T.T0172\source\R5T.T0172\R5T.T0172.csproj", "{871FEC5E-8F45-4696-970E-FDEE49C4750C}"
EndProject
Project("{9A19103F-16F7-4668-BE54-9A1E7A4F7556}") = "R5T.F0042.F001", "..\..\R5T.F0042\source\R5T.F0042.F001\R5T.F0042.F001.csproj", "{631BF990-B7B8-4D93-BAAA-196BBD6AD7F7}"
EndProject
Project("{9A19103F-16F7-4668-BE54-9A1E7A4F7556}") = "R5T.F0042", "..\..\R5T.F0042\source\R5T.F0042\R5T.F0042.csproj", "{FF111D92-B2FD-48C8-98A2-FFBC6FDBBC8F}"
EndProject
Project("{9A19103F-16F7-4668-BE54-9A1E7A4F7556}") = "R5T.F0091", "..\..\R5T.F0091\source\R5T.F0091\R5T.F0091.csproj", "{F60171C6-D693-48D6-9691-2204A559E98B}"
EndProject
Project("{9A19103F-16F7-4668-BE54-9A1E7A4F7556}") = "R5T.T0166", "..\..\R5T.T0166\source\R5T.T0166\R5T.T0166.csproj", "{AAE996B8-F71A-4151-9EF4-B3E509C79B6B}"
EndProject
Project("{9A19103F-16F7-4668-BE54-9A1E7A4F7556}") = "R5T.T0184", "..\..\R5T.T0184\source\R5T.T0184\R5T.T0184.csproj", "{48A1558A-F813-4076-9E01-66A5078C0B04}"
EndProject
Project("{9A19103F-16F7-4668-BE54-9A1E7A4F7556}") = "R5T.T0185", "..\..\R5T.T0185\source\R5T.T0185\R5T.T0185.csproj", "{584FD567-1F7B-4563-AC20-B7CF11825152}"
EndProject
Project("{9A19103F-16F7-4668-BE54-9A1E7A4F7556}") = "R5T.T0186", "..\..\R5T.T0186\source\R5T.T0186\R5T.T0186.csproj", "{BD860328-5F8E-4486-9086-76BC70791AB2}"
EndProject
Project("{9A19103F-16F7-4668-BE54-9A1E7A4F7556}") = "R5T.Z0036", "..\..\R5T.Z0036\source\R5T.Z0036\R5T.Z0036.csproj", "{C48AB80B-AEF1-4276-A861-0F5311B818F4}"
EndProject
Project("{9A19103F-16F7-4668-BE54-9A1E7A4F7556}") = "R5T.T0187", "..\..\R5T.T0187\source\R5T.T0187\R5T.T0187.csproj", "{FEB402B9-9629-43F5-BC50-82D43DF6A0AF}"
EndProject
Project("{9A19103F-16F7-4668-BE54-9A1E7A4F7556}") = "R5T.F0042.F002", "..\..\R5T.F0042\source\R5T.F0042.F002\R5T.F0042.F002.csproj", "{3AF78365-9539-41FB-88CE-E5371B6D1FC9}"
EndProject
Project("{9A19103F-16F7-4668-BE54-9A1E7A4F7556}") = "R5T.T0188", "..\..\R5T.T0188\source\R5T.T0188\R5T.T0188.csproj", "{BE5831DB-F0E9-4F90-A0C0-6B2CD7ECCB71}"
EndProject
Project("{9A19103F-16F7-4668-BE54-9A1E7A4F7556}") = "R5T.F0059", "..\..\R5T.F0059\source\R5T.F0059\R5T.F0059.csproj", "{236A9D22-4631-4CD0-8B1A-585EF68A6A8A}"
EndProject
Project("{9A19103F-16F7-4668-BE54-9A1E7A4F7556}") = "R5T.F0024.T001", "..\..\R5T.F0024\source\R5T.F0024.T001\R5T.F0024.T001.csproj", "{A9B690D9-2E52-45D9-A9BC-4BB6215F0072}"
EndProject
Project("{9A19103F-16F7-4668-BE54-9A1E7A4F7556}") = "R5T.F0024", "..\..\R5T.F0024\source\R5T.F0024\R5T.F0024.csproj", "{D06D0DCC-839F-4322-90F6-AC37EE65C866}"
EndProject
Project("{9A19103F-16F7-4668-BE54-9A1E7A4F7556}") = "R5T.Z0009", "..\..\R5T.Z0009\source\R5T.Z0009\R5T.Z0009.csproj", "{F2B9BBC3-EE34-40F9-A525-4A89C4B11C17}"
EndProject
Project("{9A19103F-16F7-4668-BE54-9A1E7A4F7556}") = "R5T.F0050", "..\..\R5T.F0050\source\R5T.F0050\R5T.F0050.csproj", "{0243DEF9-8D76-4AA8-94A4-F740FABB0991}"
EndProject
Project("{9A19103F-16F7-4668-BE54-9A1E7A4F7556}") = "R5T.T0158", "..\..\R5T.T0158\source\R5T.T0158\R5T.T0158.csproj", "{22D9C7B6-790A-46C4-9027-9DAAA2B0EC43}"
EndProject
Project("{9A19103F-16F7-4668-BE54-9A1E7A4F7556}") = "R5T.T0159", "..\..\R5T.T0159\source\R5T.T0159\R5T.T0159.csproj", "{A3A80FA4-8740-4855-BB1B-903C166BFC90}"
EndProject
Project("{9A19103F-16F7-4668-BE54-9A1E7A4F7556}") = "R5T.F0040.F000", "..\..\R5T.F0040\source\R5T.F0040.F000\R5T.F0040.F000.csproj", "{F5AD95BC-DCF7-4C9A-B725-5DF463FE2B20}"
EndProject
Project("{9A19103F-16F7-4668-BE54-9A1E7A4F7556}") = "R5T.F0052", "..\..\R5T.F0052\source\R5T.F0052\R5T.F0052.csproj", "{1207B13B-7B7C-4F09-9BC8-F6544D9EEDA9}"
EndProject
Project("{9A19103F-16F7-4668-BE54-9A1E7A4F7556}") = "R5T.F0053", "..\..\R5T.F0053\source\R5T.F0053\R5T.F0053.csproj", "{5BEA4FDA-4AC5-433B-96ED-A07BCAFA7895}"
EndProject
Project("{9A19103F-16F7-4668-BE54-9A1E7A4F7556}") = "R5T.F0054", "..\..\R5T.F0054\source\R5T.F0054\R5T.F0054.csproj", "{8F53D4A9-D73E-4BBB-892A-9DBB8B9C5964}"
EndProject
Project("{9A19103F-16F7-4668-BE54-9A1E7A4F7556}") = "R5T.T0161", "..\..\R5T.T0161\source\R5T.T0161\R5T.T0161.csproj", "{A5AAE1C9-7D6A-4AA1-B63C-5987D411B076}"
EndProject
Global
	GlobalSection(NestedProjects) = preSolution
		{56B2EEA3-16EE-468F-8176-481596404AB6} = {1ACBD0C7-02C4-4410-9E7B-54CE0A005200}
		{B2EE1CD8-E432-4C77-8909-D7CB332978E8} = {1ACBD0C7-02C4-4410-9E7B-54CE0A005200}
		{D7F56A9E-3DED-43B9-B610-CCAE53B526AE} = {1ACBD0C7-02C4-4410-9E7B-54CE0A005200}
		{3A5813C4-11FD-483E-9624-981AEB052C15} = {1ACBD0C7-02C4-4410-9E7B-54CE0A005200}
		{2B0986F8-07CF-411C-B6B3-F641CDEBB12A} = {1ACBD0C7-02C4-4410-9E7B-54CE0A005200}
		{B1550EF4-9B70-49E8-8A7A-B59097907B38} = {1ACBD0C7-02C4-4410-9E7B-54CE0A005200}
		{FBA2CB96-DD70-4B89-BA8B-A89332F8A735} = {1ACBD0C7-02C4-4410-9E7B-54CE0A005200}
		{39540D10-B690-4DB1-832B-422C101C4EC4} = {1ACBD0C7-02C4-4410-9E7B-54CE0A005200}
		{E0C7147A-4A97-4DA4-A5F2-F1126CD92175} = {1ACBD0C7-02C4-4410-9E7B-54CE0A005200}
		{4D053A1F-2A38-4FB2-B893-E9D64A9FCBBD} = {1ACBD0C7-02C4-4410-9E7B-54CE0A005200}
		{AC5A7CB8-760E-44A2-ADFC-DFDAF2B51776} = {1ACBD0C7-02C4-4410-9E7B-54CE0A005200}
		{70FAE9F4-3839-4006-969F-9E40ACE93C05} = {1ACBD0C7-02C4-4410-9E7B-54CE0A005200}
		{957A6A28-7361-4E67-98BD-EB7CFE047E23} = {1ACBD0C7-02C4-4410-9E7B-54CE0A005200}
		{15D54EBE-3A49-4788-8EA2-4C25E3E99C97} = {1ACBD0C7-02C4-4410-9E7B-54CE0A005200}
		{DEB9583B-81D2-405B-9794-9531AEAA05EC} = {1ACBD0C7-02C4-4410-9E7B-54CE0A005200}
		{AE99E5C0-A01F-4C26-8AB0-8875130CA4EC} = {1ACBD0C7-02C4-4410-9E7B-54CE0A005200}
		{CF5C09AA-379F-4AC5-B8D6-DA31BAD23AC8} = {1ACBD0C7-02C4-4410-9E7B-54CE0A005200}
		{D5BCB9B1-C9C6-4900-AA95-C54AE01F8B15} = {1ACBD0C7-02C4-4410-9E7B-54CE0A005200}
		{21D9BB13-52E7-48DD-87C3-A7D779613B0D} = {1ACBD0C7-02C4-4410-9E7B-54CE0A005200}
		{086F98FA-4B0C-42A0-8416-46D7FFE1916F} = {1ACBD0C7-02C4-4410-9E7B-54CE0A005200}
		{739C39B5-04AA-4735-8491-A3B2E5C5B43E} = {1ACBD0C7-02C4-4410-9E7B-54CE0A005200}
		{5C91FF70-FEB4-4F83-B0AD-BC0B40D3D547} = {1ACBD0C7-02C4-4410-9E7B-54CE0A005200}
		{194D8DAC-9691-468A-8F0E-E59B643A8877} = {1ACBD0C7-02C4-4410-9E7B-54CE0A005200}
		{4DA52102-8838-4240-BE1E-7D4B1E68C655} = {1ACBD0C7-02C4-4410-9E7B-54CE0A005200}
		{29C92E18-43B1-4594-AFFF-2136003D3D05} = {1ACBD0C7-02C4-4410-9E7B-54CE0A005200}
		{A491BC4B-789D-4CF7-B6ED-D7CC80A32E45} = {1ACBD0C7-02C4-4410-9E7B-54CE0A005200}
		{DA2B1C91-7EB5-4EFF-8A23-6055229CB936} = {1ACBD0C7-02C4-4410-9E7B-54CE0A005200}
		{D12C2883-70F7-47DA-AB16-547F27EA8F50} = {1ACBD0C7-02C4-4410-9E7B-54CE0A005200}
		{E4E221D6-F28C-421F-839B-2B4C0EC2C992} = {1ACBD0C7-02C4-4410-9E7B-54CE0A005200}
		{7AABF612-DF55-4404-AED8-02BC7DA63045} = {1ACBD0C7-02C4-4410-9E7B-54CE0A005200}
		{5BDB26C5-7A30-49C9-A983-14650172B31D} = {1ACBD0C7-02C4-4410-9E7B-54CE0A005200}
		{B151BE27-8AD9-4E9B-879F-4F37E4E59C8D} = {1ACBD0C7-02C4-4410-9E7B-54CE0A005200}
		{0D603B3B-F932-4DB2-8741-F46E534C51AA} = {1ACBD0C7-02C4-4410-9E7B-54CE0A005200}
		{CF16C1CA-C25A-4CE1-9EF4-1BA13DC41DC0} = {1ACBD0C7-02C4-4410-9E7B-54CE0A005200}
		{73A87ADB-EBC4-4F91-AEAE-F251E3760CD0} = {1ACBD0C7-02C4-4410-9E7B-54CE0A005200}
		{43D34943-11D4-4D31-825E-B16F285FC1C6} = {1ACBD0C7-02C4-4410-9E7B-54CE0A005200}
		{CCDCF295-1F2F-47B7-AA65-D01F1C63F8DA} = {1ACBD0C7-02C4-4410-9E7B-54CE0A005200}
		{999D1A1D-6932-4821-8D65-D4E858DC0D49} = {1ACBD0C7-02C4-4410-9E7B-54CE0A005200}
		{74ACF11C-863C-4CEB-B560-A138CCE637CF} = {1ACBD0C7-02C4-4410-9E7B-54CE0A005200}
		{6C08D5AC-D87D-4C88-AB41-5B7A7915F920} = {1ACBD0C7-02C4-4410-9E7B-54CE0A005200}
		{64EDCAEF-3AB4-411E-81A5-0427B0CC9A8F} = {1ACBD0C7-02C4-4410-9E7B-54CE0A005200}
		{CB7BB4B0-106E-4136-B818-798E22A12969} = {1ACBD0C7-02C4-4410-9E7B-54CE0A005200}
		{5D38F64E-05CE-42B6-8506-5E33097F54B4} = {1ACBD0C7-02C4-4410-9E7B-54CE0A005200}
		{4F3258B1-D9BE-4791-994A-9CE2EB96E60C} = {1ACBD0C7-02C4-4410-9E7B-54CE0A005200}
		{896807B8-3001-451B-A13F-C4E75373DC32} = {1ACBD0C7-02C4-4410-9E7B-54CE0A005200}
		{FC53FE0F-BFD4-4E2E-A038-6F10361549C4} = {1ACBD0C7-02C4-4410-9E7B-54CE0A005200}
		{871FEC5E-8F45-4696-970E-FDEE49C4750C} = {1ACBD0C7-02C4-4410-9E7B-54CE0A005200}
		{631BF990-B7B8-4D93-BAAA-196BBD6AD7F7} = {1ACBD0C7-02C4-4410-9E7B-54CE0A005200}
		{FF111D92-B2FD-48C8-98A2-FFBC6FDBBC8F} = {1ACBD0C7-02C4-4410-9E7B-54CE0A005200}
		{F60171C6-D693-48D6-9691-2204A559E98B} = {1ACBD0C7-02C4-4410-9E7B-54CE0A005200}
		{AAE996B8-F71A-4151-9EF4-B3E509C79B6B} = {1ACBD0C7-02C4-4410-9E7B-54CE0A005200}
		{48A1558A-F813-4076-9E01-66A5078C0B04} = {1ACBD0C7-02C4-4410-9E7B-54CE0A005200}
		{584FD567-1F7B-4563-AC20-B7CF11825152} = {1ACBD0C7-02C4-4410-9E7B-54CE0A005200}
		{BD860328-5F8E-4486-9086-76BC70791AB2} = {1ACBD0C7-02C4-4410-9E7B-54CE0A005200}
		{C48AB80B-AEF1-4276-A861-0F5311B818F4} = {1ACBD0C7-02C4-4410-9E7B-54CE0A005200}
		{FEB402B9-9629-43F5-BC50-82D43DF6A0AF} = {1ACBD0C7-02C4-4410-9E7B-54CE0A005200}
		{3AF78365-9539-41FB-88CE-E5371B6D1FC9} = {1ACBD0C7-02C4-4410-9E7B-54CE0A005200}
		{BE5831DB-F0E9-4F90-A0C0-6B2CD7ECCB71} = {1ACBD0C7-02C4-4410-9E7B-54CE0A005200}
		{236A9D22-4631-4CD0-8B1A-585EF68A6A8A} = {1ACBD0C7-02C4-4410-9E7B-54CE0A005200}
		{A9B690D9-2E52-45D9-A9BC-4BB6215F0072} = {1ACBD0C7-02C4-4410-9E7B-54CE0A005200}
		{D06D0DCC-839F-4322-90F6-AC37EE65C866} = {1ACBD0C7-02C4-4410-9E7B-54CE0A005200}
		{F2B9BBC3-EE34-40F9-A525-4A89C4B11C17} = {1ACBD0C7-02C4-4410-9E7B-54CE0A005200}
		{0243DEF9-8D76-4AA8-94A4-F740FABB0991} = {1ACBD0C7-02C4-4410-9E7B-54CE0A005200}
		{22D9C7B6-790A-46C4-9027-9DAAA2B0EC43} = {1ACBD0C7-02C4-4410-9E7B-54CE0A005200}
		{A3A80FA4-8740-4855-BB1B-903C166BFC90} = {1ACBD0C7-02C4-4410-9E7B-54CE0A005200}
		{F5AD95BC-DCF7-4C9A-B725-5DF463FE2B20} = {1ACBD0C7-02C4-4410-9E7B-54CE0A005200}
		{1207B13B-7B7C-4F09-9BC8-F6544D9EEDA9} = {1ACBD0C7-02C4-4410-9E7B-54CE0A005200}
		{5BEA4FDA-4AC5-433B-96ED-A07BCAFA7895} = {1ACBD0C7-02C4-4410-9E7B-54CE0A005200}
		{8F53D4A9-D73E-4BBB-892A-9DBB8B9C5964} = {1ACBD0C7-02C4-4410-9E7B-54CE0A005200}
		{A5AAE1C9-7D6A-4AA1-B63C-5987D411B076} = {1ACBD0C7-02C4-4410-9E7B-54CE0A005200}
	EndGlobalSection
	GlobalSection(SolutionConfigurationPlatforms) = preSolution
		Debug|Any CPU = Debug|Any CPU
		Release|Any CPU = Release|Any CPU
	EndGlobalSection
	GlobalSection(ProjectConfigurationPlatforms) = postSolution
		{258DD5AF-4B0E-4643-9700-1C846373F043}.Debug|Any CPU.ActiveCfg = Debug|Any CPU
		{258DD5AF-4B0E-4643-9700-1C846373F043}.Debug|Any CPU.Build.0 = Debug|Any CPU
		{258DD5AF-4B0E-4643-9700-1C846373F043}.Release|Any CPU.ActiveCfg = Release|Any CPU
		{258DD5AF-4B0E-4643-9700-1C846373F043}.Release|Any CPU.Build.0 = Release|Any CPU
		{56B2EEA3-16EE-468F-8176-481596404AB6}.Debug|Any CPU.ActiveCfg = Debug|Any CPU
		{56B2EEA3-16EE-468F-8176-481596404AB6}.Debug|Any CPU.Build.0 = Debug|Any CPU
		{56B2EEA3-16EE-468F-8176-481596404AB6}.Release|Any CPU.ActiveCfg = Release|Any CPU
		{56B2EEA3-16EE-468F-8176-481596404AB6}.Release|Any CPU.Build.0 = Release|Any CPU
		{B2EE1CD8-E432-4C77-8909-D7CB332978E8}.Debug|Any CPU.ActiveCfg = Debug|Any CPU
		{B2EE1CD8-E432-4C77-8909-D7CB332978E8}.Debug|Any CPU.Build.0 = Debug|Any CPU
		{B2EE1CD8-E432-4C77-8909-D7CB332978E8}.Release|Any CPU.ActiveCfg = Release|Any CPU
		{B2EE1CD8-E432-4C77-8909-D7CB332978E8}.Release|Any CPU.Build.0 = Release|Any CPU
		{D7F56A9E-3DED-43B9-B610-CCAE53B526AE}.Debug|Any CPU.ActiveCfg = Debug|Any CPU
		{D7F56A9E-3DED-43B9-B610-CCAE53B526AE}.Debug|Any CPU.Build.0 = Debug|Any CPU
		{D7F56A9E-3DED-43B9-B610-CCAE53B526AE}.Release|Any CPU.ActiveCfg = Release|Any CPU
		{D7F56A9E-3DED-43B9-B610-CCAE53B526AE}.Release|Any CPU.Build.0 = Release|Any CPU
		{3A5813C4-11FD-483E-9624-981AEB052C15}.Debug|Any CPU.ActiveCfg = Debug|Any CPU
		{3A5813C4-11FD-483E-9624-981AEB052C15}.Debug|Any CPU.Build.0 = Debug|Any CPU
		{3A5813C4-11FD-483E-9624-981AEB052C15}.Release|Any CPU.ActiveCfg = Release|Any CPU
		{3A5813C4-11FD-483E-9624-981AEB052C15}.Release|Any CPU.Build.0 = Release|Any CPU
		{2B0986F8-07CF-411C-B6B3-F641CDEBB12A}.Debug|Any CPU.ActiveCfg = Debug|Any CPU
		{2B0986F8-07CF-411C-B6B3-F641CDEBB12A}.Debug|Any CPU.Build.0 = Debug|Any CPU
		{2B0986F8-07CF-411C-B6B3-F641CDEBB12A}.Release|Any CPU.ActiveCfg = Release|Any CPU
		{2B0986F8-07CF-411C-B6B3-F641CDEBB12A}.Release|Any CPU.Build.0 = Release|Any CPU
		{B1550EF4-9B70-49E8-8A7A-B59097907B38}.Debug|Any CPU.ActiveCfg = Debug|Any CPU
		{B1550EF4-9B70-49E8-8A7A-B59097907B38}.Debug|Any CPU.Build.0 = Debug|Any CPU
		{B1550EF4-9B70-49E8-8A7A-B59097907B38}.Release|Any CPU.ActiveCfg = Release|Any CPU
		{B1550EF4-9B70-49E8-8A7A-B59097907B38}.Release|Any CPU.Build.0 = Release|Any CPU
		{FBA2CB96-DD70-4B89-BA8B-A89332F8A735}.Debug|Any CPU.ActiveCfg = Debug|Any CPU
		{FBA2CB96-DD70-4B89-BA8B-A89332F8A735}.Debug|Any CPU.Build.0 = Debug|Any CPU
		{FBA2CB96-DD70-4B89-BA8B-A89332F8A735}.Release|Any CPU.ActiveCfg = Release|Any CPU
		{FBA2CB96-DD70-4B89-BA8B-A89332F8A735}.Release|Any CPU.Build.0 = Release|Any CPU
		{39540D10-B690-4DB1-832B-422C101C4EC4}.Debug|Any CPU.ActiveCfg = Debug|Any CPU
		{39540D10-B690-4DB1-832B-422C101C4EC4}.Debug|Any CPU.Build.0 = Debug|Any CPU
		{39540D10-B690-4DB1-832B-422C101C4EC4}.Release|Any CPU.ActiveCfg = Release|Any CPU
		{39540D10-B690-4DB1-832B-422C101C4EC4}.Release|Any CPU.Build.0 = Release|Any CPU
		{E0C7147A-4A97-4DA4-A5F2-F1126CD92175}.Debug|Any CPU.ActiveCfg = Debug|Any CPU
		{E0C7147A-4A97-4DA4-A5F2-F1126CD92175}.Debug|Any CPU.Build.0 = Debug|Any CPU
		{E0C7147A-4A97-4DA4-A5F2-F1126CD92175}.Release|Any CPU.ActiveCfg = Release|Any CPU
		{E0C7147A-4A97-4DA4-A5F2-F1126CD92175}.Release|Any CPU.Build.0 = Release|Any CPU
		{4D053A1F-2A38-4FB2-B893-E9D64A9FCBBD}.Debug|Any CPU.ActiveCfg = Debug|Any CPU
		{4D053A1F-2A38-4FB2-B893-E9D64A9FCBBD}.Debug|Any CPU.Build.0 = Debug|Any CPU
		{4D053A1F-2A38-4FB2-B893-E9D64A9FCBBD}.Release|Any CPU.ActiveCfg = Release|Any CPU
		{4D053A1F-2A38-4FB2-B893-E9D64A9FCBBD}.Release|Any CPU.Build.0 = Release|Any CPU
		{AC5A7CB8-760E-44A2-ADFC-DFDAF2B51776}.Debug|Any CPU.ActiveCfg = Debug|Any CPU
		{AC5A7CB8-760E-44A2-ADFC-DFDAF2B51776}.Debug|Any CPU.Build.0 = Debug|Any CPU
		{AC5A7CB8-760E-44A2-ADFC-DFDAF2B51776}.Release|Any CPU.ActiveCfg = Release|Any CPU
		{AC5A7CB8-760E-44A2-ADFC-DFDAF2B51776}.Release|Any CPU.Build.0 = Release|Any CPU
		{70FAE9F4-3839-4006-969F-9E40ACE93C05}.Debug|Any CPU.ActiveCfg = Debug|Any CPU
		{70FAE9F4-3839-4006-969F-9E40ACE93C05}.Debug|Any CPU.Build.0 = Debug|Any CPU
		{70FAE9F4-3839-4006-969F-9E40ACE93C05}.Release|Any CPU.ActiveCfg = Release|Any CPU
		{70FAE9F4-3839-4006-969F-9E40ACE93C05}.Release|Any CPU.Build.0 = Release|Any CPU
		{957A6A28-7361-4E67-98BD-EB7CFE047E23}.Debug|Any CPU.ActiveCfg = Debug|Any CPU
		{957A6A28-7361-4E67-98BD-EB7CFE047E23}.Debug|Any CPU.Build.0 = Debug|Any CPU
		{957A6A28-7361-4E67-98BD-EB7CFE047E23}.Release|Any CPU.ActiveCfg = Release|Any CPU
		{957A6A28-7361-4E67-98BD-EB7CFE047E23}.Release|Any CPU.Build.0 = Release|Any CPU
		{15D54EBE-3A49-4788-8EA2-4C25E3E99C97}.Debug|Any CPU.ActiveCfg = Debug|Any CPU
		{15D54EBE-3A49-4788-8EA2-4C25E3E99C97}.Debug|Any CPU.Build.0 = Debug|Any CPU
		{15D54EBE-3A49-4788-8EA2-4C25E3E99C97}.Release|Any CPU.ActiveCfg = Release|Any CPU
		{15D54EBE-3A49-4788-8EA2-4C25E3E99C97}.Release|Any CPU.Build.0 = Release|Any CPU
		{DEB9583B-81D2-405B-9794-9531AEAA05EC}.Debug|Any CPU.ActiveCfg = Debug|Any CPU
		{DEB9583B-81D2-405B-9794-9531AEAA05EC}.Debug|Any CPU.Build.0 = Debug|Any CPU
		{DEB9583B-81D2-405B-9794-9531AEAA05EC}.Release|Any CPU.ActiveCfg = Release|Any CPU
		{DEB9583B-81D2-405B-9794-9531AEAA05EC}.Release|Any CPU.Build.0 = Release|Any CPU
		{AE99E5C0-A01F-4C26-8AB0-8875130CA4EC}.Debug|Any CPU.ActiveCfg = Debug|Any CPU
		{AE99E5C0-A01F-4C26-8AB0-8875130CA4EC}.Debug|Any CPU.Build.0 = Debug|Any CPU
		{AE99E5C0-A01F-4C26-8AB0-8875130CA4EC}.Release|Any CPU.ActiveCfg = Release|Any CPU
		{AE99E5C0-A01F-4C26-8AB0-8875130CA4EC}.Release|Any CPU.Build.0 = Release|Any CPU
		{CF5C09AA-379F-4AC5-B8D6-DA31BAD23AC8}.Debug|Any CPU.ActiveCfg = Debug|Any CPU
		{CF5C09AA-379F-4AC5-B8D6-DA31BAD23AC8}.Debug|Any CPU.Build.0 = Debug|Any CPU
		{CF5C09AA-379F-4AC5-B8D6-DA31BAD23AC8}.Release|Any CPU.ActiveCfg = Release|Any CPU
		{CF5C09AA-379F-4AC5-B8D6-DA31BAD23AC8}.Release|Any CPU.Build.0 = Release|Any CPU
		{D5BCB9B1-C9C6-4900-AA95-C54AE01F8B15}.Debug|Any CPU.ActiveCfg = Debug|Any CPU
		{D5BCB9B1-C9C6-4900-AA95-C54AE01F8B15}.Debug|Any CPU.Build.0 = Debug|Any CPU
		{D5BCB9B1-C9C6-4900-AA95-C54AE01F8B15}.Release|Any CPU.ActiveCfg = Release|Any CPU
		{D5BCB9B1-C9C6-4900-AA95-C54AE01F8B15}.Release|Any CPU.Build.0 = Release|Any CPU
		{21D9BB13-52E7-48DD-87C3-A7D779613B0D}.Debug|Any CPU.ActiveCfg = Debug|Any CPU
		{21D9BB13-52E7-48DD-87C3-A7D779613B0D}.Debug|Any CPU.Build.0 = Debug|Any CPU
		{21D9BB13-52E7-48DD-87C3-A7D779613B0D}.Release|Any CPU.ActiveCfg = Release|Any CPU
		{21D9BB13-52E7-48DD-87C3-A7D779613B0D}.Release|Any CPU.Build.0 = Release|Any CPU
		{086F98FA-4B0C-42A0-8416-46D7FFE1916F}.Debug|Any CPU.ActiveCfg = Debug|Any CPU
		{086F98FA-4B0C-42A0-8416-46D7FFE1916F}.Debug|Any CPU.Build.0 = Debug|Any CPU
		{086F98FA-4B0C-42A0-8416-46D7FFE1916F}.Release|Any CPU.ActiveCfg = Release|Any CPU
		{086F98FA-4B0C-42A0-8416-46D7FFE1916F}.Release|Any CPU.Build.0 = Release|Any CPU
		{739C39B5-04AA-4735-8491-A3B2E5C5B43E}.Debug|Any CPU.ActiveCfg = Debug|Any CPU
		{739C39B5-04AA-4735-8491-A3B2E5C5B43E}.Debug|Any CPU.Build.0 = Debug|Any CPU
		{739C39B5-04AA-4735-8491-A3B2E5C5B43E}.Release|Any CPU.ActiveCfg = Release|Any CPU
		{739C39B5-04AA-4735-8491-A3B2E5C5B43E}.Release|Any CPU.Build.0 = Release|Any CPU
		{5C91FF70-FEB4-4F83-B0AD-BC0B40D3D547}.Debug|Any CPU.ActiveCfg = Debug|Any CPU
		{5C91FF70-FEB4-4F83-B0AD-BC0B40D3D547}.Debug|Any CPU.Build.0 = Debug|Any CPU
		{5C91FF70-FEB4-4F83-B0AD-BC0B40D3D547}.Release|Any CPU.ActiveCfg = Release|Any CPU
		{5C91FF70-FEB4-4F83-B0AD-BC0B40D3D547}.Release|Any CPU.Build.0 = Release|Any CPU
		{194D8DAC-9691-468A-8F0E-E59B643A8877}.Debug|Any CPU.ActiveCfg = Debug|Any CPU
		{194D8DAC-9691-468A-8F0E-E59B643A8877}.Debug|Any CPU.Build.0 = Debug|Any CPU
		{194D8DAC-9691-468A-8F0E-E59B643A8877}.Release|Any CPU.ActiveCfg = Release|Any CPU
		{194D8DAC-9691-468A-8F0E-E59B643A8877}.Release|Any CPU.Build.0 = Release|Any CPU
		{4DA52102-8838-4240-BE1E-7D4B1E68C655}.Debug|Any CPU.ActiveCfg = Debug|Any CPU
		{4DA52102-8838-4240-BE1E-7D4B1E68C655}.Debug|Any CPU.Build.0 = Debug|Any CPU
		{4DA52102-8838-4240-BE1E-7D4B1E68C655}.Release|Any CPU.ActiveCfg = Release|Any CPU
		{4DA52102-8838-4240-BE1E-7D4B1E68C655}.Release|Any CPU.Build.0 = Release|Any CPU
		{29C92E18-43B1-4594-AFFF-2136003D3D05}.Debug|Any CPU.ActiveCfg = Debug|Any CPU
		{29C92E18-43B1-4594-AFFF-2136003D3D05}.Debug|Any CPU.Build.0 = Debug|Any CPU
		{29C92E18-43B1-4594-AFFF-2136003D3D05}.Release|Any CPU.ActiveCfg = Release|Any CPU
		{29C92E18-43B1-4594-AFFF-2136003D3D05}.Release|Any CPU.Build.0 = Release|Any CPU
		{A491BC4B-789D-4CF7-B6ED-D7CC80A32E45}.Debug|Any CPU.ActiveCfg = Debug|Any CPU
		{A491BC4B-789D-4CF7-B6ED-D7CC80A32E45}.Debug|Any CPU.Build.0 = Debug|Any CPU
		{A491BC4B-789D-4CF7-B6ED-D7CC80A32E45}.Release|Any CPU.ActiveCfg = Release|Any CPU
		{A491BC4B-789D-4CF7-B6ED-D7CC80A32E45}.Release|Any CPU.Build.0 = Release|Any CPU
		{DA2B1C91-7EB5-4EFF-8A23-6055229CB936}.Debug|Any CPU.ActiveCfg = Debug|Any CPU
		{DA2B1C91-7EB5-4EFF-8A23-6055229CB936}.Debug|Any CPU.Build.0 = Debug|Any CPU
		{DA2B1C91-7EB5-4EFF-8A23-6055229CB936}.Release|Any CPU.ActiveCfg = Release|Any CPU
		{DA2B1C91-7EB5-4EFF-8A23-6055229CB936}.Release|Any CPU.Build.0 = Release|Any CPU
		{D12C2883-70F7-47DA-AB16-547F27EA8F50}.Debug|Any CPU.ActiveCfg = Debug|Any CPU
		{D12C2883-70F7-47DA-AB16-547F27EA8F50}.Debug|Any CPU.Build.0 = Debug|Any CPU
		{D12C2883-70F7-47DA-AB16-547F27EA8F50}.Release|Any CPU.ActiveCfg = Release|Any CPU
		{D12C2883-70F7-47DA-AB16-547F27EA8F50}.Release|Any CPU.Build.0 = Release|Any CPU
		{E4E221D6-F28C-421F-839B-2B4C0EC2C992}.Debug|Any CPU.ActiveCfg = Debug|Any CPU
		{E4E221D6-F28C-421F-839B-2B4C0EC2C992}.Debug|Any CPU.Build.0 = Debug|Any CPU
		{E4E221D6-F28C-421F-839B-2B4C0EC2C992}.Release|Any CPU.ActiveCfg = Release|Any CPU
		{E4E221D6-F28C-421F-839B-2B4C0EC2C992}.Release|Any CPU.Build.0 = Release|Any CPU
		{7AABF612-DF55-4404-AED8-02BC7DA63045}.Debug|Any CPU.ActiveCfg = Debug|Any CPU
		{7AABF612-DF55-4404-AED8-02BC7DA63045}.Debug|Any CPU.Build.0 = Debug|Any CPU
		{7AABF612-DF55-4404-AED8-02BC7DA63045}.Release|Any CPU.ActiveCfg = Release|Any CPU
		{7AABF612-DF55-4404-AED8-02BC7DA63045}.Release|Any CPU.Build.0 = Release|Any CPU
		{5BDB26C5-7A30-49C9-A983-14650172B31D}.Debug|Any CPU.ActiveCfg = Debug|Any CPU
		{5BDB26C5-7A30-49C9-A983-14650172B31D}.Debug|Any CPU.Build.0 = Debug|Any CPU
		{5BDB26C5-7A30-49C9-A983-14650172B31D}.Release|Any CPU.ActiveCfg = Release|Any CPU
		{5BDB26C5-7A30-49C9-A983-14650172B31D}.Release|Any CPU.Build.0 = Release|Any CPU
		{B151BE27-8AD9-4E9B-879F-4F37E4E59C8D}.Debug|Any CPU.ActiveCfg = Debug|Any CPU
		{B151BE27-8AD9-4E9B-879F-4F37E4E59C8D}.Debug|Any CPU.Build.0 = Debug|Any CPU
		{B151BE27-8AD9-4E9B-879F-4F37E4E59C8D}.Release|Any CPU.ActiveCfg = Release|Any CPU
		{B151BE27-8AD9-4E9B-879F-4F37E4E59C8D}.Release|Any CPU.Build.0 = Release|Any CPU
		{0D603B3B-F932-4DB2-8741-F46E534C51AA}.Debug|Any CPU.ActiveCfg = Debug|Any CPU
		{0D603B3B-F932-4DB2-8741-F46E534C51AA}.Debug|Any CPU.Build.0 = Debug|Any CPU
		{0D603B3B-F932-4DB2-8741-F46E534C51AA}.Release|Any CPU.ActiveCfg = Release|Any CPU
		{0D603B3B-F932-4DB2-8741-F46E534C51AA}.Release|Any CPU.Build.0 = Release|Any CPU
		{CF16C1CA-C25A-4CE1-9EF4-1BA13DC41DC0}.Debug|Any CPU.ActiveCfg = Debug|Any CPU
		{CF16C1CA-C25A-4CE1-9EF4-1BA13DC41DC0}.Debug|Any CPU.Build.0 = Debug|Any CPU
		{CF16C1CA-C25A-4CE1-9EF4-1BA13DC41DC0}.Release|Any CPU.ActiveCfg = Release|Any CPU
		{CF16C1CA-C25A-4CE1-9EF4-1BA13DC41DC0}.Release|Any CPU.Build.0 = Release|Any CPU
		{73A87ADB-EBC4-4F91-AEAE-F251E3760CD0}.Debug|Any CPU.ActiveCfg = Debug|Any CPU
		{73A87ADB-EBC4-4F91-AEAE-F251E3760CD0}.Debug|Any CPU.Build.0 = Debug|Any CPU
		{73A87ADB-EBC4-4F91-AEAE-F251E3760CD0}.Release|Any CPU.ActiveCfg = Release|Any CPU
		{73A87ADB-EBC4-4F91-AEAE-F251E3760CD0}.Release|Any CPU.Build.0 = Release|Any CPU
		{43D34943-11D4-4D31-825E-B16F285FC1C6}.Debug|Any CPU.ActiveCfg = Debug|Any CPU
		{43D34943-11D4-4D31-825E-B16F285FC1C6}.Debug|Any CPU.Build.0 = Debug|Any CPU
		{43D34943-11D4-4D31-825E-B16F285FC1C6}.Release|Any CPU.ActiveCfg = Release|Any CPU
		{43D34943-11D4-4D31-825E-B16F285FC1C6}.Release|Any CPU.Build.0 = Release|Any CPU
		{CCDCF295-1F2F-47B7-AA65-D01F1C63F8DA}.Debug|Any CPU.ActiveCfg = Debug|Any CPU
		{CCDCF295-1F2F-47B7-AA65-D01F1C63F8DA}.Debug|Any CPU.Build.0 = Debug|Any CPU
		{CCDCF295-1F2F-47B7-AA65-D01F1C63F8DA}.Release|Any CPU.ActiveCfg = Release|Any CPU
		{CCDCF295-1F2F-47B7-AA65-D01F1C63F8DA}.Release|Any CPU.Build.0 = Release|Any CPU
		{999D1A1D-6932-4821-8D65-D4E858DC0D49}.Debug|Any CPU.ActiveCfg = Debug|Any CPU
		{999D1A1D-6932-4821-8D65-D4E858DC0D49}.Debug|Any CPU.Build.0 = Debug|Any CPU
		{999D1A1D-6932-4821-8D65-D4E858DC0D49}.Release|Any CPU.ActiveCfg = Release|Any CPU
		{999D1A1D-6932-4821-8D65-D4E858DC0D49}.Release|Any CPU.Build.0 = Release|Any CPU
		{74ACF11C-863C-4CEB-B560-A138CCE637CF}.Debug|Any CPU.ActiveCfg = Debug|Any CPU
		{74ACF11C-863C-4CEB-B560-A138CCE637CF}.Debug|Any CPU.Build.0 = Debug|Any CPU
		{74ACF11C-863C-4CEB-B560-A138CCE637CF}.Release|Any CPU.ActiveCfg = Release|Any CPU
		{74ACF11C-863C-4CEB-B560-A138CCE637CF}.Release|Any CPU.Build.0 = Release|Any CPU
		{6C08D5AC-D87D-4C88-AB41-5B7A7915F920}.Debug|Any CPU.ActiveCfg = Debug|Any CPU
		{6C08D5AC-D87D-4C88-AB41-5B7A7915F920}.Debug|Any CPU.Build.0 = Debug|Any CPU
		{6C08D5AC-D87D-4C88-AB41-5B7A7915F920}.Release|Any CPU.ActiveCfg = Release|Any CPU
		{6C08D5AC-D87D-4C88-AB41-5B7A7915F920}.Release|Any CPU.Build.0 = Release|Any CPU
		{64EDCAEF-3AB4-411E-81A5-0427B0CC9A8F}.Debug|Any CPU.ActiveCfg = Debug|Any CPU
		{64EDCAEF-3AB4-411E-81A5-0427B0CC9A8F}.Debug|Any CPU.Build.0 = Debug|Any CPU
		{64EDCAEF-3AB4-411E-81A5-0427B0CC9A8F}.Release|Any CPU.ActiveCfg = Release|Any CPU
		{64EDCAEF-3AB4-411E-81A5-0427B0CC9A8F}.Release|Any CPU.Build.0 = Release|Any CPU
		{CB7BB4B0-106E-4136-B818-798E22A12969}.Debug|Any CPU.ActiveCfg = Debug|Any CPU
		{CB7BB4B0-106E-4136-B818-798E22A12969}.Debug|Any CPU.Build.0 = Debug|Any CPU
		{CB7BB4B0-106E-4136-B818-798E22A12969}.Release|Any CPU.ActiveCfg = Release|Any CPU
		{CB7BB4B0-106E-4136-B818-798E22A12969}.Release|Any CPU.Build.0 = Release|Any CPU
		{5D38F64E-05CE-42B6-8506-5E33097F54B4}.Debug|Any CPU.ActiveCfg = Debug|Any CPU
		{5D38F64E-05CE-42B6-8506-5E33097F54B4}.Debug|Any CPU.Build.0 = Debug|Any CPU
		{5D38F64E-05CE-42B6-8506-5E33097F54B4}.Release|Any CPU.ActiveCfg = Release|Any CPU
		{5D38F64E-05CE-42B6-8506-5E33097F54B4}.Release|Any CPU.Build.0 = Release|Any CPU
		{4F3258B1-D9BE-4791-994A-9CE2EB96E60C}.Debug|Any CPU.ActiveCfg = Debug|Any CPU
		{4F3258B1-D9BE-4791-994A-9CE2EB96E60C}.Debug|Any CPU.Build.0 = Debug|Any CPU
		{4F3258B1-D9BE-4791-994A-9CE2EB96E60C}.Release|Any CPU.ActiveCfg = Release|Any CPU
		{4F3258B1-D9BE-4791-994A-9CE2EB96E60C}.Release|Any CPU.Build.0 = Release|Any CPU
		{896807B8-3001-451B-A13F-C4E75373DC32}.Debug|Any CPU.ActiveCfg = Debug|Any CPU
		{896807B8-3001-451B-A13F-C4E75373DC32}.Debug|Any CPU.Build.0 = Debug|Any CPU
		{896807B8-3001-451B-A13F-C4E75373DC32}.Release|Any CPU.ActiveCfg = Release|Any CPU
		{896807B8-3001-451B-A13F-C4E75373DC32}.Release|Any CPU.Build.0 = Release|Any CPU
		{FC53FE0F-BFD4-4E2E-A038-6F10361549C4}.Debug|Any CPU.ActiveCfg = Debug|Any CPU
		{FC53FE0F-BFD4-4E2E-A038-6F10361549C4}.Debug|Any CPU.Build.0 = Debug|Any CPU
		{FC53FE0F-BFD4-4E2E-A038-6F10361549C4}.Release|Any CPU.ActiveCfg = Release|Any CPU
		{FC53FE0F-BFD4-4E2E-A038-6F10361549C4}.Release|Any CPU.Build.0 = Release|Any CPU
		{871FEC5E-8F45-4696-970E-FDEE49C4750C}.Debug|Any CPU.ActiveCfg = Debug|Any CPU
		{871FEC5E-8F45-4696-970E-FDEE49C4750C}.Debug|Any CPU.Build.0 = Debug|Any CPU
		{871FEC5E-8F45-4696-970E-FDEE49C4750C}.Release|Any CPU.ActiveCfg = Release|Any CPU
		{871FEC5E-8F45-4696-970E-FDEE49C4750C}.Release|Any CPU.Build.0 = Release|Any CPU
		{631BF990-B7B8-4D93-BAAA-196BBD6AD7F7}.Debug|Any CPU.ActiveCfg = Debug|Any CPU
		{631BF990-B7B8-4D93-BAAA-196BBD6AD7F7}.Debug|Any CPU.Build.0 = Debug|Any CPU
		{631BF990-B7B8-4D93-BAAA-196BBD6AD7F7}.Release|Any CPU.ActiveCfg = Release|Any CPU
		{631BF990-B7B8-4D93-BAAA-196BBD6AD7F7}.Release|Any CPU.Build.0 = Release|Any CPU
		{FF111D92-B2FD-48C8-98A2-FFBC6FDBBC8F}.Debug|Any CPU.ActiveCfg = Debug|Any CPU
		{FF111D92-B2FD-48C8-98A2-FFBC6FDBBC8F}.Debug|Any CPU.Build.0 = Debug|Any CPU
		{FF111D92-B2FD-48C8-98A2-FFBC6FDBBC8F}.Release|Any CPU.ActiveCfg = Release|Any CPU
		{FF111D92-B2FD-48C8-98A2-FFBC6FDBBC8F}.Release|Any CPU.Build.0 = Release|Any CPU
		{F60171C6-D693-48D6-9691-2204A559E98B}.Debug|Any CPU.ActiveCfg = Debug|Any CPU
		{F60171C6-D693-48D6-9691-2204A559E98B}.Debug|Any CPU.Build.0 = Debug|Any CPU
		{F60171C6-D693-48D6-9691-2204A559E98B}.Release|Any CPU.ActiveCfg = Release|Any CPU
		{F60171C6-D693-48D6-9691-2204A559E98B}.Release|Any CPU.Build.0 = Release|Any CPU
		{AAE996B8-F71A-4151-9EF4-B3E509C79B6B}.Debug|Any CPU.ActiveCfg = Debug|Any CPU
		{AAE996B8-F71A-4151-9EF4-B3E509C79B6B}.Debug|Any CPU.Build.0 = Debug|Any CPU
		{AAE996B8-F71A-4151-9EF4-B3E509C79B6B}.Release|Any CPU.ActiveCfg = Release|Any CPU
		{AAE996B8-F71A-4151-9EF4-B3E509C79B6B}.Release|Any CPU.Build.0 = Release|Any CPU
		{48A1558A-F813-4076-9E01-66A5078C0B04}.Debug|Any CPU.ActiveCfg = Debug|Any CPU
		{48A1558A-F813-4076-9E01-66A5078C0B04}.Debug|Any CPU.Build.0 = Debug|Any CPU
		{48A1558A-F813-4076-9E01-66A5078C0B04}.Release|Any CPU.ActiveCfg = Release|Any CPU
		{48A1558A-F813-4076-9E01-66A5078C0B04}.Release|Any CPU.Build.0 = Release|Any CPU
		{584FD567-1F7B-4563-AC20-B7CF11825152}.Debug|Any CPU.ActiveCfg = Debug|Any CPU
		{584FD567-1F7B-4563-AC20-B7CF11825152}.Debug|Any CPU.Build.0 = Debug|Any CPU
		{584FD567-1F7B-4563-AC20-B7CF11825152}.Release|Any CPU.ActiveCfg = Release|Any CPU
		{584FD567-1F7B-4563-AC20-B7CF11825152}.Release|Any CPU.Build.0 = Release|Any CPU
		{BD860328-5F8E-4486-9086-76BC70791AB2}.Debug|Any CPU.ActiveCfg = Debug|Any CPU
		{BD860328-5F8E-4486-9086-76BC70791AB2}.Debug|Any CPU.Build.0 = Debug|Any CPU
		{BD860328-5F8E-4486-9086-76BC70791AB2}.Release|Any CPU.ActiveCfg = Release|Any CPU
		{BD860328-5F8E-4486-9086-76BC70791AB2}.Release|Any CPU.Build.0 = Release|Any CPU
		{C48AB80B-AEF1-4276-A861-0F5311B818F4}.Debug|Any CPU.ActiveCfg = Debug|Any CPU
		{C48AB80B-AEF1-4276-A861-0F5311B818F4}.Debug|Any CPU.Build.0 = Debug|Any CPU
		{C48AB80B-AEF1-4276-A861-0F5311B818F4}.Release|Any CPU.ActiveCfg = Release|Any CPU
		{C48AB80B-AEF1-4276-A861-0F5311B818F4}.Release|Any CPU.Build.0 = Release|Any CPU
		{FEB402B9-9629-43F5-BC50-82D43DF6A0AF}.Debug|Any CPU.ActiveCfg = Debug|Any CPU
		{FEB402B9-9629-43F5-BC50-82D43DF6A0AF}.Debug|Any CPU.Build.0 = Debug|Any CPU
		{FEB402B9-9629-43F5-BC50-82D43DF6A0AF}.Release|Any CPU.ActiveCfg = Release|Any CPU
		{FEB402B9-9629-43F5-BC50-82D43DF6A0AF}.Release|Any CPU.Build.0 = Release|Any CPU
		{3AF78365-9539-41FB-88CE-E5371B6D1FC9}.Debug|Any CPU.ActiveCfg = Debug|Any CPU
		{3AF78365-9539-41FB-88CE-E5371B6D1FC9}.Debug|Any CPU.Build.0 = Debug|Any CPU
		{3AF78365-9539-41FB-88CE-E5371B6D1FC9}.Release|Any CPU.ActiveCfg = Release|Any CPU
		{3AF78365-9539-41FB-88CE-E5371B6D1FC9}.Release|Any CPU.Build.0 = Release|Any CPU
		{BE5831DB-F0E9-4F90-A0C0-6B2CD7ECCB71}.Debug|Any CPU.ActiveCfg = Debug|Any CPU
		{BE5831DB-F0E9-4F90-A0C0-6B2CD7ECCB71}.Debug|Any CPU.Build.0 = Debug|Any CPU
		{BE5831DB-F0E9-4F90-A0C0-6B2CD7ECCB71}.Release|Any CPU.ActiveCfg = Release|Any CPU
		{BE5831DB-F0E9-4F90-A0C0-6B2CD7ECCB71}.Release|Any CPU.Build.0 = Release|Any CPU
		{236A9D22-4631-4CD0-8B1A-585EF68A6A8A}.Debug|Any CPU.ActiveCfg = Debug|Any CPU
		{236A9D22-4631-4CD0-8B1A-585EF68A6A8A}.Debug|Any CPU.Build.0 = Debug|Any CPU
		{236A9D22-4631-4CD0-8B1A-585EF68A6A8A}.Release|Any CPU.ActiveCfg = Release|Any CPU
		{236A9D22-4631-4CD0-8B1A-585EF68A6A8A}.Release|Any CPU.Build.0 = Release|Any CPU
		{A9B690D9-2E52-45D9-A9BC-4BB6215F0072}.Debug|Any CPU.ActiveCfg = Debug|Any CPU
		{A9B690D9-2E52-45D9-A9BC-4BB6215F0072}.Debug|Any CPU.Build.0 = Debug|Any CPU
		{A9B690D9-2E52-45D9-A9BC-4BB6215F0072}.Release|Any CPU.ActiveCfg = Release|Any CPU
		{A9B690D9-2E52-45D9-A9BC-4BB6215F0072}.Release|Any CPU.Build.0 = Release|Any CPU
		{D06D0DCC-839F-4322-90F6-AC37EE65C866}.Debug|Any CPU.ActiveCfg = Debug|Any CPU
		{D06D0DCC-839F-4322-90F6-AC37EE65C866}.Debug|Any CPU.Build.0 = Debug|Any CPU
		{D06D0DCC-839F-4322-90F6-AC37EE65C866}.Release|Any CPU.ActiveCfg = Release|Any CPU
		{D06D0DCC-839F-4322-90F6-AC37EE65C866}.Release|Any CPU.Build.0 = Release|Any CPU
		{F2B9BBC3-EE34-40F9-A525-4A89C4B11C17}.Debug|Any CPU.ActiveCfg = Debug|Any CPU
		{F2B9BBC3-EE34-40F9-A525-4A89C4B11C17}.Debug|Any CPU.Build.0 = Debug|Any CPU
		{F2B9BBC3-EE34-40F9-A525-4A89C4B11C17}.Release|Any CPU.ActiveCfg = Release|Any CPU
		{F2B9BBC3-EE34-40F9-A525-4A89C4B11C17}.Release|Any CPU.Build.0 = Release|Any CPU
		{0243DEF9-8D76-4AA8-94A4-F740FABB0991}.Debug|Any CPU.ActiveCfg = Debug|Any CPU
		{0243DEF9-8D76-4AA8-94A4-F740FABB0991}.Debug|Any CPU.Build.0 = Debug|Any CPU
		{0243DEF9-8D76-4AA8-94A4-F740FABB0991}.Release|Any CPU.ActiveCfg = Release|Any CPU
		{0243DEF9-8D76-4AA8-94A4-F740FABB0991}.Release|Any CPU.Build.0 = Release|Any CPU
		{22D9C7B6-790A-46C4-9027-9DAAA2B0EC43}.Debug|Any CPU.ActiveCfg = Debug|Any CPU
		{22D9C7B6-790A-46C4-9027-9DAAA2B0EC43}.Debug|Any CPU.Build.0 = Debug|Any CPU
		{22D9C7B6-790A-46C4-9027-9DAAA2B0EC43}.Release|Any CPU.ActiveCfg = Release|Any CPU
		{22D9C7B6-790A-46C4-9027-9DAAA2B0EC43}.Release|Any CPU.Build.0 = Release|Any CPU
		{A3A80FA4-8740-4855-BB1B-903C166BFC90}.Debug|Any CPU.ActiveCfg = Debug|Any CPU
		{A3A80FA4-8740-4855-BB1B-903C166BFC90}.Debug|Any CPU.Build.0 = Debug|Any CPU
		{A3A80FA4-8740-4855-BB1B-903C166BFC90}.Release|Any CPU.ActiveCfg = Release|Any CPU
		{A3A80FA4-8740-4855-BB1B-903C166BFC90}.Release|Any CPU.Build.0 = Release|Any CPU
		{F5AD95BC-DCF7-4C9A-B725-5DF463FE2B20}.Debug|Any CPU.ActiveCfg = Debug|Any CPU
		{F5AD95BC-DCF7-4C9A-B725-5DF463FE2B20}.Debug|Any CPU.Build.0 = Debug|Any CPU
		{F5AD95BC-DCF7-4C9A-B725-5DF463FE2B20}.Release|Any CPU.ActiveCfg = Release|Any CPU
		{F5AD95BC-DCF7-4C9A-B725-5DF463FE2B20}.Release|Any CPU.Build.0 = Release|Any CPU
		{1207B13B-7B7C-4F09-9BC8-F6544D9EEDA9}.Debug|Any CPU.ActiveCfg = Debug|Any CPU
		{1207B13B-7B7C-4F09-9BC8-F6544D9EEDA9}.Debug|Any CPU.Build.0 = Debug|Any CPU
		{1207B13B-7B7C-4F09-9BC8-F6544D9EEDA9}.Release|Any CPU.ActiveCfg = Release|Any CPU
		{1207B13B-7B7C-4F09-9BC8-F6544D9EEDA9}.Release|Any CPU.Build.0 = Release|Any CPU
		{5BEA4FDA-4AC5-433B-96ED-A07BCAFA7895}.Debug|Any CPU.ActiveCfg = Debug|Any CPU
		{5BEA4FDA-4AC5-433B-96ED-A07BCAFA7895}.Debug|Any CPU.Build.0 = Debug|Any CPU
		{5BEA4FDA-4AC5-433B-96ED-A07BCAFA7895}.Release|Any CPU.ActiveCfg = Release|Any CPU
		{5BEA4FDA-4AC5-433B-96ED-A07BCAFA7895}.Release|Any CPU.Build.0 = Release|Any CPU
		{8F53D4A9-D73E-4BBB-892A-9DBB8B9C5964}.Debug|Any CPU.ActiveCfg = Debug|Any CPU
		{8F53D4A9-D73E-4BBB-892A-9DBB8B9C5964}.Debug|Any CPU.Build.0 = Debug|Any CPU
		{8F53D4A9-D73E-4BBB-892A-9DBB8B9C5964}.Release|Any CPU.ActiveCfg = Release|Any CPU
		{8F53D4A9-D73E-4BBB-892A-9DBB8B9C5964}.Release|Any CPU.Build.0 = Release|Any CPU
		{A5AAE1C9-7D6A-4AA1-B63C-5987D411B076}.Debug|Any CPU.ActiveCfg = Debug|Any CPU
		{A5AAE1C9-7D6A-4AA1-B63C-5987D411B076}.Debug|Any CPU.Build.0 = Debug|Any CPU
		{A5AAE1C9-7D6A-4AA1-B63C-5987D411B076}.Release|Any CPU.ActiveCfg = Release|Any CPU
		{A5AAE1C9-7D6A-4AA1-B63C-5987D411B076}.Release|Any CPU.Build.0 = Release|Any CPU
	EndGlobalSection
	GlobalSection(SolutionProperties) = preSolution
		HideSolutionNode = FALSE
	EndGlobalSection
	GlobalSection(ExtensibilityGlobals) = postSolution
		SolutionGuid = {020CF9BE-6B9A-44BD-AC2F-454E90DB042C}
	EndGlobalSection
EndGlobal
