
Microsoft Visual Studio Solution File, Format Version 12.00
# Visual Studio Version 17
VisualStudioVersion = 17.2.32630.192
MinimumVisualStudioVersion = 10.0.40219.1
Project("{9A19103F-16F7-4668-BE54-9A1E7A4F7556}") = "R5T.L0037.Construction", "R5T.L0037.Construction\R5T.L0037.Construction.csproj", "{801BE599-5B5B-4F87-92E8-14182A5CC0C2}"
EndProject
Project("{9A19103F-16F7-4668-BE54-9A1E7A4F7556}") = "R5T.L0037", "R5T.L0037\R5T.L0037.csproj", "{599AEA53-2716-4998-8784-E1A868426111}"
EndProject
Project("{2150E333-8FDC-42A3-9474-1A3956D46DE8}") = "_Dependencies", "_Dependencies", "{99D5F1FD-89FC-4BF4-A354-EAB8E2FD16C0}"
EndProject
Project("{9A19103F-16F7-4668-BE54-9A1E7A4F7556}") = "R5T.F0000", "..\..\R5T.F0000\source\R5T.F0000\R5T.F0000.csproj", "{3B62A036-EBE7-4F8A-AC33-BB3B503E0942}"
EndProject
Project("{9A19103F-16F7-4668-BE54-9A1E7A4F7556}") = "R5T.F0002", "..\..\R5T.F0002\source\R5T.F0002\R5T.F0002.csproj", "{DF572EE7-F56F-4A20-88B2-DC6A9FBB4ACE}"
EndProject
Project("{9A19103F-16F7-4668-BE54-9A1E7A4F7556}") = "R5T.F0019", "..\..\R5T.F0019\source\R5T.F0019\R5T.F0019.csproj", "{A84B81CC-4D4F-4602-AF2D-4F7CE55AEFC2}"
EndProject
Project("{9A19103F-16F7-4668-BE54-9A1E7A4F7556}") = "R5T.F0032", "..\..\R5T.F0032\source\R5T.F0032\R5T.F0032.csproj", "{253E24AC-444E-4954-ADF6-0725643B36EA}"
EndProject
Project("{9A19103F-16F7-4668-BE54-9A1E7A4F7556}") = "R5T.F0041", "..\..\R5T.F0041\source\R5T.F0041\R5T.F0041.csproj", "{31CAA8EB-76FF-4132-88D7-A80962FDCF8E}"
EndProject
Project("{9A19103F-16F7-4668-BE54-9A1E7A4F7556}") = "R5T.F0044", "..\..\R5T.F0044\source\R5T.F0044\R5T.F0044.csproj", "{BA2BF648-AB1D-412C-A68C-5BA30E1DCB6C}"
EndProject
Project("{9A19103F-16F7-4668-BE54-9A1E7A4F7556}") = "R5T.F0046", "..\..\R5T.F0046\source\R5T.F0046\R5T.F0046.csproj", "{B248BCB2-31A7-45DB-B11F-9E126B4E59C6}"
EndProject
Project("{9A19103F-16F7-4668-BE54-9A1E7A4F7556}") = "R5T.F0047", "..\..\R5T.F0047\source\R5T.F0047\R5T.F0047.csproj", "{143AAE2D-83F5-438A-9195-1E10D0BB3C49}"
EndProject
Project("{9A19103F-16F7-4668-BE54-9A1E7A4F7556}") = "R5T.F0057", "..\..\R5T.F0057\source\R5T.F0057\R5T.F0057.csproj", "{59944AA2-9A8E-4B5E-8F03-035267DB0A80}"
EndProject
Project("{9A19103F-16F7-4668-BE54-9A1E7A4F7556}") = "R5T.F0120", "..\..\R5T.F0120\source\R5T.F0120\R5T.F0120.csproj", "{FB86ED21-CC3D-40F1-8F8E-DBB1991ED5AC}"
EndProject
Project("{9A19103F-16F7-4668-BE54-9A1E7A4F7556}") = "R5T.F0124", "..\..\R5T.F0124\source\R5T.F0124\R5T.F0124.csproj", "{AB7B2245-655D-4078-AB75-16AE5FAFC1B8}"
EndProject
Project("{9A19103F-16F7-4668-BE54-9A1E7A4F7556}") = "R5T.L0001.Y000", "..\..\R5T.L0001\source\R5T.L0001.Y000\R5T.L0001.Y000.csproj", "{493F1BC0-7D0E-4BD4-8477-F805C0975460}"
EndProject
Project("{9A19103F-16F7-4668-BE54-9A1E7A4F7556}") = "R5T.L0001.Z000", "..\..\R5T.L0001\source\R5T.L0001.Z000\R5T.L0001.Z000.csproj", "{79E2D4E2-472F-4EAF-988C-572FC2CF65FB}"
EndProject
Project("{9A19103F-16F7-4668-BE54-9A1E7A4F7556}") = "R5T.L0001", "..\..\R5T.L0001\source\R5T.L0001\R5T.L0001.csproj", "{A629C8F5-AA11-4F90-9C00-12BB33C7D702}"
EndProject
Project("{9A19103F-16F7-4668-BE54-9A1E7A4F7556}") = "R5T.L0030.T000", "..\..\R5T.L0030\source\R5T.L0030.T000\R5T.L0030.T000.csproj", "{96C75D50-DDE2-43BB-89BF-6072C883403B}"
EndProject
Project("{9A19103F-16F7-4668-BE54-9A1E7A4F7556}") = "R5T.L0030", "..\..\R5T.L0030\source\R5T.L0030\R5T.L0030.csproj", "{7DE523E3-5D47-4C06-8CD9-B05343F6B7EF}"
EndProject
Project("{9A19103F-16F7-4668-BE54-9A1E7A4F7556}") = "R5T.L0031.T000", "..\..\R5T.L0031\source\R5T.L0031.T000\R5T.L0031.T000.csproj", "{0793D546-0D48-4803-9510-E2727F031B76}"
EndProject
Project("{9A19103F-16F7-4668-BE54-9A1E7A4F7556}") = "R5T.L0031", "..\..\R5T.L0031\source\R5T.L0031\R5T.L0031.csproj", "{96AC1D9A-15A2-4FF7-933A-479E53646517}"
EndProject
Project("{9A19103F-16F7-4668-BE54-9A1E7A4F7556}") = "R5T.L0034", "..\..\R5T.L0034\source\R5T.L0034\R5T.L0034.csproj", "{50342224-96E8-40DA-A34D-3079C2FAD477}"
EndProject
Project("{9A19103F-16F7-4668-BE54-9A1E7A4F7556}") = "R5T.L0036", "..\..\R5T.L0036\source\R5T.L0036\R5T.L0036.csproj", "{1A12662B-49F8-4AB2-A54A-70AD88C38248}"
EndProject
Project("{9A19103F-16F7-4668-BE54-9A1E7A4F7556}") = "R5T.NG0005", "..\..\R5T.NG0005\source\R5T.NG0005\R5T.NG0005.csproj", "{7C9D1A24-94FC-4000-885E-CC49B3A5005F}"
EndProject
Project("{9A19103F-16F7-4668-BE54-9A1E7A4F7556}") = "R5T.NG0006", "..\..\R5T.NG0006\source\R5T.NG0006\R5T.NG0006.csproj", "{72F22353-CE2A-4BC3-BD0D-A782C1A96304}"
EndProject
Project("{9A19103F-16F7-4668-BE54-9A1E7A4F7556}") = "R5T.NG0008", "..\..\R5T.NG0008\source\R5T.NG0008\R5T.NG0008.csproj", "{309CD076-37DA-4D6B-8A33-C75B6BA5C583}"
EndProject
Project("{9A19103F-16F7-4668-BE54-9A1E7A4F7556}") = "R5T.T0046", "..\..\R5T.T0046\source\R5T.T0046\R5T.T0046.csproj", "{C3F1624A-84CA-464D-9AB0-4BA540B1CC55}"
EndProject
Project("{9A19103F-16F7-4668-BE54-9A1E7A4F7556}") = "R5T.T0131", "..\..\R5T.T0131\source\R5T.T0131\R5T.T0131.csproj", "{33ACA213-6D36-4686-996D-4BA2B967C4C8}"
EndProject
Project("{9A19103F-16F7-4668-BE54-9A1E7A4F7556}") = "R5T.T0132", "..\..\R5T.T0132\source\R5T.T0132\R5T.T0132.csproj", "{E69EC018-8073-4872-9BCD-9B14800AD312}"
EndProject
Project("{9A19103F-16F7-4668-BE54-9A1E7A4F7556}") = "R5T.T0137", "..\..\R5T.T0137\source\R5T.T0137\R5T.T0137.csproj", "{491D4525-F73E-4184-8317-82B18033A002}"
EndProject
Project("{9A19103F-16F7-4668-BE54-9A1E7A4F7556}") = "R5T.T0142", "..\..\R5T.T0142\source\R5T.T0142\R5T.T0142.csproj", "{8E2E36D1-8C2C-426D-8037-FEF76E847FF9}"
EndProject
Project("{9A19103F-16F7-4668-BE54-9A1E7A4F7556}") = "R5T.T0143", "..\..\R5T.T0143\source\R5T.T0143\R5T.T0143.csproj", "{8400D19F-7D4F-417D-AF92-082C05B03B64}"
EndProject
Project("{9A19103F-16F7-4668-BE54-9A1E7A4F7556}") = "R5T.T0144", "..\..\R5T.T0144\source\R5T.T0144\R5T.T0144.csproj", "{DD0BECAB-C1DF-44CC-A798-5E9F62195B9A}"
EndProject
Project("{9A19103F-16F7-4668-BE54-9A1E7A4F7556}") = "R5T.T0156", "..\..\R5T.T0156\source\R5T.T0156\R5T.T0156.csproj", "{A4BF4CF9-E418-47EB-A01A-8E92B85F5B5B}"
EndProject
Project("{9A19103F-16F7-4668-BE54-9A1E7A4F7556}") = "R5T.T0178", "..\..\R5T.T0178\source\R5T.T0178\R5T.T0178.csproj", "{AF0D20CA-B2FF-4814-B36A-E1229DA2F320}"
EndProject
Project("{9A19103F-16F7-4668-BE54-9A1E7A4F7556}") = "R5T.T0179", "..\..\R5T.T0179\source\R5T.T0179\R5T.T0179.csproj", "{D778A20F-ACE6-423C-9D25-D82180E13CCA}"
EndProject
Project("{9A19103F-16F7-4668-BE54-9A1E7A4F7556}") = "R5T.T0180", "..\..\R5T.T0180\source\R5T.T0180\R5T.T0180.csproj", "{8521D6FA-E103-411D-A697-C82F852EA78F}"
EndProject
Project("{9A19103F-16F7-4668-BE54-9A1E7A4F7556}") = "R5T.T0181", "..\..\R5T.T0181\source\R5T.T0181\R5T.T0181.csproj", "{B11ABFAE-69E5-4878-8170-161F692BE9A4}"
EndProject
Project("{9A19103F-16F7-4668-BE54-9A1E7A4F7556}") = "R5T.Y0000", "..\..\R5T.Y0000\source\R5T.Y0000\R5T.Y0000.csproj", "{44C077E7-CC8F-492B-8142-CD1C4152794F}"
EndProject
Project("{9A19103F-16F7-4668-BE54-9A1E7A4F7556}") = "R5T.Y0004", "..\..\R5T.Y0004\source\R5T.Y0004\R5T.Y0004.csproj", "{01C54D91-C5C7-454E-8F15-87022FE4D1E2}"
EndProject
Project("{9A19103F-16F7-4668-BE54-9A1E7A4F7556}") = "R5T.Z0000", "..\..\R5T.Z0000\source\R5T.Z0000\R5T.Z0000.csproj", "{4D3FA8C0-48B3-4AC9-9DA3-C79FF877386F}"
EndProject
Project("{9A19103F-16F7-4668-BE54-9A1E7A4F7556}") = "R5T.Z0005", "..\..\R5T.Z0005\source\R5T.Z0005\R5T.Z0005.csproj", "{579452A1-C141-49C8-8C31-174595FA6502}"
EndProject
Project("{9A19103F-16F7-4668-BE54-9A1E7A4F7556}") = "R5T.Z0013", "..\..\R5T.Z0013\source\R5T.Z0013\R5T.Z0013.csproj", "{C30F499B-9333-4BE6-B7E8-07620E71D1BD}"
EndProject
Project("{9A19103F-16F7-4668-BE54-9A1E7A4F7556}") = "R5T.L0032.T000", "..\..\R5T.L0032\source\R5T.L0032.T000\R5T.L0032.T000.csproj", "{C98D6730-BF2A-431B-8830-0DBB293C2969}"
EndProject
Project("{9A19103F-16F7-4668-BE54-9A1E7A4F7556}") = "R5T.L0032.Z000", "..\..\R5T.L0032\source\R5T.L0032.Z000\R5T.L0032.Z000.csproj", "{427A482B-3E0A-4CC0-A3C1-B3BF41574F9F}"
EndProject
Project("{9A19103F-16F7-4668-BE54-9A1E7A4F7556}") = "R5T.L0032", "..\..\R5T.L0032\source\R5T.L0032\R5T.L0032.csproj", "{AFBE5334-DF55-44C2-AF54-04D7F81F325A}"
EndProject
Project("{9A19103F-16F7-4668-BE54-9A1E7A4F7556}") = "R5T.L0033", "..\..\R5T.L0033\source\R5T.L0033\R5T.L0033.csproj", "{9FFFADC3-73D7-4BC0-857F-80791CCA8055}"
EndProject
Project("{9A19103F-16F7-4668-BE54-9A1E7A4F7556}") = "R5T.T0150", "..\..\R5T.T0150\source\R5T.T0150\R5T.T0150.csproj", "{6DB9BE40-114E-47D7-8D08-139ECB8F9D43}"
EndProject
Project("{9A19103F-16F7-4668-BE54-9A1E7A4F7556}") = "R5T.T0151", "..\..\R5T.T0151\source\R5T.T0151\R5T.T0151.csproj", "{30B4CEC4-0FB4-4285-B060-659E11B36187}"
EndProject
Project("{9A19103F-16F7-4668-BE54-9A1E7A4F7556}") = "R5T.T0172", "..\..\R5T.T0172\source\R5T.T0172\R5T.T0172.csproj", "{BCAA6DCD-FF54-4027-BEAC-5CEDC3533AEF}"
EndProject
Project("{9A19103F-16F7-4668-BE54-9A1E7A4F7556}") = "R5T.T0141", "..\..\R5T.T0141\source\R5T.T0141\R5T.T0141.csproj", "{5D7A3A58-F11F-42A0-AE03-AF9F1AE3129D}"
EndProject
Project("{9A19103F-16F7-4668-BE54-9A1E7A4F7556}") = "R5T.T0184", "..\..\R5T.T0184\source\R5T.T0184\R5T.T0184.csproj", "{DF4B8430-6DCE-4890-8A3F-315D50831663}"
EndProject
Project("{9A19103F-16F7-4668-BE54-9A1E7A4F7556}") = "R5T.T0185", "..\..\R5T.T0185\source\R5T.T0185\R5T.T0185.csproj", "{1B149E21-E0D4-4253-96EB-728637721190}"
EndProject
Project("{9A19103F-16F7-4668-BE54-9A1E7A4F7556}") = "R5T.T0186", "..\..\R5T.T0186\source\R5T.T0186\R5T.T0186.csproj", "{A5C9FEBE-F7B4-4E6D-8C68-E43F99DA9179}"
EndProject
Project("{9A19103F-16F7-4668-BE54-9A1E7A4F7556}") = "R5T.Z0014", "..\..\R5T.Z0014\source\R5T.Z0014\R5T.Z0014.csproj", "{20017600-898C-41DF-805C-9041CD64A149}"
EndProject
Project("{9A19103F-16F7-4668-BE54-9A1E7A4F7556}") = "R5T.Z0042", "..\..\R5T.Z0042\source\R5T.Z0042\R5T.Z0042.csproj", "{4197AD97-CD2D-403B-A7B8-6CC38F575EEF}"
EndProject
Project("{9A19103F-16F7-4668-BE54-9A1E7A4F7556}") = "R5T.Z0043", "..\..\R5T.Z0043\source\R5T.Z0043\R5T.Z0043.csproj", "{BC4EF8B2-8135-4E1A-B21C-5317FDCA0281}"
EndProject
Project("{9A19103F-16F7-4668-BE54-9A1E7A4F7556}") = "R5T.F0033", "..\..\R5T.F0033\source\R5T.F0033\R5T.F0033.csproj", "{E3C121EA-525D-42B9-A429-E48C6C564D76}"
EndProject
Project("{9A19103F-16F7-4668-BE54-9A1E7A4F7556}") = "R5T.F0042.F001", "..\..\R5T.F0042\source\R5T.F0042.F001\R5T.F0042.F001.csproj", "{EEF8B218-9AE7-491C-B5D3-32E1136CF223}"
EndProject
Project("{9A19103F-16F7-4668-BE54-9A1E7A4F7556}") = "R5T.F0042", "..\..\R5T.F0042\source\R5T.F0042\R5T.F0042.csproj", "{23E5DFAA-F965-4CA5-A816-DB862062AF59}"
EndProject
Project("{9A19103F-16F7-4668-BE54-9A1E7A4F7556}") = "R5T.F0091", "..\..\R5T.F0091\source\R5T.F0091\R5T.F0091.csproj", "{B0C626AA-5CC7-4660-B499-45B53CF3E976}"
EndProject
Project("{9A19103F-16F7-4668-BE54-9A1E7A4F7556}") = "R5T.Z0036", "..\..\R5T.Z0036\source\R5T.Z0036\R5T.Z0036.csproj", "{10141B6C-BA1C-4C94-B861-32BC26890E01}"
EndProject
Project("{9A19103F-16F7-4668-BE54-9A1E7A4F7556}") = "R5T.T0187", "..\..\R5T.T0187\source\R5T.T0187\R5T.T0187.csproj", "{B9FBE923-53BD-4E69-88EC-4599B37AB0F4}"
EndProject
Project("{9A19103F-16F7-4668-BE54-9A1E7A4F7556}") = "R5T.F0042.F002", "..\..\R5T.F0042\source\R5T.F0042.F002\R5T.F0042.F002.csproj", "{7F059C56-7120-4BD2-A1FB-EEE646D13280}"
EndProject
Project("{9A19103F-16F7-4668-BE54-9A1E7A4F7556}") = "R5T.T0188", "..\..\R5T.T0188\source\R5T.T0188\R5T.T0188.csproj", "{A152D1A0-9E96-4AD6-8603-741E5F60BC7E}"
EndProject
Project("{9A19103F-16F7-4668-BE54-9A1E7A4F7556}") = "R5T.F0059", "..\..\R5T.F0059\source\R5T.F0059\R5T.F0059.csproj", "{281F27DA-E2D9-43FA-9713-BED689AC013D}"
EndProject
Project("{9A19103F-16F7-4668-BE54-9A1E7A4F7556}") = "R5T.F0035.F001", "..\..\R5T.F0035\source\R5T.F0035.F001\R5T.F0035.F001.csproj", "{7F761E92-F581-4AF4-9E43-60D36E5DFF37}"
EndProject
Project("{9A19103F-16F7-4668-BE54-9A1E7A4F7556}") = "R5T.F0126", "..\..\R5T.F0126\source\R5T.F0126\R5T.F0126.csproj", "{B5C2220B-B3E5-4632-9433-6C5381A7B025}"
EndProject
Project("{9A19103F-16F7-4668-BE54-9A1E7A4F7556}") = "R5T.L0038", "..\..\R5T.L0038\source\R5T.L0038\R5T.L0038.csproj", "{8AD49A25-7254-4984-85F1-D113A6483AE1}"
EndProject
Project("{9A19103F-16F7-4668-BE54-9A1E7A4F7556}") = "R5T.NG0002", "..\..\R5T.NG0002\source\R5T.NG0002\R5T.NG0002.csproj", "{16CAE21A-4E4F-4F59-9F98-BBACF786C77C}"
EndProject
Project("{9A19103F-16F7-4668-BE54-9A1E7A4F7556}") = "R5T.NG0007", "..\..\R5T.NG0007\source\R5T.NG0007\R5T.NG0007.csproj", "{F038D333-F8F7-4BC8-A52B-9281522EF91D}"
EndProject
Project("{9A19103F-16F7-4668-BE54-9A1E7A4F7556}") = "R5T.T0148", "..\..\R5T.T0148\source\R5T.T0148\R5T.T0148.csproj", "{CAF493B1-DC68-4066-9190-A1D52D025DCD}"
EndProject
Project("{9A19103F-16F7-4668-BE54-9A1E7A4F7556}") = "R5T.T0158.F000", "..\..\R5T.T0158\source\R5T.T0158.F000\R5T.T0158.F000.csproj", "{AF9AC6DA-098F-41C9-AD8E-A04028E9F439}"
EndProject
Project("{9A19103F-16F7-4668-BE54-9A1E7A4F7556}") = "R5T.T0158.T000", "..\..\R5T.T0158\source\R5T.T0158.T000\R5T.T0158.T000.csproj", "{76FCCD76-F4CE-463E-BFB0-2F60DBDE84A7}"
EndProject
Project("{9A19103F-16F7-4668-BE54-9A1E7A4F7556}") = "R5T.T0158", "..\..\R5T.T0158\source\R5T.T0158\R5T.T0158.csproj", "{86FE8C37-FFAE-46C1-9CE2-6BEED9E5DB7D}"
EndProject
Project("{9A19103F-16F7-4668-BE54-9A1E7A4F7556}") = "R5T.T0159.F000", "..\..\R5T.T0159\source\R5T.T0159.F000\R5T.T0159.F000.csproj", "{2997DCD1-E4CD-4D15-9448-2BEDD91F3006}"
EndProject
Project("{9A19103F-16F7-4668-BE54-9A1E7A4F7556}") = "R5T.T0159", "..\..\R5T.T0159\source\R5T.T0159\R5T.T0159.csproj", "{FC2B47A2-F102-4A2A-AE2C-CCF3143C0C3D}"
EndProject
Project("{9A19103F-16F7-4668-BE54-9A1E7A4F7556}") = "R5T.T0175", "..\..\R5T.T0175\source\R5T.T0175\R5T.T0175.csproj", "{4AD2532F-80EE-4B18-8ADE-5B61A91F9353}"
EndProject
Project("{9A19103F-16F7-4668-BE54-9A1E7A4F7556}") = "R5T.T0189", "..\..\R5T.T0189\source\R5T.T0189\R5T.T0189.csproj", "{C9710156-6D4C-4A3B-ABC9-24E139E19EE2}"
EndProject
Project("{9A19103F-16F7-4668-BE54-9A1E7A4F7556}") = "R5T.T0190", "..\..\R5T.T0190\source\R5T.T0190\R5T.T0190.csproj", "{27E29673-4C3D-47B8-8697-0C63F94AEC83}"
EndProject
Project("{9A19103F-16F7-4668-BE54-9A1E7A4F7556}") = "R5T.T0191", "..\..\R5T.T0191\source\R5T.T0191\R5T.T0191.csproj", "{E6E0C3E4-0F0E-463F-9AE7-7386A0E2F1EE}"
EndProject
Project("{9A19103F-16F7-4668-BE54-9A1E7A4F7556}") = "R5T.T0192", "..\..\R5T.T0192\source\R5T.T0192\R5T.T0192.csproj", "{201B6EC4-B60E-4225-A5F9-6D707BDE1C20}"
EndProject
Project("{9A19103F-16F7-4668-BE54-9A1E7A4F7556}") = "R5T.F0024.T001", "..\..\R5T.F0024\source\R5T.F0024.T001\R5T.F0024.T001.csproj", "{F1FD5217-D005-4FFF-A1D2-02C4EE94BFF6}"
EndProject
Project("{9A19103F-16F7-4668-BE54-9A1E7A4F7556}") = "R5T.F0024", "..\..\R5T.F0024\source\R5T.F0024\R5T.F0024.csproj", "{F14F5DB4-D556-4F0E-A548-D9CAF8D538C1}"
EndProject
Project("{9A19103F-16F7-4668-BE54-9A1E7A4F7556}") = "R5T.Z0009", "..\..\R5T.Z0009\source\R5T.Z0009\R5T.Z0009.csproj", "{8EB9E912-8811-42AA-9B47-0E5EE6E838FD}"
EndProject
Project("{9A19103F-16F7-4668-BE54-9A1E7A4F7556}") = "R5T.F0050", "..\..\R5T.F0050\source\R5T.F0050\R5T.F0050.csproj", "{D00B979F-46B3-40E9-BB3F-9164EFE3D898}"
EndProject
Project("{9A19103F-16F7-4668-BE54-9A1E7A4F7556}") = "R5T.F0034", "..\..\R5T.F0034\source\R5T.F0034\R5T.F0034.csproj", "{5060B1BC-02F8-4D9B-9EBB-5451B1CD4B21}"
EndProject
Project("{9A19103F-16F7-4668-BE54-9A1E7A4F7556}") = "R5T.F0040.F000", "..\..\R5T.F0040\source\R5T.F0040.F000\R5T.F0040.F000.csproj", "{66BE53E0-F273-4CF7-BF79-540D8EC13A0C}"
EndProject
Project("{9A19103F-16F7-4668-BE54-9A1E7A4F7556}") = "R5T.F0052", "..\..\R5T.F0052\source\R5T.F0052\R5T.F0052.csproj", "{EB3D7A91-3ED9-4840-9518-07E4565AE10A}"
EndProject
Project("{9A19103F-16F7-4668-BE54-9A1E7A4F7556}") = "R5T.F0053", "..\..\R5T.F0053\source\R5T.F0053\R5T.F0053.csproj", "{B118F6EE-A8CD-4887-88F1-31E3ACDD4F1E}"
EndProject
Project("{9A19103F-16F7-4668-BE54-9A1E7A4F7556}") = "R5T.F0054", "..\..\R5T.F0054\source\R5T.F0054\R5T.F0054.csproj", "{C0470567-4D81-4B3E-BF0F-745F69C12ABF}"
EndProject
Project("{9A19103F-16F7-4668-BE54-9A1E7A4F7556}") = "R5T.F0078", "..\..\R5T.F0078\source\R5T.F0078\R5T.F0078.csproj", "{95D57206-9056-4B53-9D46-A859414D5813}"
EndProject
Project("{9A19103F-16F7-4668-BE54-9A1E7A4F7556}") = "R5T.F0088", "..\..\R5T.F0088\source\R5T.F0088\R5T.F0088.csproj", "{5B07C85F-6839-437A-986A-FA679EAF6FE5}"
EndProject
Project("{9A19103F-16F7-4668-BE54-9A1E7A4F7556}") = "R5T.NG0014", "..\..\R5T.NG0014\source\R5T.NG0014\R5T.NG0014.csproj", "{47DCBDE8-BB69-43F8-96F6-F0C43B2777EA}"
EndProject
Project("{9A19103F-16F7-4668-BE54-9A1E7A4F7556}") = "R5T.T0161", "..\..\R5T.T0161\source\R5T.T0161\R5T.T0161.csproj", "{F6FCF2B0-6C73-4938-8BA6-899ADD40EE67}"
EndProject
Project("{9A19103F-16F7-4668-BE54-9A1E7A4F7556}") = "R5T.T0174", "..\..\R5T.T0174\source\R5T.T0174\R5T.T0174.csproj", "{B0971C78-60F8-4B15-871D-BDB2CC7917F5}"
EndProject
Project("{9A19103F-16F7-4668-BE54-9A1E7A4F7556}") = "R5T.T0176", "..\..\R5T.T0176\source\R5T.T0176\R5T.T0176.csproj", "{049CEBDD-C6F3-44AB-B4AF-CB292D91F4E9}"
EndProject
Project("{9A19103F-16F7-4668-BE54-9A1E7A4F7556}") = "R5T.T0177", "..\..\R5T.T0177\source\R5T.T0177\R5T.T0177.csproj", "{3E978C6D-37B6-45A6-A75A-9A9CAE1A990F}"
EndProject
Project("{9A19103F-16F7-4668-BE54-9A1E7A4F7556}") = "R5T.F0127", "..\..\R5T.F0127\source\R5T.F0127\R5T.F0127.csproj", "{7CBF9E4A-77FA-4569-ADFF-9A828E78F0E3}"
EndProject
Project("{9A19103F-16F7-4668-BE54-9A1E7A4F7556}") = "R5T.F0128", "..\..\R5T.F0128\source\R5T.F0128\R5T.F0128.csproj", "{66E8DCFE-C413-4B4D-BD62-CD9A6F592DC8}"
EndProject
Project("{9A19103F-16F7-4668-BE54-9A1E7A4F7556}") = "R5T.T0194", "..\..\R5T.T0194\source\R5T.T0194\R5T.T0194.csproj", "{73D0C7E5-A035-45D1-84E5-D7D42CB93169}"
EndProject
Project("{9A19103F-16F7-4668-BE54-9A1E7A4F7556}") = "R5T.F0016.F001", "..\..\R5T.F0016\source\R5T.F0016.F001\R5T.F0016.F001.csproj", "{20180700-B4F9-43E7-8696-1A7A5A512079}"
EndProject
Project("{9A19103F-16F7-4668-BE54-9A1E7A4F7556}") = "R5T.F0016", "..\..\R5T.F0016\source\R5T.F0016\R5T.F0016.csproj", "{A093E00A-AE9E-4D0B-A3AE-4C441209077E}"
EndProject
Project("{9A19103F-16F7-4668-BE54-9A1E7A4F7556}") = "R5T.F0020", "..\..\R5T.F0020\source\R5T.F0020\R5T.F0020.csproj", "{16AAA4E9-3C0E-4D18-B613-4AF8419C34CC}"
EndProject
Project("{9A19103F-16F7-4668-BE54-9A1E7A4F7556}") = "R5T.F0063.F001", "..\..\R5T.F0063\source\R5T.F0063.F001\R5T.F0063.F001.csproj", "{BB9387C5-3504-4FFA-BC82-E4BE4E975FCA}"
EndProject
Project("{9A19103F-16F7-4668-BE54-9A1E7A4F7556}") = "R5T.F0063", "..\..\R5T.F0063\source\R5T.F0063\R5T.F0063.csproj", "{36D97DAC-3E43-487D-83F1-9924EB6E96AE}"
EndProject
Project("{9A19103F-16F7-4668-BE54-9A1E7A4F7556}") = "R5T.T0152", "..\..\R5T.T0152\source\R5T.T0152\R5T.T0152.csproj", "{00D6B02E-7E71-4696-8A21-6F0106647F53}"
EndProject
Project("{9A19103F-16F7-4668-BE54-9A1E7A4F7556}") = "R5T.F0125", "..\..\R5T.F0125\source\R5T.F0125\R5T.F0125.csproj", "{DA73B861-3326-47A3-ABAD-FEC49399B064}"
EndProject
Project("{9A19103F-16F7-4668-BE54-9A1E7A4F7556}") = "R5T.L0035", "..\..\R5T.L0035\source\R5T.L0035\R5T.L0035.csproj", "{C4EB4A85-32E1-46F7-B38F-16736622E2B2}"
EndProject
Project("{9A19103F-16F7-4668-BE54-9A1E7A4F7556}") = "R5T.F0051", "..\..\R5T.F0051\source\R5T.F0051\R5T.F0051.csproj", "{C93E525A-D971-4FCD-8453-3D066ED198A4}"
EndProject
Project("{9A19103F-16F7-4668-BE54-9A1E7A4F7556}") = "R5T.F0056", "..\..\R5T.F0056\source\R5T.F0056\R5T.F0056.csproj", "{48C91ECD-6152-4558-AE76-03C88785D004}"
EndProject
Project("{9A19103F-16F7-4668-BE54-9A1E7A4F7556}") = "R5T.T0193", "..\..\R5T.T0193\source\R5T.T0193\R5T.T0193.csproj", "{738199CE-0611-4906-B350-2773E44F7D24}"
EndProject
Project("{9A19103F-16F7-4668-BE54-9A1E7A4F7556}") = "R5T.Z0015", "..\..\R5T.Z0015\source\R5T.Z0015\R5T.Z0015.csproj", "{30C584CF-7AF5-4CF4-A1A3-7622F09CE29A}"
EndProject
Project("{9A19103F-16F7-4668-BE54-9A1E7A4F7556}") = "R5T.F0129", "..\..\R5T.F0129\source\R5T.F0129\R5T.F0129.csproj", "{B148E0F2-FF81-4A31-8C4E-E544CF61B4A3}"
EndProject
Project("{9A19103F-16F7-4668-BE54-9A1E7A4F7556}") = "R5T.L0039.F000", "..\..\R5T.L0039\source\R5T.L0039.F000\R5T.L0039.F000.csproj", "{495F390E-BAE1-4030-9EEC-7E8D6E249613}"
EndProject
Project("{9A19103F-16F7-4668-BE54-9A1E7A4F7556}") = "R5T.L0039.T000", "..\..\R5T.L0039\source\R5T.L0039.T000\R5T.L0039.T000.csproj", "{D14BE024-22A3-4C83-993A-5A156B38C31E}"
EndProject
Project("{9A19103F-16F7-4668-BE54-9A1E7A4F7556}") = "R5T.L0039", "..\..\R5T.L0039\source\R5T.L0039\R5T.L0039.csproj", "{DD9EED19-09AB-413F-8B75-71977E75A235}"
EndProject
Project("{9A19103F-16F7-4668-BE54-9A1E7A4F7556}") = "R5T.Z0044.Z001", "..\..\R5T.Z0044\source\R5T.Z0044.Z001\R5T.Z0044.Z001.csproj", "{2CE285C3-DDE0-43F9-A6FF-CCBC5A2C4AA7}"
EndProject
Project("{9A19103F-16F7-4668-BE54-9A1E7A4F7556}") = "R5T.F0130", "..\..\R5T.F0130\source\R5T.F0130\R5T.F0130.csproj", "{2223710C-C580-45E3-B7B7-A7206252B89D}"
EndProject
Project("{9A19103F-16F7-4668-BE54-9A1E7A4F7556}") = "R5T.L0039.O000", "..\..\R5T.L0039\source\R5T.L0039.O000\R5T.L0039.O000.csproj", "{BE3870CA-843A-4FE1-8931-E9507E905C76}"
EndProject
Project("{9A19103F-16F7-4668-BE54-9A1E7A4F7556}") = "R5T.L0040.T000", "..\..\R5T.L0040\source\R5T.L0040.T000\R5T.L0040.T000.csproj", "{1CC4D1C2-DDCF-42E9-A6EE-56FBEB7772FF}"
EndProject
Project("{9A19103F-16F7-4668-BE54-9A1E7A4F7556}") = "R5T.L0033.T000", "..\..\R5T.L0033\source\R5T.L0033.T000\R5T.L0033.T000.csproj", "{950CED1C-6B94-497D-97F0-C1C0822244B8}"
EndProject
Project("{9A19103F-16F7-4668-BE54-9A1E7A4F7556}") = "R5T.L0040", "..\..\R5T.L0040\source\R5T.L0040\R5T.L0040.csproj", "{80DCC226-00C2-4074-AA57-E77156114592}"
EndProject
Project("{9A19103F-16F7-4668-BE54-9A1E7A4F7556}") = "R5T.T0195", "..\..\R5T.T0195\source\R5T.T0195\R5T.T0195.csproj", "{5B99D3AB-9524-43FE-A630-2521A3E761C7}"
EndProject
Project("{9A19103F-16F7-4668-BE54-9A1E7A4F7556}") = "R5T.Z0045", "..\..\R5T.Z0045\source\R5T.Z0045\R5T.Z0045.csproj", "{CA845E39-6B70-41D7-8D74-96A41E89B8ED}"
EndProject
Project("{9A19103F-16F7-4668-BE54-9A1E7A4F7556}") = "R5T.L0039.O001", "..\..\R5T.L0039\source\R5T.L0039.O001\R5T.L0039.O001.csproj", "{8D75B58B-F09B-4703-BD1F-28FABB86EC69}"
EndProject
Project("{9A19103F-16F7-4668-BE54-9A1E7A4F7556}") = "R5T.F0131", "..\..\R5T.F0131\source\R5T.F0131\R5T.F0131.csproj", "{6ACAA26E-1334-41B7-B15F-A90F3FE0E835}"
EndProject
Project("{9A19103F-16F7-4668-BE54-9A1E7A4F7556}") = "R5T.F0132", "..\..\R5T.F0132\source\R5T.F0132\R5T.F0132.csproj", "{9A38E618-2E9D-4443-AF8E-A5DDB018B8AD}"
EndProject
Project("{9A19103F-16F7-4668-BE54-9A1E7A4F7556}") = "R5T.L0041", "..\..\R5T.L0041\source\R5T.L0041\R5T.L0041.csproj", "{E62A1646-2694-42FD-A171-4B221F703AEE}"
EndProject
Project("{9A19103F-16F7-4668-BE54-9A1E7A4F7556}") = "R5T.L0042.O001", "..\..\R5T.L0042\source\R5T.L0042.O001\R5T.L0042.O001.csproj", "{6FFE84A0-0635-486F-A01C-A32324D4160B}"
EndProject
Project("{9A19103F-16F7-4668-BE54-9A1E7A4F7556}") = "R5T.L0042.T000", "..\..\R5T.L0042\source\R5T.L0042.T000\R5T.L0042.T000.csproj", "{9E0684BB-DC2B-413A-BBA0-9D2F2F81FCEF}"
EndProject
Project("{9A19103F-16F7-4668-BE54-9A1E7A4F7556}") = "R5T.L0042", "..\..\R5T.L0042\source\R5T.L0042\R5T.L0042.csproj", "{28CC8069-D30C-46B5-B802-4EDAB61CD505}"
EndProject
Project("{9A19103F-16F7-4668-BE54-9A1E7A4F7556}") = "R5T.L0042.F000", "..\..\R5T.L0042\source\R5T.L0042.F000\R5T.L0042.F000.csproj", "{F031086E-D72A-4BBD-9E6D-A561EB058ADC}"
EndProject
Project("{9A19103F-16F7-4668-BE54-9A1E7A4F7556}") = "R5T.L0036.T000", "..\..\R5T.L0036\source\R5T.L0036.T000\R5T.L0036.T000.csproj", "{DE438452-200B-4731-B584-4333DCF5462C}"
EndProject
Project("{9A19103F-16F7-4668-BE54-9A1E7A4F7556}") = "R5T.L0047.T000", "..\..\R5T.L0047\source\R5T.L0047.T000\R5T.L0047.T000.csproj", "{0E4D20A3-5F30-4BEE-A2B8-5E3FE3BEBA63}"
EndProject
Project("{9A19103F-16F7-4668-BE54-9A1E7A4F7556}") = "R5T.T0198", "..\..\R5T.T0198\source\R5T.T0198\R5T.T0198.csproj", "{7D186023-E80E-4E1A-A583-EF91DF55BA95}"
EndProject
Project("{9A19103F-16F7-4668-BE54-9A1E7A4F7556}") = "R5T.T0200", "..\..\R5T.T0200\source\R5T.T0200\R5T.T0200.csproj", "{DBA880E2-E2C3-42D7-88D5-AB2B14E55FCF}"
EndProject
Project("{9A19103F-16F7-4668-BE54-9A1E7A4F7556}") = "R5T.L0047.F000", "..\..\R5T.L0047\source\R5T.L0047.F000\R5T.L0047.F000.csproj", "{7A8B58FB-A809-4801-B355-7610F8B5F4B4}"
EndProject
Project("{9A19103F-16F7-4668-BE54-9A1E7A4F7556}") = "R5T.L0047.O001", "..\..\R5T.L0047\source\R5T.L0047.O001\R5T.L0047.O001.csproj", "{D541468F-9882-486F-AF9F-25EE5DC284D4}"
EndProject
Project("{9A19103F-16F7-4668-BE54-9A1E7A4F7556}") = "R5T.T0202", "..\..\R5T.T0202\source\R5T.T0202\R5T.T0202.csproj", "{E22E525E-414A-4498-9A48-922DB7E13F8F}"
EndProject
Project("{9A19103F-16F7-4668-BE54-9A1E7A4F7556}") = "R5T.T0203", "..\..\R5T.T0203\source\R5T.T0203\R5T.T0203.csproj", "{8F2EF293-54B0-48FF-977C-5B20CF0F9E7C}"
EndProject
Project("{9A19103F-16F7-4668-BE54-9A1E7A4F7556}") = "R5T.T0205", "..\..\R5T.T0205\source\R5T.T0205\R5T.T0205.csproj", "{D00D5608-4675-4603-9153-8091928BAE38}"
EndProject
Project("{9A19103F-16F7-4668-BE54-9A1E7A4F7556}") = "R5T.T0206", "..\..\R5T.T0206\source\R5T.T0206\R5T.T0206.csproj", "{C757E5B0-2CCD-4969-9B73-8B51172F9252}"
EndProject
Project("{9A19103F-16F7-4668-BE54-9A1E7A4F7556}") = "R5T.Z0048", "..\..\R5T.Z0048\source\R5T.Z0048\R5T.Z0048.csproj", "{B23E1B4B-CCCE-4E60-AD2B-00B354884182}"
EndProject
Project("{9A19103F-16F7-4668-BE54-9A1E7A4F7556}") = "R5T.Z0050", "..\..\R5T.Z0050\source\R5T.Z0050\R5T.Z0050.csproj", "{12BD0E1B-CE8B-4DA0-95EF-C1242996F4E7}"
EndProject
Project("{9A19103F-16F7-4668-BE54-9A1E7A4F7556}") = "R5T.Z0051", "..\..\R5T.Z0051\source\R5T.Z0051\R5T.Z0051.csproj", "{534906DF-E3AF-417C-8A13-3D47FBF77C0E}"
EndProject
Project("{9A19103F-16F7-4668-BE54-9A1E7A4F7556}") = "R5T.F0079", "..\..\R5T.F0079\source\R5T.F0079\R5T.F0079.csproj", "{AF0144C9-CF49-49F0-868B-3209319D3A93}"
EndProject
Project("{9A19103F-16F7-4668-BE54-9A1E7A4F7556}") = "R5T.F0083.R001", "..\..\R5T.F0083\source\R5T.F0083.R001\R5T.F0083.R001.csproj", "{17099624-DCF4-4C42-9DC8-44F19740BFDC}"
EndProject
Project("{9A19103F-16F7-4668-BE54-9A1E7A4F7556}") = "R5T.F0083", "..\..\R5T.F0083\source\R5T.F0083\R5T.F0083.csproj", "{B040FC1D-99FD-43AA-B10E-A8232126371A}"
EndProject
Project("{9A19103F-16F7-4668-BE54-9A1E7A4F7556}") = "R5T.F0086", "..\..\R5T.F0086\source\R5T.F0086\R5T.F0086.csproj", "{4D104643-C53B-4DA6-8909-04ED533974D0}"
EndProject
Project("{9A19103F-16F7-4668-BE54-9A1E7A4F7556}") = "R5T.L0032.F000", "..\..\R5T.L0032\source\R5T.L0032.F000\R5T.L0032.F000.csproj", "{2E104C8D-BF51-4201-BF5C-0BFBB005ED57}"
EndProject
Project("{9A19103F-16F7-4668-BE54-9A1E7A4F7556}") = "R5T.L0040.F000", "..\..\R5T.L0040\source\R5T.L0040.F000\R5T.L0040.F000.csproj", "{531F4055-7A12-47CA-AF97-E4323499EB59}"
EndProject
Project("{9A19103F-16F7-4668-BE54-9A1E7A4F7556}") = "R5T.L0040.O001", "..\..\R5T.L0040\source\R5T.L0040.O001\R5T.L0040.O001.csproj", "{733FBE74-FFEF-40F1-9FDB-EE6E6B6B37C9}"
EndProject
Project("{9A19103F-16F7-4668-BE54-9A1E7A4F7556}") = "R5T.L0040.O002", "..\..\R5T.L0040\source\R5T.L0040.O002\R5T.L0040.O002.csproj", "{2D9D78D0-1FF9-4674-995F-75083F5C52B4}"
EndProject
Project("{9A19103F-16F7-4668-BE54-9A1E7A4F7556}") = "R5T.NG0009", "..\..\R5T.NG0009\source\R5T.NG0009\R5T.NG0009.csproj", "{37DFF113-6560-4FD3-BBF3-9BFF60920C90}"
EndProject
Project("{9A19103F-16F7-4668-BE54-9A1E7A4F7556}") = "R5T.NG0022", "..\..\R5T.NG0022\source\R5T.NG0022\R5T.NG0022.csproj", "{2F083C5B-F33C-4BDD-8A5D-EDBEB142DF5E}"
EndProject
Project("{9A19103F-16F7-4668-BE54-9A1E7A4F7556}") = "R5T.O0003", "..\..\R5T.O0003\source\R5T.O0003\R5T.O0003.csproj", "{7A09FA33-293B-4E9A-BF31-3A478DDC7B79}"
EndProject
Project("{9A19103F-16F7-4668-BE54-9A1E7A4F7556}") = "R5T.O0004", "..\..\R5T.O0004\source\R5T.O0004\R5T.O0004.csproj", "{E48AD791-EEBD-4858-A288-85F403021B93}"
EndProject
Project("{9A19103F-16F7-4668-BE54-9A1E7A4F7556}") = "R5T.O0008", "..\..\R5T.O0008\source\R5T.O0008\R5T.O0008.csproj", "{6CC9613F-B392-46DF-982C-BCADE56C06FF}"
EndProject
Project("{9A19103F-16F7-4668-BE54-9A1E7A4F7556}") = "R5T.T0154", "..\..\R5T.T0154\source\R5T.T0154\R5T.T0154.csproj", "{1E005DEC-C647-406A-897F-A5BB39FDA419}"
EndProject
Project("{9A19103F-16F7-4668-BE54-9A1E7A4F7556}") = "R5T.T0208", "..\..\R5T.T0208\source\R5T.T0208\R5T.T0208.csproj", "{DE00958E-CBB2-40B6-942C-046558913156}"
EndProject
Project("{9A19103F-16F7-4668-BE54-9A1E7A4F7556}") = "R5T.T0209", "..\..\R5T.T0209\source\R5T.T0209\R5T.T0209.csproj", "{8DD61CDD-E63C-4D34-AE61-D08B4A2A254B}"
EndProject
Project("{9A19103F-16F7-4668-BE54-9A1E7A4F7556}") = "R5T.T0210", "..\..\R5T.T0210\source\R5T.T0210\R5T.T0210.csproj", "{60EC7B42-1F73-4C5E-8EEE-912737E92F34}"
EndProject
Global
	GlobalSection(NestedProjects) = preSolution
		{3B62A036-EBE7-4F8A-AC33-BB3B503E0942} = {99D5F1FD-89FC-4BF4-A354-EAB8E2FD16C0}
		{DF572EE7-F56F-4A20-88B2-DC6A9FBB4ACE} = {99D5F1FD-89FC-4BF4-A354-EAB8E2FD16C0}
		{A84B81CC-4D4F-4602-AF2D-4F7CE55AEFC2} = {99D5F1FD-89FC-4BF4-A354-EAB8E2FD16C0}
		{253E24AC-444E-4954-ADF6-0725643B36EA} = {99D5F1FD-89FC-4BF4-A354-EAB8E2FD16C0}
		{31CAA8EB-76FF-4132-88D7-A80962FDCF8E} = {99D5F1FD-89FC-4BF4-A354-EAB8E2FD16C0}
		{BA2BF648-AB1D-412C-A68C-5BA30E1DCB6C} = {99D5F1FD-89FC-4BF4-A354-EAB8E2FD16C0}
		{B248BCB2-31A7-45DB-B11F-9E126B4E59C6} = {99D5F1FD-89FC-4BF4-A354-EAB8E2FD16C0}
		{143AAE2D-83F5-438A-9195-1E10D0BB3C49} = {99D5F1FD-89FC-4BF4-A354-EAB8E2FD16C0}
		{59944AA2-9A8E-4B5E-8F03-035267DB0A80} = {99D5F1FD-89FC-4BF4-A354-EAB8E2FD16C0}
		{FB86ED21-CC3D-40F1-8F8E-DBB1991ED5AC} = {99D5F1FD-89FC-4BF4-A354-EAB8E2FD16C0}
		{AB7B2245-655D-4078-AB75-16AE5FAFC1B8} = {99D5F1FD-89FC-4BF4-A354-EAB8E2FD16C0}
		{493F1BC0-7D0E-4BD4-8477-F805C0975460} = {99D5F1FD-89FC-4BF4-A354-EAB8E2FD16C0}
		{79E2D4E2-472F-4EAF-988C-572FC2CF65FB} = {99D5F1FD-89FC-4BF4-A354-EAB8E2FD16C0}
		{A629C8F5-AA11-4F90-9C00-12BB33C7D702} = {99D5F1FD-89FC-4BF4-A354-EAB8E2FD16C0}
		{96C75D50-DDE2-43BB-89BF-6072C883403B} = {99D5F1FD-89FC-4BF4-A354-EAB8E2FD16C0}
		{7DE523E3-5D47-4C06-8CD9-B05343F6B7EF} = {99D5F1FD-89FC-4BF4-A354-EAB8E2FD16C0}
		{0793D546-0D48-4803-9510-E2727F031B76} = {99D5F1FD-89FC-4BF4-A354-EAB8E2FD16C0}
		{96AC1D9A-15A2-4FF7-933A-479E53646517} = {99D5F1FD-89FC-4BF4-A354-EAB8E2FD16C0}
		{50342224-96E8-40DA-A34D-3079C2FAD477} = {99D5F1FD-89FC-4BF4-A354-EAB8E2FD16C0}
		{1A12662B-49F8-4AB2-A54A-70AD88C38248} = {99D5F1FD-89FC-4BF4-A354-EAB8E2FD16C0}
		{7C9D1A24-94FC-4000-885E-CC49B3A5005F} = {99D5F1FD-89FC-4BF4-A354-EAB8E2FD16C0}
		{72F22353-CE2A-4BC3-BD0D-A782C1A96304} = {99D5F1FD-89FC-4BF4-A354-EAB8E2FD16C0}
		{309CD076-37DA-4D6B-8A33-C75B6BA5C583} = {99D5F1FD-89FC-4BF4-A354-EAB8E2FD16C0}
		{C3F1624A-84CA-464D-9AB0-4BA540B1CC55} = {99D5F1FD-89FC-4BF4-A354-EAB8E2FD16C0}
		{33ACA213-6D36-4686-996D-4BA2B967C4C8} = {99D5F1FD-89FC-4BF4-A354-EAB8E2FD16C0}
		{E69EC018-8073-4872-9BCD-9B14800AD312} = {99D5F1FD-89FC-4BF4-A354-EAB8E2FD16C0}
		{491D4525-F73E-4184-8317-82B18033A002} = {99D5F1FD-89FC-4BF4-A354-EAB8E2FD16C0}
		{8E2E36D1-8C2C-426D-8037-FEF76E847FF9} = {99D5F1FD-89FC-4BF4-A354-EAB8E2FD16C0}
		{8400D19F-7D4F-417D-AF92-082C05B03B64} = {99D5F1FD-89FC-4BF4-A354-EAB8E2FD16C0}
		{DD0BECAB-C1DF-44CC-A798-5E9F62195B9A} = {99D5F1FD-89FC-4BF4-A354-EAB8E2FD16C0}
		{A4BF4CF9-E418-47EB-A01A-8E92B85F5B5B} = {99D5F1FD-89FC-4BF4-A354-EAB8E2FD16C0}
		{AF0D20CA-B2FF-4814-B36A-E1229DA2F320} = {99D5F1FD-89FC-4BF4-A354-EAB8E2FD16C0}
		{D778A20F-ACE6-423C-9D25-D82180E13CCA} = {99D5F1FD-89FC-4BF4-A354-EAB8E2FD16C0}
		{8521D6FA-E103-411D-A697-C82F852EA78F} = {99D5F1FD-89FC-4BF4-A354-EAB8E2FD16C0}
		{B11ABFAE-69E5-4878-8170-161F692BE9A4} = {99D5F1FD-89FC-4BF4-A354-EAB8E2FD16C0}
		{44C077E7-CC8F-492B-8142-CD1C4152794F} = {99D5F1FD-89FC-4BF4-A354-EAB8E2FD16C0}
		{01C54D91-C5C7-454E-8F15-87022FE4D1E2} = {99D5F1FD-89FC-4BF4-A354-EAB8E2FD16C0}
		{4D3FA8C0-48B3-4AC9-9DA3-C79FF877386F} = {99D5F1FD-89FC-4BF4-A354-EAB8E2FD16C0}
		{579452A1-C141-49C8-8C31-174595FA6502} = {99D5F1FD-89FC-4BF4-A354-EAB8E2FD16C0}
		{C30F499B-9333-4BE6-B7E8-07620E71D1BD} = {99D5F1FD-89FC-4BF4-A354-EAB8E2FD16C0}
		{C98D6730-BF2A-431B-8830-0DBB293C2969} = {99D5F1FD-89FC-4BF4-A354-EAB8E2FD16C0}
		{427A482B-3E0A-4CC0-A3C1-B3BF41574F9F} = {99D5F1FD-89FC-4BF4-A354-EAB8E2FD16C0}
		{AFBE5334-DF55-44C2-AF54-04D7F81F325A} = {99D5F1FD-89FC-4BF4-A354-EAB8E2FD16C0}
		{9FFFADC3-73D7-4BC0-857F-80791CCA8055} = {99D5F1FD-89FC-4BF4-A354-EAB8E2FD16C0}
		{6DB9BE40-114E-47D7-8D08-139ECB8F9D43} = {99D5F1FD-89FC-4BF4-A354-EAB8E2FD16C0}
		{30B4CEC4-0FB4-4285-B060-659E11B36187} = {99D5F1FD-89FC-4BF4-A354-EAB8E2FD16C0}
		{BCAA6DCD-FF54-4027-BEAC-5CEDC3533AEF} = {99D5F1FD-89FC-4BF4-A354-EAB8E2FD16C0}
		{5D7A3A58-F11F-42A0-AE03-AF9F1AE3129D} = {99D5F1FD-89FC-4BF4-A354-EAB8E2FD16C0}
		{DF4B8430-6DCE-4890-8A3F-315D50831663} = {99D5F1FD-89FC-4BF4-A354-EAB8E2FD16C0}
		{1B149E21-E0D4-4253-96EB-728637721190} = {99D5F1FD-89FC-4BF4-A354-EAB8E2FD16C0}
		{A5C9FEBE-F7B4-4E6D-8C68-E43F99DA9179} = {99D5F1FD-89FC-4BF4-A354-EAB8E2FD16C0}
		{20017600-898C-41DF-805C-9041CD64A149} = {99D5F1FD-89FC-4BF4-A354-EAB8E2FD16C0}
		{4197AD97-CD2D-403B-A7B8-6CC38F575EEF} = {99D5F1FD-89FC-4BF4-A354-EAB8E2FD16C0}
		{BC4EF8B2-8135-4E1A-B21C-5317FDCA0281} = {99D5F1FD-89FC-4BF4-A354-EAB8E2FD16C0}
		{E3C121EA-525D-42B9-A429-E48C6C564D76} = {99D5F1FD-89FC-4BF4-A354-EAB8E2FD16C0}
		{EEF8B218-9AE7-491C-B5D3-32E1136CF223} = {99D5F1FD-89FC-4BF4-A354-EAB8E2FD16C0}
		{23E5DFAA-F965-4CA5-A816-DB862062AF59} = {99D5F1FD-89FC-4BF4-A354-EAB8E2FD16C0}
		{B0C626AA-5CC7-4660-B499-45B53CF3E976} = {99D5F1FD-89FC-4BF4-A354-EAB8E2FD16C0}
		{10141B6C-BA1C-4C94-B861-32BC26890E01} = {99D5F1FD-89FC-4BF4-A354-EAB8E2FD16C0}
		{B9FBE923-53BD-4E69-88EC-4599B37AB0F4} = {99D5F1FD-89FC-4BF4-A354-EAB8E2FD16C0}
		{7F059C56-7120-4BD2-A1FB-EEE646D13280} = {99D5F1FD-89FC-4BF4-A354-EAB8E2FD16C0}
		{A152D1A0-9E96-4AD6-8603-741E5F60BC7E} = {99D5F1FD-89FC-4BF4-A354-EAB8E2FD16C0}
		{281F27DA-E2D9-43FA-9713-BED689AC013D} = {99D5F1FD-89FC-4BF4-A354-EAB8E2FD16C0}
		{7F761E92-F581-4AF4-9E43-60D36E5DFF37} = {99D5F1FD-89FC-4BF4-A354-EAB8E2FD16C0}
		{B5C2220B-B3E5-4632-9433-6C5381A7B025} = {99D5F1FD-89FC-4BF4-A354-EAB8E2FD16C0}
		{8AD49A25-7254-4984-85F1-D113A6483AE1} = {99D5F1FD-89FC-4BF4-A354-EAB8E2FD16C0}
		{16CAE21A-4E4F-4F59-9F98-BBACF786C77C} = {99D5F1FD-89FC-4BF4-A354-EAB8E2FD16C0}
		{F038D333-F8F7-4BC8-A52B-9281522EF91D} = {99D5F1FD-89FC-4BF4-A354-EAB8E2FD16C0}
		{CAF493B1-DC68-4066-9190-A1D52D025DCD} = {99D5F1FD-89FC-4BF4-A354-EAB8E2FD16C0}
		{AF9AC6DA-098F-41C9-AD8E-A04028E9F439} = {99D5F1FD-89FC-4BF4-A354-EAB8E2FD16C0}
		{76FCCD76-F4CE-463E-BFB0-2F60DBDE84A7} = {99D5F1FD-89FC-4BF4-A354-EAB8E2FD16C0}
		{86FE8C37-FFAE-46C1-9CE2-6BEED9E5DB7D} = {99D5F1FD-89FC-4BF4-A354-EAB8E2FD16C0}
		{2997DCD1-E4CD-4D15-9448-2BEDD91F3006} = {99D5F1FD-89FC-4BF4-A354-EAB8E2FD16C0}
		{FC2B47A2-F102-4A2A-AE2C-CCF3143C0C3D} = {99D5F1FD-89FC-4BF4-A354-EAB8E2FD16C0}
		{4AD2532F-80EE-4B18-8ADE-5B61A91F9353} = {99D5F1FD-89FC-4BF4-A354-EAB8E2FD16C0}
		{C9710156-6D4C-4A3B-ABC9-24E139E19EE2} = {99D5F1FD-89FC-4BF4-A354-EAB8E2FD16C0}
		{27E29673-4C3D-47B8-8697-0C63F94AEC83} = {99D5F1FD-89FC-4BF4-A354-EAB8E2FD16C0}
		{E6E0C3E4-0F0E-463F-9AE7-7386A0E2F1EE} = {99D5F1FD-89FC-4BF4-A354-EAB8E2FD16C0}
		{201B6EC4-B60E-4225-A5F9-6D707BDE1C20} = {99D5F1FD-89FC-4BF4-A354-EAB8E2FD16C0}
		{F1FD5217-D005-4FFF-A1D2-02C4EE94BFF6} = {99D5F1FD-89FC-4BF4-A354-EAB8E2FD16C0}
		{F14F5DB4-D556-4F0E-A548-D9CAF8D538C1} = {99D5F1FD-89FC-4BF4-A354-EAB8E2FD16C0}
		{8EB9E912-8811-42AA-9B47-0E5EE6E838FD} = {99D5F1FD-89FC-4BF4-A354-EAB8E2FD16C0}
		{D00B979F-46B3-40E9-BB3F-9164EFE3D898} = {99D5F1FD-89FC-4BF4-A354-EAB8E2FD16C0}
		{5060B1BC-02F8-4D9B-9EBB-5451B1CD4B21} = {99D5F1FD-89FC-4BF4-A354-EAB8E2FD16C0}
		{66BE53E0-F273-4CF7-BF79-540D8EC13A0C} = {99D5F1FD-89FC-4BF4-A354-EAB8E2FD16C0}
		{EB3D7A91-3ED9-4840-9518-07E4565AE10A} = {99D5F1FD-89FC-4BF4-A354-EAB8E2FD16C0}
		{B118F6EE-A8CD-4887-88F1-31E3ACDD4F1E} = {99D5F1FD-89FC-4BF4-A354-EAB8E2FD16C0}
		{C0470567-4D81-4B3E-BF0F-745F69C12ABF} = {99D5F1FD-89FC-4BF4-A354-EAB8E2FD16C0}
		{95D57206-9056-4B53-9D46-A859414D5813} = {99D5F1FD-89FC-4BF4-A354-EAB8E2FD16C0}
		{5B07C85F-6839-437A-986A-FA679EAF6FE5} = {99D5F1FD-89FC-4BF4-A354-EAB8E2FD16C0}
		{47DCBDE8-BB69-43F8-96F6-F0C43B2777EA} = {99D5F1FD-89FC-4BF4-A354-EAB8E2FD16C0}
		{F6FCF2B0-6C73-4938-8BA6-899ADD40EE67} = {99D5F1FD-89FC-4BF4-A354-EAB8E2FD16C0}
		{B0971C78-60F8-4B15-871D-BDB2CC7917F5} = {99D5F1FD-89FC-4BF4-A354-EAB8E2FD16C0}
		{049CEBDD-C6F3-44AB-B4AF-CB292D91F4E9} = {99D5F1FD-89FC-4BF4-A354-EAB8E2FD16C0}
		{3E978C6D-37B6-45A6-A75A-9A9CAE1A990F} = {99D5F1FD-89FC-4BF4-A354-EAB8E2FD16C0}
		{7CBF9E4A-77FA-4569-ADFF-9A828E78F0E3} = {99D5F1FD-89FC-4BF4-A354-EAB8E2FD16C0}
		{66E8DCFE-C413-4B4D-BD62-CD9A6F592DC8} = {99D5F1FD-89FC-4BF4-A354-EAB8E2FD16C0}
		{73D0C7E5-A035-45D1-84E5-D7D42CB93169} = {99D5F1FD-89FC-4BF4-A354-EAB8E2FD16C0}
		{20180700-B4F9-43E7-8696-1A7A5A512079} = {99D5F1FD-89FC-4BF4-A354-EAB8E2FD16C0}
		{A093E00A-AE9E-4D0B-A3AE-4C441209077E} = {99D5F1FD-89FC-4BF4-A354-EAB8E2FD16C0}
		{16AAA4E9-3C0E-4D18-B613-4AF8419C34CC} = {99D5F1FD-89FC-4BF4-A354-EAB8E2FD16C0}
		{BB9387C5-3504-4FFA-BC82-E4BE4E975FCA} = {99D5F1FD-89FC-4BF4-A354-EAB8E2FD16C0}
		{36D97DAC-3E43-487D-83F1-9924EB6E96AE} = {99D5F1FD-89FC-4BF4-A354-EAB8E2FD16C0}
		{00D6B02E-7E71-4696-8A21-6F0106647F53} = {99D5F1FD-89FC-4BF4-A354-EAB8E2FD16C0}
		{DA73B861-3326-47A3-ABAD-FEC49399B064} = {99D5F1FD-89FC-4BF4-A354-EAB8E2FD16C0}
		{C4EB4A85-32E1-46F7-B38F-16736622E2B2} = {99D5F1FD-89FC-4BF4-A354-EAB8E2FD16C0}
		{C93E525A-D971-4FCD-8453-3D066ED198A4} = {99D5F1FD-89FC-4BF4-A354-EAB8E2FD16C0}
		{48C91ECD-6152-4558-AE76-03C88785D004} = {99D5F1FD-89FC-4BF4-A354-EAB8E2FD16C0}
		{738199CE-0611-4906-B350-2773E44F7D24} = {99D5F1FD-89FC-4BF4-A354-EAB8E2FD16C0}
		{30C584CF-7AF5-4CF4-A1A3-7622F09CE29A} = {99D5F1FD-89FC-4BF4-A354-EAB8E2FD16C0}
		{B148E0F2-FF81-4A31-8C4E-E544CF61B4A3} = {99D5F1FD-89FC-4BF4-A354-EAB8E2FD16C0}
		{495F390E-BAE1-4030-9EEC-7E8D6E249613} = {99D5F1FD-89FC-4BF4-A354-EAB8E2FD16C0}
		{D14BE024-22A3-4C83-993A-5A156B38C31E} = {99D5F1FD-89FC-4BF4-A354-EAB8E2FD16C0}
		{DD9EED19-09AB-413F-8B75-71977E75A235} = {99D5F1FD-89FC-4BF4-A354-EAB8E2FD16C0}
		{2CE285C3-DDE0-43F9-A6FF-CCBC5A2C4AA7} = {99D5F1FD-89FC-4BF4-A354-EAB8E2FD16C0}
		{2223710C-C580-45E3-B7B7-A7206252B89D} = {99D5F1FD-89FC-4BF4-A354-EAB8E2FD16C0}
		{BE3870CA-843A-4FE1-8931-E9507E905C76} = {99D5F1FD-89FC-4BF4-A354-EAB8E2FD16C0}
		{1CC4D1C2-DDCF-42E9-A6EE-56FBEB7772FF} = {99D5F1FD-89FC-4BF4-A354-EAB8E2FD16C0}
		{950CED1C-6B94-497D-97F0-C1C0822244B8} = {99D5F1FD-89FC-4BF4-A354-EAB8E2FD16C0}
		{80DCC226-00C2-4074-AA57-E77156114592} = {99D5F1FD-89FC-4BF4-A354-EAB8E2FD16C0}
		{5B99D3AB-9524-43FE-A630-2521A3E761C7} = {99D5F1FD-89FC-4BF4-A354-EAB8E2FD16C0}
		{CA845E39-6B70-41D7-8D74-96A41E89B8ED} = {99D5F1FD-89FC-4BF4-A354-EAB8E2FD16C0}
		{8D75B58B-F09B-4703-BD1F-28FABB86EC69} = {99D5F1FD-89FC-4BF4-A354-EAB8E2FD16C0}
		{6ACAA26E-1334-41B7-B15F-A90F3FE0E835} = {99D5F1FD-89FC-4BF4-A354-EAB8E2FD16C0}
		{9A38E618-2E9D-4443-AF8E-A5DDB018B8AD} = {99D5F1FD-89FC-4BF4-A354-EAB8E2FD16C0}
		{E62A1646-2694-42FD-A171-4B221F703AEE} = {99D5F1FD-89FC-4BF4-A354-EAB8E2FD16C0}
		{6FFE84A0-0635-486F-A01C-A32324D4160B} = {99D5F1FD-89FC-4BF4-A354-EAB8E2FD16C0}
		{9E0684BB-DC2B-413A-BBA0-9D2F2F81FCEF} = {99D5F1FD-89FC-4BF4-A354-EAB8E2FD16C0}
		{28CC8069-D30C-46B5-B802-4EDAB61CD505} = {99D5F1FD-89FC-4BF4-A354-EAB8E2FD16C0}
		{F031086E-D72A-4BBD-9E6D-A561EB058ADC} = {99D5F1FD-89FC-4BF4-A354-EAB8E2FD16C0}
		{DE438452-200B-4731-B584-4333DCF5462C} = {99D5F1FD-89FC-4BF4-A354-EAB8E2FD16C0}
		{0E4D20A3-5F30-4BEE-A2B8-5E3FE3BEBA63} = {99D5F1FD-89FC-4BF4-A354-EAB8E2FD16C0}
		{7D186023-E80E-4E1A-A583-EF91DF55BA95} = {99D5F1FD-89FC-4BF4-A354-EAB8E2FD16C0}
		{DBA880E2-E2C3-42D7-88D5-AB2B14E55FCF} = {99D5F1FD-89FC-4BF4-A354-EAB8E2FD16C0}
		{7A8B58FB-A809-4801-B355-7610F8B5F4B4} = {99D5F1FD-89FC-4BF4-A354-EAB8E2FD16C0}
		{D541468F-9882-486F-AF9F-25EE5DC284D4} = {99D5F1FD-89FC-4BF4-A354-EAB8E2FD16C0}
		{E22E525E-414A-4498-9A48-922DB7E13F8F} = {99D5F1FD-89FC-4BF4-A354-EAB8E2FD16C0}
		{8F2EF293-54B0-48FF-977C-5B20CF0F9E7C} = {99D5F1FD-89FC-4BF4-A354-EAB8E2FD16C0}
		{D00D5608-4675-4603-9153-8091928BAE38} = {99D5F1FD-89FC-4BF4-A354-EAB8E2FD16C0}
		{C757E5B0-2CCD-4969-9B73-8B51172F9252} = {99D5F1FD-89FC-4BF4-A354-EAB8E2FD16C0}
		{B23E1B4B-CCCE-4E60-AD2B-00B354884182} = {99D5F1FD-89FC-4BF4-A354-EAB8E2FD16C0}
		{12BD0E1B-CE8B-4DA0-95EF-C1242996F4E7} = {99D5F1FD-89FC-4BF4-A354-EAB8E2FD16C0}
		{534906DF-E3AF-417C-8A13-3D47FBF77C0E} = {99D5F1FD-89FC-4BF4-A354-EAB8E2FD16C0}
		{AF0144C9-CF49-49F0-868B-3209319D3A93} = {99D5F1FD-89FC-4BF4-A354-EAB8E2FD16C0}
		{17099624-DCF4-4C42-9DC8-44F19740BFDC} = {99D5F1FD-89FC-4BF4-A354-EAB8E2FD16C0}
		{B040FC1D-99FD-43AA-B10E-A8232126371A} = {99D5F1FD-89FC-4BF4-A354-EAB8E2FD16C0}
		{4D104643-C53B-4DA6-8909-04ED533974D0} = {99D5F1FD-89FC-4BF4-A354-EAB8E2FD16C0}
		{2E104C8D-BF51-4201-BF5C-0BFBB005ED57} = {99D5F1FD-89FC-4BF4-A354-EAB8E2FD16C0}
		{531F4055-7A12-47CA-AF97-E4323499EB59} = {99D5F1FD-89FC-4BF4-A354-EAB8E2FD16C0}
		{733FBE74-FFEF-40F1-9FDB-EE6E6B6B37C9} = {99D5F1FD-89FC-4BF4-A354-EAB8E2FD16C0}
		{2D9D78D0-1FF9-4674-995F-75083F5C52B4} = {99D5F1FD-89FC-4BF4-A354-EAB8E2FD16C0}
		{37DFF113-6560-4FD3-BBF3-9BFF60920C90} = {99D5F1FD-89FC-4BF4-A354-EAB8E2FD16C0}
		{2F083C5B-F33C-4BDD-8A5D-EDBEB142DF5E} = {99D5F1FD-89FC-4BF4-A354-EAB8E2FD16C0}
		{7A09FA33-293B-4E9A-BF31-3A478DDC7B79} = {99D5F1FD-89FC-4BF4-A354-EAB8E2FD16C0}
		{E48AD791-EEBD-4858-A288-85F403021B93} = {99D5F1FD-89FC-4BF4-A354-EAB8E2FD16C0}
		{6CC9613F-B392-46DF-982C-BCADE56C06FF} = {99D5F1FD-89FC-4BF4-A354-EAB8E2FD16C0}
		{1E005DEC-C647-406A-897F-A5BB39FDA419} = {99D5F1FD-89FC-4BF4-A354-EAB8E2FD16C0}
		{DE00958E-CBB2-40B6-942C-046558913156} = {99D5F1FD-89FC-4BF4-A354-EAB8E2FD16C0}
		{8DD61CDD-E63C-4D34-AE61-D08B4A2A254B} = {99D5F1FD-89FC-4BF4-A354-EAB8E2FD16C0}
		{60EC7B42-1F73-4C5E-8EEE-912737E92F34} = {99D5F1FD-89FC-4BF4-A354-EAB8E2FD16C0}
	EndGlobalSection
	GlobalSection(SolutionConfigurationPlatforms) = preSolution
		Debug|Any CPU = Debug|Any CPU
		Release|Any CPU = Release|Any CPU
	EndGlobalSection
	GlobalSection(ProjectConfigurationPlatforms) = postSolution
		{801BE599-5B5B-4F87-92E8-14182A5CC0C2}.Debug|Any CPU.ActiveCfg = Debug|Any CPU
		{801BE599-5B5B-4F87-92E8-14182A5CC0C2}.Debug|Any CPU.Build.0 = Debug|Any CPU
		{801BE599-5B5B-4F87-92E8-14182A5CC0C2}.Release|Any CPU.ActiveCfg = Release|Any CPU
		{801BE599-5B5B-4F87-92E8-14182A5CC0C2}.Release|Any CPU.Build.0 = Release|Any CPU
		{599AEA53-2716-4998-8784-E1A868426111}.Debug|Any CPU.ActiveCfg = Debug|Any CPU
		{599AEA53-2716-4998-8784-E1A868426111}.Debug|Any CPU.Build.0 = Debug|Any CPU
		{599AEA53-2716-4998-8784-E1A868426111}.Release|Any CPU.ActiveCfg = Release|Any CPU
		{599AEA53-2716-4998-8784-E1A868426111}.Release|Any CPU.Build.0 = Release|Any CPU
		{3B62A036-EBE7-4F8A-AC33-BB3B503E0942}.Debug|Any CPU.ActiveCfg = Debug|Any CPU
		{3B62A036-EBE7-4F8A-AC33-BB3B503E0942}.Debug|Any CPU.Build.0 = Debug|Any CPU
		{3B62A036-EBE7-4F8A-AC33-BB3B503E0942}.Release|Any CPU.ActiveCfg = Release|Any CPU
		{3B62A036-EBE7-4F8A-AC33-BB3B503E0942}.Release|Any CPU.Build.0 = Release|Any CPU
		{DF572EE7-F56F-4A20-88B2-DC6A9FBB4ACE}.Debug|Any CPU.ActiveCfg = Debug|Any CPU
		{DF572EE7-F56F-4A20-88B2-DC6A9FBB4ACE}.Debug|Any CPU.Build.0 = Debug|Any CPU
		{DF572EE7-F56F-4A20-88B2-DC6A9FBB4ACE}.Release|Any CPU.ActiveCfg = Release|Any CPU
		{DF572EE7-F56F-4A20-88B2-DC6A9FBB4ACE}.Release|Any CPU.Build.0 = Release|Any CPU
		{A84B81CC-4D4F-4602-AF2D-4F7CE55AEFC2}.Debug|Any CPU.ActiveCfg = Debug|Any CPU
		{A84B81CC-4D4F-4602-AF2D-4F7CE55AEFC2}.Debug|Any CPU.Build.0 = Debug|Any CPU
		{A84B81CC-4D4F-4602-AF2D-4F7CE55AEFC2}.Release|Any CPU.ActiveCfg = Release|Any CPU
		{A84B81CC-4D4F-4602-AF2D-4F7CE55AEFC2}.Release|Any CPU.Build.0 = Release|Any CPU
		{253E24AC-444E-4954-ADF6-0725643B36EA}.Debug|Any CPU.ActiveCfg = Debug|Any CPU
		{253E24AC-444E-4954-ADF6-0725643B36EA}.Debug|Any CPU.Build.0 = Debug|Any CPU
		{253E24AC-444E-4954-ADF6-0725643B36EA}.Release|Any CPU.ActiveCfg = Release|Any CPU
		{253E24AC-444E-4954-ADF6-0725643B36EA}.Release|Any CPU.Build.0 = Release|Any CPU
		{31CAA8EB-76FF-4132-88D7-A80962FDCF8E}.Debug|Any CPU.ActiveCfg = Debug|Any CPU
		{31CAA8EB-76FF-4132-88D7-A80962FDCF8E}.Debug|Any CPU.Build.0 = Debug|Any CPU
		{31CAA8EB-76FF-4132-88D7-A80962FDCF8E}.Release|Any CPU.ActiveCfg = Release|Any CPU
		{31CAA8EB-76FF-4132-88D7-A80962FDCF8E}.Release|Any CPU.Build.0 = Release|Any CPU
		{BA2BF648-AB1D-412C-A68C-5BA30E1DCB6C}.Debug|Any CPU.ActiveCfg = Debug|Any CPU
		{BA2BF648-AB1D-412C-A68C-5BA30E1DCB6C}.Debug|Any CPU.Build.0 = Debug|Any CPU
		{BA2BF648-AB1D-412C-A68C-5BA30E1DCB6C}.Release|Any CPU.ActiveCfg = Release|Any CPU
		{BA2BF648-AB1D-412C-A68C-5BA30E1DCB6C}.Release|Any CPU.Build.0 = Release|Any CPU
		{B248BCB2-31A7-45DB-B11F-9E126B4E59C6}.Debug|Any CPU.ActiveCfg = Debug|Any CPU
		{B248BCB2-31A7-45DB-B11F-9E126B4E59C6}.Debug|Any CPU.Build.0 = Debug|Any CPU
		{B248BCB2-31A7-45DB-B11F-9E126B4E59C6}.Release|Any CPU.ActiveCfg = Release|Any CPU
		{B248BCB2-31A7-45DB-B11F-9E126B4E59C6}.Release|Any CPU.Build.0 = Release|Any CPU
		{143AAE2D-83F5-438A-9195-1E10D0BB3C49}.Debug|Any CPU.ActiveCfg = Debug|Any CPU
		{143AAE2D-83F5-438A-9195-1E10D0BB3C49}.Debug|Any CPU.Build.0 = Debug|Any CPU
		{143AAE2D-83F5-438A-9195-1E10D0BB3C49}.Release|Any CPU.ActiveCfg = Release|Any CPU
		{143AAE2D-83F5-438A-9195-1E10D0BB3C49}.Release|Any CPU.Build.0 = Release|Any CPU
		{59944AA2-9A8E-4B5E-8F03-035267DB0A80}.Debug|Any CPU.ActiveCfg = Debug|Any CPU
		{59944AA2-9A8E-4B5E-8F03-035267DB0A80}.Debug|Any CPU.Build.0 = Debug|Any CPU
		{59944AA2-9A8E-4B5E-8F03-035267DB0A80}.Release|Any CPU.ActiveCfg = Release|Any CPU
		{59944AA2-9A8E-4B5E-8F03-035267DB0A80}.Release|Any CPU.Build.0 = Release|Any CPU
		{FB86ED21-CC3D-40F1-8F8E-DBB1991ED5AC}.Debug|Any CPU.ActiveCfg = Debug|Any CPU
		{FB86ED21-CC3D-40F1-8F8E-DBB1991ED5AC}.Debug|Any CPU.Build.0 = Debug|Any CPU
		{FB86ED21-CC3D-40F1-8F8E-DBB1991ED5AC}.Release|Any CPU.ActiveCfg = Release|Any CPU
		{FB86ED21-CC3D-40F1-8F8E-DBB1991ED5AC}.Release|Any CPU.Build.0 = Release|Any CPU
		{AB7B2245-655D-4078-AB75-16AE5FAFC1B8}.Debug|Any CPU.ActiveCfg = Debug|Any CPU
		{AB7B2245-655D-4078-AB75-16AE5FAFC1B8}.Debug|Any CPU.Build.0 = Debug|Any CPU
		{AB7B2245-655D-4078-AB75-16AE5FAFC1B8}.Release|Any CPU.ActiveCfg = Release|Any CPU
		{AB7B2245-655D-4078-AB75-16AE5FAFC1B8}.Release|Any CPU.Build.0 = Release|Any CPU
		{493F1BC0-7D0E-4BD4-8477-F805C0975460}.Debug|Any CPU.ActiveCfg = Debug|Any CPU
		{493F1BC0-7D0E-4BD4-8477-F805C0975460}.Debug|Any CPU.Build.0 = Debug|Any CPU
		{493F1BC0-7D0E-4BD4-8477-F805C0975460}.Release|Any CPU.ActiveCfg = Release|Any CPU
		{493F1BC0-7D0E-4BD4-8477-F805C0975460}.Release|Any CPU.Build.0 = Release|Any CPU
		{79E2D4E2-472F-4EAF-988C-572FC2CF65FB}.Debug|Any CPU.ActiveCfg = Debug|Any CPU
		{79E2D4E2-472F-4EAF-988C-572FC2CF65FB}.Debug|Any CPU.Build.0 = Debug|Any CPU
		{79E2D4E2-472F-4EAF-988C-572FC2CF65FB}.Release|Any CPU.ActiveCfg = Release|Any CPU
		{79E2D4E2-472F-4EAF-988C-572FC2CF65FB}.Release|Any CPU.Build.0 = Release|Any CPU
		{A629C8F5-AA11-4F90-9C00-12BB33C7D702}.Debug|Any CPU.ActiveCfg = Debug|Any CPU
		{A629C8F5-AA11-4F90-9C00-12BB33C7D702}.Debug|Any CPU.Build.0 = Debug|Any CPU
		{A629C8F5-AA11-4F90-9C00-12BB33C7D702}.Release|Any CPU.ActiveCfg = Release|Any CPU
		{A629C8F5-AA11-4F90-9C00-12BB33C7D702}.Release|Any CPU.Build.0 = Release|Any CPU
		{96C75D50-DDE2-43BB-89BF-6072C883403B}.Debug|Any CPU.ActiveCfg = Debug|Any CPU
		{96C75D50-DDE2-43BB-89BF-6072C883403B}.Debug|Any CPU.Build.0 = Debug|Any CPU
		{96C75D50-DDE2-43BB-89BF-6072C883403B}.Release|Any CPU.ActiveCfg = Release|Any CPU
		{96C75D50-DDE2-43BB-89BF-6072C883403B}.Release|Any CPU.Build.0 = Release|Any CPU
		{7DE523E3-5D47-4C06-8CD9-B05343F6B7EF}.Debug|Any CPU.ActiveCfg = Debug|Any CPU
		{7DE523E3-5D47-4C06-8CD9-B05343F6B7EF}.Debug|Any CPU.Build.0 = Debug|Any CPU
		{7DE523E3-5D47-4C06-8CD9-B05343F6B7EF}.Release|Any CPU.ActiveCfg = Release|Any CPU
		{7DE523E3-5D47-4C06-8CD9-B05343F6B7EF}.Release|Any CPU.Build.0 = Release|Any CPU
		{0793D546-0D48-4803-9510-E2727F031B76}.Debug|Any CPU.ActiveCfg = Debug|Any CPU
		{0793D546-0D48-4803-9510-E2727F031B76}.Debug|Any CPU.Build.0 = Debug|Any CPU
		{0793D546-0D48-4803-9510-E2727F031B76}.Release|Any CPU.ActiveCfg = Release|Any CPU
		{0793D546-0D48-4803-9510-E2727F031B76}.Release|Any CPU.Build.0 = Release|Any CPU
		{96AC1D9A-15A2-4FF7-933A-479E53646517}.Debug|Any CPU.ActiveCfg = Debug|Any CPU
		{96AC1D9A-15A2-4FF7-933A-479E53646517}.Debug|Any CPU.Build.0 = Debug|Any CPU
		{96AC1D9A-15A2-4FF7-933A-479E53646517}.Release|Any CPU.ActiveCfg = Release|Any CPU
		{96AC1D9A-15A2-4FF7-933A-479E53646517}.Release|Any CPU.Build.0 = Release|Any CPU
		{50342224-96E8-40DA-A34D-3079C2FAD477}.Debug|Any CPU.ActiveCfg = Debug|Any CPU
		{50342224-96E8-40DA-A34D-3079C2FAD477}.Debug|Any CPU.Build.0 = Debug|Any CPU
		{50342224-96E8-40DA-A34D-3079C2FAD477}.Release|Any CPU.ActiveCfg = Release|Any CPU
		{50342224-96E8-40DA-A34D-3079C2FAD477}.Release|Any CPU.Build.0 = Release|Any CPU
		{1A12662B-49F8-4AB2-A54A-70AD88C38248}.Debug|Any CPU.ActiveCfg = Debug|Any CPU
		{1A12662B-49F8-4AB2-A54A-70AD88C38248}.Debug|Any CPU.Build.0 = Debug|Any CPU
		{1A12662B-49F8-4AB2-A54A-70AD88C38248}.Release|Any CPU.ActiveCfg = Release|Any CPU
		{1A12662B-49F8-4AB2-A54A-70AD88C38248}.Release|Any CPU.Build.0 = Release|Any CPU
		{7C9D1A24-94FC-4000-885E-CC49B3A5005F}.Debug|Any CPU.ActiveCfg = Debug|Any CPU
		{7C9D1A24-94FC-4000-885E-CC49B3A5005F}.Debug|Any CPU.Build.0 = Debug|Any CPU
		{7C9D1A24-94FC-4000-885E-CC49B3A5005F}.Release|Any CPU.ActiveCfg = Release|Any CPU
		{7C9D1A24-94FC-4000-885E-CC49B3A5005F}.Release|Any CPU.Build.0 = Release|Any CPU
		{72F22353-CE2A-4BC3-BD0D-A782C1A96304}.Debug|Any CPU.ActiveCfg = Debug|Any CPU
		{72F22353-CE2A-4BC3-BD0D-A782C1A96304}.Debug|Any CPU.Build.0 = Debug|Any CPU
		{72F22353-CE2A-4BC3-BD0D-A782C1A96304}.Release|Any CPU.ActiveCfg = Release|Any CPU
		{72F22353-CE2A-4BC3-BD0D-A782C1A96304}.Release|Any CPU.Build.0 = Release|Any CPU
		{309CD076-37DA-4D6B-8A33-C75B6BA5C583}.Debug|Any CPU.ActiveCfg = Debug|Any CPU
		{309CD076-37DA-4D6B-8A33-C75B6BA5C583}.Debug|Any CPU.Build.0 = Debug|Any CPU
		{309CD076-37DA-4D6B-8A33-C75B6BA5C583}.Release|Any CPU.ActiveCfg = Release|Any CPU
		{309CD076-37DA-4D6B-8A33-C75B6BA5C583}.Release|Any CPU.Build.0 = Release|Any CPU
		{C3F1624A-84CA-464D-9AB0-4BA540B1CC55}.Debug|Any CPU.ActiveCfg = Debug|Any CPU
		{C3F1624A-84CA-464D-9AB0-4BA540B1CC55}.Debug|Any CPU.Build.0 = Debug|Any CPU
		{C3F1624A-84CA-464D-9AB0-4BA540B1CC55}.Release|Any CPU.ActiveCfg = Release|Any CPU
		{C3F1624A-84CA-464D-9AB0-4BA540B1CC55}.Release|Any CPU.Build.0 = Release|Any CPU
		{33ACA213-6D36-4686-996D-4BA2B967C4C8}.Debug|Any CPU.ActiveCfg = Debug|Any CPU
		{33ACA213-6D36-4686-996D-4BA2B967C4C8}.Debug|Any CPU.Build.0 = Debug|Any CPU
		{33ACA213-6D36-4686-996D-4BA2B967C4C8}.Release|Any CPU.ActiveCfg = Release|Any CPU
		{33ACA213-6D36-4686-996D-4BA2B967C4C8}.Release|Any CPU.Build.0 = Release|Any CPU
		{E69EC018-8073-4872-9BCD-9B14800AD312}.Debug|Any CPU.ActiveCfg = Debug|Any CPU
		{E69EC018-8073-4872-9BCD-9B14800AD312}.Debug|Any CPU.Build.0 = Debug|Any CPU
		{E69EC018-8073-4872-9BCD-9B14800AD312}.Release|Any CPU.ActiveCfg = Release|Any CPU
		{E69EC018-8073-4872-9BCD-9B14800AD312}.Release|Any CPU.Build.0 = Release|Any CPU
		{491D4525-F73E-4184-8317-82B18033A002}.Debug|Any CPU.ActiveCfg = Debug|Any CPU
		{491D4525-F73E-4184-8317-82B18033A002}.Debug|Any CPU.Build.0 = Debug|Any CPU
		{491D4525-F73E-4184-8317-82B18033A002}.Release|Any CPU.ActiveCfg = Release|Any CPU
		{491D4525-F73E-4184-8317-82B18033A002}.Release|Any CPU.Build.0 = Release|Any CPU
		{8E2E36D1-8C2C-426D-8037-FEF76E847FF9}.Debug|Any CPU.ActiveCfg = Debug|Any CPU
		{8E2E36D1-8C2C-426D-8037-FEF76E847FF9}.Debug|Any CPU.Build.0 = Debug|Any CPU
		{8E2E36D1-8C2C-426D-8037-FEF76E847FF9}.Release|Any CPU.ActiveCfg = Release|Any CPU
		{8E2E36D1-8C2C-426D-8037-FEF76E847FF9}.Release|Any CPU.Build.0 = Release|Any CPU
		{8400D19F-7D4F-417D-AF92-082C05B03B64}.Debug|Any CPU.ActiveCfg = Debug|Any CPU
		{8400D19F-7D4F-417D-AF92-082C05B03B64}.Debug|Any CPU.Build.0 = Debug|Any CPU
		{8400D19F-7D4F-417D-AF92-082C05B03B64}.Release|Any CPU.ActiveCfg = Release|Any CPU
		{8400D19F-7D4F-417D-AF92-082C05B03B64}.Release|Any CPU.Build.0 = Release|Any CPU
		{DD0BECAB-C1DF-44CC-A798-5E9F62195B9A}.Debug|Any CPU.ActiveCfg = Debug|Any CPU
		{DD0BECAB-C1DF-44CC-A798-5E9F62195B9A}.Debug|Any CPU.Build.0 = Debug|Any CPU
		{DD0BECAB-C1DF-44CC-A798-5E9F62195B9A}.Release|Any CPU.ActiveCfg = Release|Any CPU
		{DD0BECAB-C1DF-44CC-A798-5E9F62195B9A}.Release|Any CPU.Build.0 = Release|Any CPU
		{A4BF4CF9-E418-47EB-A01A-8E92B85F5B5B}.Debug|Any CPU.ActiveCfg = Debug|Any CPU
		{A4BF4CF9-E418-47EB-A01A-8E92B85F5B5B}.Debug|Any CPU.Build.0 = Debug|Any CPU
		{A4BF4CF9-E418-47EB-A01A-8E92B85F5B5B}.Release|Any CPU.ActiveCfg = Release|Any CPU
		{A4BF4CF9-E418-47EB-A01A-8E92B85F5B5B}.Release|Any CPU.Build.0 = Release|Any CPU
		{AF0D20CA-B2FF-4814-B36A-E1229DA2F320}.Debug|Any CPU.ActiveCfg = Debug|Any CPU
		{AF0D20CA-B2FF-4814-B36A-E1229DA2F320}.Debug|Any CPU.Build.0 = Debug|Any CPU
		{AF0D20CA-B2FF-4814-B36A-E1229DA2F320}.Release|Any CPU.ActiveCfg = Release|Any CPU
		{AF0D20CA-B2FF-4814-B36A-E1229DA2F320}.Release|Any CPU.Build.0 = Release|Any CPU
		{D778A20F-ACE6-423C-9D25-D82180E13CCA}.Debug|Any CPU.ActiveCfg = Debug|Any CPU
		{D778A20F-ACE6-423C-9D25-D82180E13CCA}.Debug|Any CPU.Build.0 = Debug|Any CPU
		{D778A20F-ACE6-423C-9D25-D82180E13CCA}.Release|Any CPU.ActiveCfg = Release|Any CPU
		{D778A20F-ACE6-423C-9D25-D82180E13CCA}.Release|Any CPU.Build.0 = Release|Any CPU
		{8521D6FA-E103-411D-A697-C82F852EA78F}.Debug|Any CPU.ActiveCfg = Debug|Any CPU
		{8521D6FA-E103-411D-A697-C82F852EA78F}.Debug|Any CPU.Build.0 = Debug|Any CPU
		{8521D6FA-E103-411D-A697-C82F852EA78F}.Release|Any CPU.ActiveCfg = Release|Any CPU
		{8521D6FA-E103-411D-A697-C82F852EA78F}.Release|Any CPU.Build.0 = Release|Any CPU
		{B11ABFAE-69E5-4878-8170-161F692BE9A4}.Debug|Any CPU.ActiveCfg = Debug|Any CPU
		{B11ABFAE-69E5-4878-8170-161F692BE9A4}.Debug|Any CPU.Build.0 = Debug|Any CPU
		{B11ABFAE-69E5-4878-8170-161F692BE9A4}.Release|Any CPU.ActiveCfg = Release|Any CPU
		{B11ABFAE-69E5-4878-8170-161F692BE9A4}.Release|Any CPU.Build.0 = Release|Any CPU
		{44C077E7-CC8F-492B-8142-CD1C4152794F}.Debug|Any CPU.ActiveCfg = Debug|Any CPU
		{44C077E7-CC8F-492B-8142-CD1C4152794F}.Debug|Any CPU.Build.0 = Debug|Any CPU
		{44C077E7-CC8F-492B-8142-CD1C4152794F}.Release|Any CPU.ActiveCfg = Release|Any CPU
		{44C077E7-CC8F-492B-8142-CD1C4152794F}.Release|Any CPU.Build.0 = Release|Any CPU
		{01C54D91-C5C7-454E-8F15-87022FE4D1E2}.Debug|Any CPU.ActiveCfg = Debug|Any CPU
		{01C54D91-C5C7-454E-8F15-87022FE4D1E2}.Debug|Any CPU.Build.0 = Debug|Any CPU
		{01C54D91-C5C7-454E-8F15-87022FE4D1E2}.Release|Any CPU.ActiveCfg = Release|Any CPU
		{01C54D91-C5C7-454E-8F15-87022FE4D1E2}.Release|Any CPU.Build.0 = Release|Any CPU
		{4D3FA8C0-48B3-4AC9-9DA3-C79FF877386F}.Debug|Any CPU.ActiveCfg = Debug|Any CPU
		{4D3FA8C0-48B3-4AC9-9DA3-C79FF877386F}.Debug|Any CPU.Build.0 = Debug|Any CPU
		{4D3FA8C0-48B3-4AC9-9DA3-C79FF877386F}.Release|Any CPU.ActiveCfg = Release|Any CPU
		{4D3FA8C0-48B3-4AC9-9DA3-C79FF877386F}.Release|Any CPU.Build.0 = Release|Any CPU
		{579452A1-C141-49C8-8C31-174595FA6502}.Debug|Any CPU.ActiveCfg = Debug|Any CPU
		{579452A1-C141-49C8-8C31-174595FA6502}.Debug|Any CPU.Build.0 = Debug|Any CPU
		{579452A1-C141-49C8-8C31-174595FA6502}.Release|Any CPU.ActiveCfg = Release|Any CPU
		{579452A1-C141-49C8-8C31-174595FA6502}.Release|Any CPU.Build.0 = Release|Any CPU
		{C30F499B-9333-4BE6-B7E8-07620E71D1BD}.Debug|Any CPU.ActiveCfg = Debug|Any CPU
		{C30F499B-9333-4BE6-B7E8-07620E71D1BD}.Debug|Any CPU.Build.0 = Debug|Any CPU
		{C30F499B-9333-4BE6-B7E8-07620E71D1BD}.Release|Any CPU.ActiveCfg = Release|Any CPU
		{C30F499B-9333-4BE6-B7E8-07620E71D1BD}.Release|Any CPU.Build.0 = Release|Any CPU
		{C98D6730-BF2A-431B-8830-0DBB293C2969}.Debug|Any CPU.ActiveCfg = Debug|Any CPU
		{C98D6730-BF2A-431B-8830-0DBB293C2969}.Debug|Any CPU.Build.0 = Debug|Any CPU
		{C98D6730-BF2A-431B-8830-0DBB293C2969}.Release|Any CPU.ActiveCfg = Release|Any CPU
		{C98D6730-BF2A-431B-8830-0DBB293C2969}.Release|Any CPU.Build.0 = Release|Any CPU
		{427A482B-3E0A-4CC0-A3C1-B3BF41574F9F}.Debug|Any CPU.ActiveCfg = Debug|Any CPU
		{427A482B-3E0A-4CC0-A3C1-B3BF41574F9F}.Debug|Any CPU.Build.0 = Debug|Any CPU
		{427A482B-3E0A-4CC0-A3C1-B3BF41574F9F}.Release|Any CPU.ActiveCfg = Release|Any CPU
		{427A482B-3E0A-4CC0-A3C1-B3BF41574F9F}.Release|Any CPU.Build.0 = Release|Any CPU
		{AFBE5334-DF55-44C2-AF54-04D7F81F325A}.Debug|Any CPU.ActiveCfg = Debug|Any CPU
		{AFBE5334-DF55-44C2-AF54-04D7F81F325A}.Debug|Any CPU.Build.0 = Debug|Any CPU
		{AFBE5334-DF55-44C2-AF54-04D7F81F325A}.Release|Any CPU.ActiveCfg = Release|Any CPU
		{AFBE5334-DF55-44C2-AF54-04D7F81F325A}.Release|Any CPU.Build.0 = Release|Any CPU
		{9FFFADC3-73D7-4BC0-857F-80791CCA8055}.Debug|Any CPU.ActiveCfg = Debug|Any CPU
		{9FFFADC3-73D7-4BC0-857F-80791CCA8055}.Debug|Any CPU.Build.0 = Debug|Any CPU
		{9FFFADC3-73D7-4BC0-857F-80791CCA8055}.Release|Any CPU.ActiveCfg = Release|Any CPU
		{9FFFADC3-73D7-4BC0-857F-80791CCA8055}.Release|Any CPU.Build.0 = Release|Any CPU
		{6DB9BE40-114E-47D7-8D08-139ECB8F9D43}.Debug|Any CPU.ActiveCfg = Debug|Any CPU
		{6DB9BE40-114E-47D7-8D08-139ECB8F9D43}.Debug|Any CPU.Build.0 = Debug|Any CPU
		{6DB9BE40-114E-47D7-8D08-139ECB8F9D43}.Release|Any CPU.ActiveCfg = Release|Any CPU
		{6DB9BE40-114E-47D7-8D08-139ECB8F9D43}.Release|Any CPU.Build.0 = Release|Any CPU
		{30B4CEC4-0FB4-4285-B060-659E11B36187}.Debug|Any CPU.ActiveCfg = Debug|Any CPU
		{30B4CEC4-0FB4-4285-B060-659E11B36187}.Debug|Any CPU.Build.0 = Debug|Any CPU
		{30B4CEC4-0FB4-4285-B060-659E11B36187}.Release|Any CPU.ActiveCfg = Release|Any CPU
		{30B4CEC4-0FB4-4285-B060-659E11B36187}.Release|Any CPU.Build.0 = Release|Any CPU
		{BCAA6DCD-FF54-4027-BEAC-5CEDC3533AEF}.Debug|Any CPU.ActiveCfg = Debug|Any CPU
		{BCAA6DCD-FF54-4027-BEAC-5CEDC3533AEF}.Debug|Any CPU.Build.0 = Debug|Any CPU
		{BCAA6DCD-FF54-4027-BEAC-5CEDC3533AEF}.Release|Any CPU.ActiveCfg = Release|Any CPU
		{BCAA6DCD-FF54-4027-BEAC-5CEDC3533AEF}.Release|Any CPU.Build.0 = Release|Any CPU
		{5D7A3A58-F11F-42A0-AE03-AF9F1AE3129D}.Debug|Any CPU.ActiveCfg = Debug|Any CPU
		{5D7A3A58-F11F-42A0-AE03-AF9F1AE3129D}.Debug|Any CPU.Build.0 = Debug|Any CPU
		{5D7A3A58-F11F-42A0-AE03-AF9F1AE3129D}.Release|Any CPU.ActiveCfg = Release|Any CPU
		{5D7A3A58-F11F-42A0-AE03-AF9F1AE3129D}.Release|Any CPU.Build.0 = Release|Any CPU
		{DF4B8430-6DCE-4890-8A3F-315D50831663}.Debug|Any CPU.ActiveCfg = Debug|Any CPU
		{DF4B8430-6DCE-4890-8A3F-315D50831663}.Debug|Any CPU.Build.0 = Debug|Any CPU
		{DF4B8430-6DCE-4890-8A3F-315D50831663}.Release|Any CPU.ActiveCfg = Release|Any CPU
		{DF4B8430-6DCE-4890-8A3F-315D50831663}.Release|Any CPU.Build.0 = Release|Any CPU
		{1B149E21-E0D4-4253-96EB-728637721190}.Debug|Any CPU.ActiveCfg = Debug|Any CPU
		{1B149E21-E0D4-4253-96EB-728637721190}.Debug|Any CPU.Build.0 = Debug|Any CPU
		{1B149E21-E0D4-4253-96EB-728637721190}.Release|Any CPU.ActiveCfg = Release|Any CPU
		{1B149E21-E0D4-4253-96EB-728637721190}.Release|Any CPU.Build.0 = Release|Any CPU
		{A5C9FEBE-F7B4-4E6D-8C68-E43F99DA9179}.Debug|Any CPU.ActiveCfg = Debug|Any CPU
		{A5C9FEBE-F7B4-4E6D-8C68-E43F99DA9179}.Debug|Any CPU.Build.0 = Debug|Any CPU
		{A5C9FEBE-F7B4-4E6D-8C68-E43F99DA9179}.Release|Any CPU.ActiveCfg = Release|Any CPU
		{A5C9FEBE-F7B4-4E6D-8C68-E43F99DA9179}.Release|Any CPU.Build.0 = Release|Any CPU
		{20017600-898C-41DF-805C-9041CD64A149}.Debug|Any CPU.ActiveCfg = Debug|Any CPU
		{20017600-898C-41DF-805C-9041CD64A149}.Debug|Any CPU.Build.0 = Debug|Any CPU
		{20017600-898C-41DF-805C-9041CD64A149}.Release|Any CPU.ActiveCfg = Release|Any CPU
		{20017600-898C-41DF-805C-9041CD64A149}.Release|Any CPU.Build.0 = Release|Any CPU
		{4197AD97-CD2D-403B-A7B8-6CC38F575EEF}.Debug|Any CPU.ActiveCfg = Debug|Any CPU
		{4197AD97-CD2D-403B-A7B8-6CC38F575EEF}.Debug|Any CPU.Build.0 = Debug|Any CPU
		{4197AD97-CD2D-403B-A7B8-6CC38F575EEF}.Release|Any CPU.ActiveCfg = Release|Any CPU
		{4197AD97-CD2D-403B-A7B8-6CC38F575EEF}.Release|Any CPU.Build.0 = Release|Any CPU
		{BC4EF8B2-8135-4E1A-B21C-5317FDCA0281}.Debug|Any CPU.ActiveCfg = Debug|Any CPU
		{BC4EF8B2-8135-4E1A-B21C-5317FDCA0281}.Debug|Any CPU.Build.0 = Debug|Any CPU
		{BC4EF8B2-8135-4E1A-B21C-5317FDCA0281}.Release|Any CPU.ActiveCfg = Release|Any CPU
		{BC4EF8B2-8135-4E1A-B21C-5317FDCA0281}.Release|Any CPU.Build.0 = Release|Any CPU
		{E3C121EA-525D-42B9-A429-E48C6C564D76}.Debug|Any CPU.ActiveCfg = Debug|Any CPU
		{E3C121EA-525D-42B9-A429-E48C6C564D76}.Debug|Any CPU.Build.0 = Debug|Any CPU
		{E3C121EA-525D-42B9-A429-E48C6C564D76}.Release|Any CPU.ActiveCfg = Release|Any CPU
		{E3C121EA-525D-42B9-A429-E48C6C564D76}.Release|Any CPU.Build.0 = Release|Any CPU
		{EEF8B218-9AE7-491C-B5D3-32E1136CF223}.Debug|Any CPU.ActiveCfg = Debug|Any CPU
		{EEF8B218-9AE7-491C-B5D3-32E1136CF223}.Debug|Any CPU.Build.0 = Debug|Any CPU
		{EEF8B218-9AE7-491C-B5D3-32E1136CF223}.Release|Any CPU.ActiveCfg = Release|Any CPU
		{EEF8B218-9AE7-491C-B5D3-32E1136CF223}.Release|Any CPU.Build.0 = Release|Any CPU
		{23E5DFAA-F965-4CA5-A816-DB862062AF59}.Debug|Any CPU.ActiveCfg = Debug|Any CPU
		{23E5DFAA-F965-4CA5-A816-DB862062AF59}.Debug|Any CPU.Build.0 = Debug|Any CPU
		{23E5DFAA-F965-4CA5-A816-DB862062AF59}.Release|Any CPU.ActiveCfg = Release|Any CPU
		{23E5DFAA-F965-4CA5-A816-DB862062AF59}.Release|Any CPU.Build.0 = Release|Any CPU
		{B0C626AA-5CC7-4660-B499-45B53CF3E976}.Debug|Any CPU.ActiveCfg = Debug|Any CPU
		{B0C626AA-5CC7-4660-B499-45B53CF3E976}.Debug|Any CPU.Build.0 = Debug|Any CPU
		{B0C626AA-5CC7-4660-B499-45B53CF3E976}.Release|Any CPU.ActiveCfg = Release|Any CPU
		{B0C626AA-5CC7-4660-B499-45B53CF3E976}.Release|Any CPU.Build.0 = Release|Any CPU
		{10141B6C-BA1C-4C94-B861-32BC26890E01}.Debug|Any CPU.ActiveCfg = Debug|Any CPU
		{10141B6C-BA1C-4C94-B861-32BC26890E01}.Debug|Any CPU.Build.0 = Debug|Any CPU
		{10141B6C-BA1C-4C94-B861-32BC26890E01}.Release|Any CPU.ActiveCfg = Release|Any CPU
		{10141B6C-BA1C-4C94-B861-32BC26890E01}.Release|Any CPU.Build.0 = Release|Any CPU
		{B9FBE923-53BD-4E69-88EC-4599B37AB0F4}.Debug|Any CPU.ActiveCfg = Debug|Any CPU
		{B9FBE923-53BD-4E69-88EC-4599B37AB0F4}.Debug|Any CPU.Build.0 = Debug|Any CPU
		{B9FBE923-53BD-4E69-88EC-4599B37AB0F4}.Release|Any CPU.ActiveCfg = Release|Any CPU
		{B9FBE923-53BD-4E69-88EC-4599B37AB0F4}.Release|Any CPU.Build.0 = Release|Any CPU
		{7F059C56-7120-4BD2-A1FB-EEE646D13280}.Debug|Any CPU.ActiveCfg = Debug|Any CPU
		{7F059C56-7120-4BD2-A1FB-EEE646D13280}.Debug|Any CPU.Build.0 = Debug|Any CPU
		{7F059C56-7120-4BD2-A1FB-EEE646D13280}.Release|Any CPU.ActiveCfg = Release|Any CPU
		{7F059C56-7120-4BD2-A1FB-EEE646D13280}.Release|Any CPU.Build.0 = Release|Any CPU
		{A152D1A0-9E96-4AD6-8603-741E5F60BC7E}.Debug|Any CPU.ActiveCfg = Debug|Any CPU
		{A152D1A0-9E96-4AD6-8603-741E5F60BC7E}.Debug|Any CPU.Build.0 = Debug|Any CPU
		{A152D1A0-9E96-4AD6-8603-741E5F60BC7E}.Release|Any CPU.ActiveCfg = Release|Any CPU
		{A152D1A0-9E96-4AD6-8603-741E5F60BC7E}.Release|Any CPU.Build.0 = Release|Any CPU
		{281F27DA-E2D9-43FA-9713-BED689AC013D}.Debug|Any CPU.ActiveCfg = Debug|Any CPU
		{281F27DA-E2D9-43FA-9713-BED689AC013D}.Debug|Any CPU.Build.0 = Debug|Any CPU
		{281F27DA-E2D9-43FA-9713-BED689AC013D}.Release|Any CPU.ActiveCfg = Release|Any CPU
		{281F27DA-E2D9-43FA-9713-BED689AC013D}.Release|Any CPU.Build.0 = Release|Any CPU
		{7F761E92-F581-4AF4-9E43-60D36E5DFF37}.Debug|Any CPU.ActiveCfg = Debug|Any CPU
		{7F761E92-F581-4AF4-9E43-60D36E5DFF37}.Debug|Any CPU.Build.0 = Debug|Any CPU
		{7F761E92-F581-4AF4-9E43-60D36E5DFF37}.Release|Any CPU.ActiveCfg = Release|Any CPU
		{7F761E92-F581-4AF4-9E43-60D36E5DFF37}.Release|Any CPU.Build.0 = Release|Any CPU
		{B5C2220B-B3E5-4632-9433-6C5381A7B025}.Debug|Any CPU.ActiveCfg = Debug|Any CPU
		{B5C2220B-B3E5-4632-9433-6C5381A7B025}.Debug|Any CPU.Build.0 = Debug|Any CPU
		{B5C2220B-B3E5-4632-9433-6C5381A7B025}.Release|Any CPU.ActiveCfg = Release|Any CPU
		{B5C2220B-B3E5-4632-9433-6C5381A7B025}.Release|Any CPU.Build.0 = Release|Any CPU
		{8AD49A25-7254-4984-85F1-D113A6483AE1}.Debug|Any CPU.ActiveCfg = Debug|Any CPU
		{8AD49A25-7254-4984-85F1-D113A6483AE1}.Debug|Any CPU.Build.0 = Debug|Any CPU
		{8AD49A25-7254-4984-85F1-D113A6483AE1}.Release|Any CPU.ActiveCfg = Release|Any CPU
		{8AD49A25-7254-4984-85F1-D113A6483AE1}.Release|Any CPU.Build.0 = Release|Any CPU
		{16CAE21A-4E4F-4F59-9F98-BBACF786C77C}.Debug|Any CPU.ActiveCfg = Debug|Any CPU
		{16CAE21A-4E4F-4F59-9F98-BBACF786C77C}.Debug|Any CPU.Build.0 = Debug|Any CPU
		{16CAE21A-4E4F-4F59-9F98-BBACF786C77C}.Release|Any CPU.ActiveCfg = Release|Any CPU
		{16CAE21A-4E4F-4F59-9F98-BBACF786C77C}.Release|Any CPU.Build.0 = Release|Any CPU
		{F038D333-F8F7-4BC8-A52B-9281522EF91D}.Debug|Any CPU.ActiveCfg = Debug|Any CPU
		{F038D333-F8F7-4BC8-A52B-9281522EF91D}.Debug|Any CPU.Build.0 = Debug|Any CPU
		{F038D333-F8F7-4BC8-A52B-9281522EF91D}.Release|Any CPU.ActiveCfg = Release|Any CPU
		{F038D333-F8F7-4BC8-A52B-9281522EF91D}.Release|Any CPU.Build.0 = Release|Any CPU
		{CAF493B1-DC68-4066-9190-A1D52D025DCD}.Debug|Any CPU.ActiveCfg = Debug|Any CPU
		{CAF493B1-DC68-4066-9190-A1D52D025DCD}.Debug|Any CPU.Build.0 = Debug|Any CPU
		{CAF493B1-DC68-4066-9190-A1D52D025DCD}.Release|Any CPU.ActiveCfg = Release|Any CPU
		{CAF493B1-DC68-4066-9190-A1D52D025DCD}.Release|Any CPU.Build.0 = Release|Any CPU
		{AF9AC6DA-098F-41C9-AD8E-A04028E9F439}.Debug|Any CPU.ActiveCfg = Debug|Any CPU
		{AF9AC6DA-098F-41C9-AD8E-A04028E9F439}.Debug|Any CPU.Build.0 = Debug|Any CPU
		{AF9AC6DA-098F-41C9-AD8E-A04028E9F439}.Release|Any CPU.ActiveCfg = Release|Any CPU
		{AF9AC6DA-098F-41C9-AD8E-A04028E9F439}.Release|Any CPU.Build.0 = Release|Any CPU
		{76FCCD76-F4CE-463E-BFB0-2F60DBDE84A7}.Debug|Any CPU.ActiveCfg = Debug|Any CPU
		{76FCCD76-F4CE-463E-BFB0-2F60DBDE84A7}.Debug|Any CPU.Build.0 = Debug|Any CPU
		{76FCCD76-F4CE-463E-BFB0-2F60DBDE84A7}.Release|Any CPU.ActiveCfg = Release|Any CPU
		{76FCCD76-F4CE-463E-BFB0-2F60DBDE84A7}.Release|Any CPU.Build.0 = Release|Any CPU
		{86FE8C37-FFAE-46C1-9CE2-6BEED9E5DB7D}.Debug|Any CPU.ActiveCfg = Debug|Any CPU
		{86FE8C37-FFAE-46C1-9CE2-6BEED9E5DB7D}.Debug|Any CPU.Build.0 = Debug|Any CPU
		{86FE8C37-FFAE-46C1-9CE2-6BEED9E5DB7D}.Release|Any CPU.ActiveCfg = Release|Any CPU
		{86FE8C37-FFAE-46C1-9CE2-6BEED9E5DB7D}.Release|Any CPU.Build.0 = Release|Any CPU
		{2997DCD1-E4CD-4D15-9448-2BEDD91F3006}.Debug|Any CPU.ActiveCfg = Debug|Any CPU
		{2997DCD1-E4CD-4D15-9448-2BEDD91F3006}.Debug|Any CPU.Build.0 = Debug|Any CPU
		{2997DCD1-E4CD-4D15-9448-2BEDD91F3006}.Release|Any CPU.ActiveCfg = Release|Any CPU
		{2997DCD1-E4CD-4D15-9448-2BEDD91F3006}.Release|Any CPU.Build.0 = Release|Any CPU
		{FC2B47A2-F102-4A2A-AE2C-CCF3143C0C3D}.Debug|Any CPU.ActiveCfg = Debug|Any CPU
		{FC2B47A2-F102-4A2A-AE2C-CCF3143C0C3D}.Debug|Any CPU.Build.0 = Debug|Any CPU
		{FC2B47A2-F102-4A2A-AE2C-CCF3143C0C3D}.Release|Any CPU.ActiveCfg = Release|Any CPU
		{FC2B47A2-F102-4A2A-AE2C-CCF3143C0C3D}.Release|Any CPU.Build.0 = Release|Any CPU
		{4AD2532F-80EE-4B18-8ADE-5B61A91F9353}.Debug|Any CPU.ActiveCfg = Debug|Any CPU
		{4AD2532F-80EE-4B18-8ADE-5B61A91F9353}.Debug|Any CPU.Build.0 = Debug|Any CPU
		{4AD2532F-80EE-4B18-8ADE-5B61A91F9353}.Release|Any CPU.ActiveCfg = Release|Any CPU
		{4AD2532F-80EE-4B18-8ADE-5B61A91F9353}.Release|Any CPU.Build.0 = Release|Any CPU
		{C9710156-6D4C-4A3B-ABC9-24E139E19EE2}.Debug|Any CPU.ActiveCfg = Debug|Any CPU
		{C9710156-6D4C-4A3B-ABC9-24E139E19EE2}.Debug|Any CPU.Build.0 = Debug|Any CPU
		{C9710156-6D4C-4A3B-ABC9-24E139E19EE2}.Release|Any CPU.ActiveCfg = Release|Any CPU
		{C9710156-6D4C-4A3B-ABC9-24E139E19EE2}.Release|Any CPU.Build.0 = Release|Any CPU
		{27E29673-4C3D-47B8-8697-0C63F94AEC83}.Debug|Any CPU.ActiveCfg = Debug|Any CPU
		{27E29673-4C3D-47B8-8697-0C63F94AEC83}.Debug|Any CPU.Build.0 = Debug|Any CPU
		{27E29673-4C3D-47B8-8697-0C63F94AEC83}.Release|Any CPU.ActiveCfg = Release|Any CPU
		{27E29673-4C3D-47B8-8697-0C63F94AEC83}.Release|Any CPU.Build.0 = Release|Any CPU
		{E6E0C3E4-0F0E-463F-9AE7-7386A0E2F1EE}.Debug|Any CPU.ActiveCfg = Debug|Any CPU
		{E6E0C3E4-0F0E-463F-9AE7-7386A0E2F1EE}.Debug|Any CPU.Build.0 = Debug|Any CPU
		{E6E0C3E4-0F0E-463F-9AE7-7386A0E2F1EE}.Release|Any CPU.ActiveCfg = Release|Any CPU
		{E6E0C3E4-0F0E-463F-9AE7-7386A0E2F1EE}.Release|Any CPU.Build.0 = Release|Any CPU
		{201B6EC4-B60E-4225-A5F9-6D707BDE1C20}.Debug|Any CPU.ActiveCfg = Debug|Any CPU
		{201B6EC4-B60E-4225-A5F9-6D707BDE1C20}.Debug|Any CPU.Build.0 = Debug|Any CPU
		{201B6EC4-B60E-4225-A5F9-6D707BDE1C20}.Release|Any CPU.ActiveCfg = Release|Any CPU
		{201B6EC4-B60E-4225-A5F9-6D707BDE1C20}.Release|Any CPU.Build.0 = Release|Any CPU
		{F1FD5217-D005-4FFF-A1D2-02C4EE94BFF6}.Debug|Any CPU.ActiveCfg = Debug|Any CPU
		{F1FD5217-D005-4FFF-A1D2-02C4EE94BFF6}.Debug|Any CPU.Build.0 = Debug|Any CPU
		{F1FD5217-D005-4FFF-A1D2-02C4EE94BFF6}.Release|Any CPU.ActiveCfg = Release|Any CPU
		{F1FD5217-D005-4FFF-A1D2-02C4EE94BFF6}.Release|Any CPU.Build.0 = Release|Any CPU
		{F14F5DB4-D556-4F0E-A548-D9CAF8D538C1}.Debug|Any CPU.ActiveCfg = Debug|Any CPU
		{F14F5DB4-D556-4F0E-A548-D9CAF8D538C1}.Debug|Any CPU.Build.0 = Debug|Any CPU
		{F14F5DB4-D556-4F0E-A548-D9CAF8D538C1}.Release|Any CPU.ActiveCfg = Release|Any CPU
		{F14F5DB4-D556-4F0E-A548-D9CAF8D538C1}.Release|Any CPU.Build.0 = Release|Any CPU
		{8EB9E912-8811-42AA-9B47-0E5EE6E838FD}.Debug|Any CPU.ActiveCfg = Debug|Any CPU
		{8EB9E912-8811-42AA-9B47-0E5EE6E838FD}.Debug|Any CPU.Build.0 = Debug|Any CPU
		{8EB9E912-8811-42AA-9B47-0E5EE6E838FD}.Release|Any CPU.ActiveCfg = Release|Any CPU
		{8EB9E912-8811-42AA-9B47-0E5EE6E838FD}.Release|Any CPU.Build.0 = Release|Any CPU
		{D00B979F-46B3-40E9-BB3F-9164EFE3D898}.Debug|Any CPU.ActiveCfg = Debug|Any CPU
		{D00B979F-46B3-40E9-BB3F-9164EFE3D898}.Debug|Any CPU.Build.0 = Debug|Any CPU
		{D00B979F-46B3-40E9-BB3F-9164EFE3D898}.Release|Any CPU.ActiveCfg = Release|Any CPU
		{D00B979F-46B3-40E9-BB3F-9164EFE3D898}.Release|Any CPU.Build.0 = Release|Any CPU
		{5060B1BC-02F8-4D9B-9EBB-5451B1CD4B21}.Debug|Any CPU.ActiveCfg = Debug|Any CPU
		{5060B1BC-02F8-4D9B-9EBB-5451B1CD4B21}.Debug|Any CPU.Build.0 = Debug|Any CPU
		{5060B1BC-02F8-4D9B-9EBB-5451B1CD4B21}.Release|Any CPU.ActiveCfg = Release|Any CPU
		{5060B1BC-02F8-4D9B-9EBB-5451B1CD4B21}.Release|Any CPU.Build.0 = Release|Any CPU
		{66BE53E0-F273-4CF7-BF79-540D8EC13A0C}.Debug|Any CPU.ActiveCfg = Debug|Any CPU
		{66BE53E0-F273-4CF7-BF79-540D8EC13A0C}.Debug|Any CPU.Build.0 = Debug|Any CPU
		{66BE53E0-F273-4CF7-BF79-540D8EC13A0C}.Release|Any CPU.ActiveCfg = Release|Any CPU
		{66BE53E0-F273-4CF7-BF79-540D8EC13A0C}.Release|Any CPU.Build.0 = Release|Any CPU
		{EB3D7A91-3ED9-4840-9518-07E4565AE10A}.Debug|Any CPU.ActiveCfg = Debug|Any CPU
		{EB3D7A91-3ED9-4840-9518-07E4565AE10A}.Debug|Any CPU.Build.0 = Debug|Any CPU
		{EB3D7A91-3ED9-4840-9518-07E4565AE10A}.Release|Any CPU.ActiveCfg = Release|Any CPU
		{EB3D7A91-3ED9-4840-9518-07E4565AE10A}.Release|Any CPU.Build.0 = Release|Any CPU
		{B118F6EE-A8CD-4887-88F1-31E3ACDD4F1E}.Debug|Any CPU.ActiveCfg = Debug|Any CPU
		{B118F6EE-A8CD-4887-88F1-31E3ACDD4F1E}.Debug|Any CPU.Build.0 = Debug|Any CPU
		{B118F6EE-A8CD-4887-88F1-31E3ACDD4F1E}.Release|Any CPU.ActiveCfg = Release|Any CPU
		{B118F6EE-A8CD-4887-88F1-31E3ACDD4F1E}.Release|Any CPU.Build.0 = Release|Any CPU
		{C0470567-4D81-4B3E-BF0F-745F69C12ABF}.Debug|Any CPU.ActiveCfg = Debug|Any CPU
		{C0470567-4D81-4B3E-BF0F-745F69C12ABF}.Debug|Any CPU.Build.0 = Debug|Any CPU
		{C0470567-4D81-4B3E-BF0F-745F69C12ABF}.Release|Any CPU.ActiveCfg = Release|Any CPU
		{C0470567-4D81-4B3E-BF0F-745F69C12ABF}.Release|Any CPU.Build.0 = Release|Any CPU
		{95D57206-9056-4B53-9D46-A859414D5813}.Debug|Any CPU.ActiveCfg = Debug|Any CPU
		{95D57206-9056-4B53-9D46-A859414D5813}.Debug|Any CPU.Build.0 = Debug|Any CPU
		{95D57206-9056-4B53-9D46-A859414D5813}.Release|Any CPU.ActiveCfg = Release|Any CPU
		{95D57206-9056-4B53-9D46-A859414D5813}.Release|Any CPU.Build.0 = Release|Any CPU
		{5B07C85F-6839-437A-986A-FA679EAF6FE5}.Debug|Any CPU.ActiveCfg = Debug|Any CPU
		{5B07C85F-6839-437A-986A-FA679EAF6FE5}.Debug|Any CPU.Build.0 = Debug|Any CPU
		{5B07C85F-6839-437A-986A-FA679EAF6FE5}.Release|Any CPU.ActiveCfg = Release|Any CPU
		{5B07C85F-6839-437A-986A-FA679EAF6FE5}.Release|Any CPU.Build.0 = Release|Any CPU
		{47DCBDE8-BB69-43F8-96F6-F0C43B2777EA}.Debug|Any CPU.ActiveCfg = Debug|Any CPU
		{47DCBDE8-BB69-43F8-96F6-F0C43B2777EA}.Debug|Any CPU.Build.0 = Debug|Any CPU
		{47DCBDE8-BB69-43F8-96F6-F0C43B2777EA}.Release|Any CPU.ActiveCfg = Release|Any CPU
		{47DCBDE8-BB69-43F8-96F6-F0C43B2777EA}.Release|Any CPU.Build.0 = Release|Any CPU
		{F6FCF2B0-6C73-4938-8BA6-899ADD40EE67}.Debug|Any CPU.ActiveCfg = Debug|Any CPU
		{F6FCF2B0-6C73-4938-8BA6-899ADD40EE67}.Debug|Any CPU.Build.0 = Debug|Any CPU
		{F6FCF2B0-6C73-4938-8BA6-899ADD40EE67}.Release|Any CPU.ActiveCfg = Release|Any CPU
		{F6FCF2B0-6C73-4938-8BA6-899ADD40EE67}.Release|Any CPU.Build.0 = Release|Any CPU
		{B0971C78-60F8-4B15-871D-BDB2CC7917F5}.Debug|Any CPU.ActiveCfg = Debug|Any CPU
		{B0971C78-60F8-4B15-871D-BDB2CC7917F5}.Debug|Any CPU.Build.0 = Debug|Any CPU
		{B0971C78-60F8-4B15-871D-BDB2CC7917F5}.Release|Any CPU.ActiveCfg = Release|Any CPU
		{B0971C78-60F8-4B15-871D-BDB2CC7917F5}.Release|Any CPU.Build.0 = Release|Any CPU
		{049CEBDD-C6F3-44AB-B4AF-CB292D91F4E9}.Debug|Any CPU.ActiveCfg = Debug|Any CPU
		{049CEBDD-C6F3-44AB-B4AF-CB292D91F4E9}.Debug|Any CPU.Build.0 = Debug|Any CPU
		{049CEBDD-C6F3-44AB-B4AF-CB292D91F4E9}.Release|Any CPU.ActiveCfg = Release|Any CPU
		{049CEBDD-C6F3-44AB-B4AF-CB292D91F4E9}.Release|Any CPU.Build.0 = Release|Any CPU
		{3E978C6D-37B6-45A6-A75A-9A9CAE1A990F}.Debug|Any CPU.ActiveCfg = Debug|Any CPU
		{3E978C6D-37B6-45A6-A75A-9A9CAE1A990F}.Debug|Any CPU.Build.0 = Debug|Any CPU
		{3E978C6D-37B6-45A6-A75A-9A9CAE1A990F}.Release|Any CPU.ActiveCfg = Release|Any CPU
		{3E978C6D-37B6-45A6-A75A-9A9CAE1A990F}.Release|Any CPU.Build.0 = Release|Any CPU
		{7CBF9E4A-77FA-4569-ADFF-9A828E78F0E3}.Debug|Any CPU.ActiveCfg = Debug|Any CPU
		{7CBF9E4A-77FA-4569-ADFF-9A828E78F0E3}.Debug|Any CPU.Build.0 = Debug|Any CPU
		{7CBF9E4A-77FA-4569-ADFF-9A828E78F0E3}.Release|Any CPU.ActiveCfg = Release|Any CPU
		{7CBF9E4A-77FA-4569-ADFF-9A828E78F0E3}.Release|Any CPU.Build.0 = Release|Any CPU
		{66E8DCFE-C413-4B4D-BD62-CD9A6F592DC8}.Debug|Any CPU.ActiveCfg = Debug|Any CPU
		{66E8DCFE-C413-4B4D-BD62-CD9A6F592DC8}.Debug|Any CPU.Build.0 = Debug|Any CPU
		{66E8DCFE-C413-4B4D-BD62-CD9A6F592DC8}.Release|Any CPU.ActiveCfg = Release|Any CPU
		{66E8DCFE-C413-4B4D-BD62-CD9A6F592DC8}.Release|Any CPU.Build.0 = Release|Any CPU
		{73D0C7E5-A035-45D1-84E5-D7D42CB93169}.Debug|Any CPU.ActiveCfg = Debug|Any CPU
		{73D0C7E5-A035-45D1-84E5-D7D42CB93169}.Debug|Any CPU.Build.0 = Debug|Any CPU
		{73D0C7E5-A035-45D1-84E5-D7D42CB93169}.Release|Any CPU.ActiveCfg = Release|Any CPU
		{73D0C7E5-A035-45D1-84E5-D7D42CB93169}.Release|Any CPU.Build.0 = Release|Any CPU
		{20180700-B4F9-43E7-8696-1A7A5A512079}.Debug|Any CPU.ActiveCfg = Debug|Any CPU
		{20180700-B4F9-43E7-8696-1A7A5A512079}.Debug|Any CPU.Build.0 = Debug|Any CPU
		{20180700-B4F9-43E7-8696-1A7A5A512079}.Release|Any CPU.ActiveCfg = Release|Any CPU
		{20180700-B4F9-43E7-8696-1A7A5A512079}.Release|Any CPU.Build.0 = Release|Any CPU
		{A093E00A-AE9E-4D0B-A3AE-4C441209077E}.Debug|Any CPU.ActiveCfg = Debug|Any CPU
		{A093E00A-AE9E-4D0B-A3AE-4C441209077E}.Debug|Any CPU.Build.0 = Debug|Any CPU
		{A093E00A-AE9E-4D0B-A3AE-4C441209077E}.Release|Any CPU.ActiveCfg = Release|Any CPU
		{A093E00A-AE9E-4D0B-A3AE-4C441209077E}.Release|Any CPU.Build.0 = Release|Any CPU
		{16AAA4E9-3C0E-4D18-B613-4AF8419C34CC}.Debug|Any CPU.ActiveCfg = Debug|Any CPU
		{16AAA4E9-3C0E-4D18-B613-4AF8419C34CC}.Debug|Any CPU.Build.0 = Debug|Any CPU
		{16AAA4E9-3C0E-4D18-B613-4AF8419C34CC}.Release|Any CPU.ActiveCfg = Release|Any CPU
		{16AAA4E9-3C0E-4D18-B613-4AF8419C34CC}.Release|Any CPU.Build.0 = Release|Any CPU
		{BB9387C5-3504-4FFA-BC82-E4BE4E975FCA}.Debug|Any CPU.ActiveCfg = Debug|Any CPU
		{BB9387C5-3504-4FFA-BC82-E4BE4E975FCA}.Debug|Any CPU.Build.0 = Debug|Any CPU
		{BB9387C5-3504-4FFA-BC82-E4BE4E975FCA}.Release|Any CPU.ActiveCfg = Release|Any CPU
		{BB9387C5-3504-4FFA-BC82-E4BE4E975FCA}.Release|Any CPU.Build.0 = Release|Any CPU
		{36D97DAC-3E43-487D-83F1-9924EB6E96AE}.Debug|Any CPU.ActiveCfg = Debug|Any CPU
		{36D97DAC-3E43-487D-83F1-9924EB6E96AE}.Debug|Any CPU.Build.0 = Debug|Any CPU
		{36D97DAC-3E43-487D-83F1-9924EB6E96AE}.Release|Any CPU.ActiveCfg = Release|Any CPU
		{36D97DAC-3E43-487D-83F1-9924EB6E96AE}.Release|Any CPU.Build.0 = Release|Any CPU
		{00D6B02E-7E71-4696-8A21-6F0106647F53}.Debug|Any CPU.ActiveCfg = Debug|Any CPU
		{00D6B02E-7E71-4696-8A21-6F0106647F53}.Debug|Any CPU.Build.0 = Debug|Any CPU
		{00D6B02E-7E71-4696-8A21-6F0106647F53}.Release|Any CPU.ActiveCfg = Release|Any CPU
		{00D6B02E-7E71-4696-8A21-6F0106647F53}.Release|Any CPU.Build.0 = Release|Any CPU
		{DA73B861-3326-47A3-ABAD-FEC49399B064}.Debug|Any CPU.ActiveCfg = Debug|Any CPU
		{DA73B861-3326-47A3-ABAD-FEC49399B064}.Debug|Any CPU.Build.0 = Debug|Any CPU
		{DA73B861-3326-47A3-ABAD-FEC49399B064}.Release|Any CPU.ActiveCfg = Release|Any CPU
		{DA73B861-3326-47A3-ABAD-FEC49399B064}.Release|Any CPU.Build.0 = Release|Any CPU
		{C4EB4A85-32E1-46F7-B38F-16736622E2B2}.Debug|Any CPU.ActiveCfg = Debug|Any CPU
		{C4EB4A85-32E1-46F7-B38F-16736622E2B2}.Debug|Any CPU.Build.0 = Debug|Any CPU
		{C4EB4A85-32E1-46F7-B38F-16736622E2B2}.Release|Any CPU.ActiveCfg = Release|Any CPU
		{C4EB4A85-32E1-46F7-B38F-16736622E2B2}.Release|Any CPU.Build.0 = Release|Any CPU
		{C93E525A-D971-4FCD-8453-3D066ED198A4}.Debug|Any CPU.ActiveCfg = Debug|Any CPU
		{C93E525A-D971-4FCD-8453-3D066ED198A4}.Debug|Any CPU.Build.0 = Debug|Any CPU
		{C93E525A-D971-4FCD-8453-3D066ED198A4}.Release|Any CPU.ActiveCfg = Release|Any CPU
		{C93E525A-D971-4FCD-8453-3D066ED198A4}.Release|Any CPU.Build.0 = Release|Any CPU
		{48C91ECD-6152-4558-AE76-03C88785D004}.Debug|Any CPU.ActiveCfg = Debug|Any CPU
		{48C91ECD-6152-4558-AE76-03C88785D004}.Debug|Any CPU.Build.0 = Debug|Any CPU
		{48C91ECD-6152-4558-AE76-03C88785D004}.Release|Any CPU.ActiveCfg = Release|Any CPU
		{48C91ECD-6152-4558-AE76-03C88785D004}.Release|Any CPU.Build.0 = Release|Any CPU
		{738199CE-0611-4906-B350-2773E44F7D24}.Debug|Any CPU.ActiveCfg = Debug|Any CPU
		{738199CE-0611-4906-B350-2773E44F7D24}.Debug|Any CPU.Build.0 = Debug|Any CPU
		{738199CE-0611-4906-B350-2773E44F7D24}.Release|Any CPU.ActiveCfg = Release|Any CPU
		{738199CE-0611-4906-B350-2773E44F7D24}.Release|Any CPU.Build.0 = Release|Any CPU
		{30C584CF-7AF5-4CF4-A1A3-7622F09CE29A}.Debug|Any CPU.ActiveCfg = Debug|Any CPU
		{30C584CF-7AF5-4CF4-A1A3-7622F09CE29A}.Debug|Any CPU.Build.0 = Debug|Any CPU
		{30C584CF-7AF5-4CF4-A1A3-7622F09CE29A}.Release|Any CPU.ActiveCfg = Release|Any CPU
		{30C584CF-7AF5-4CF4-A1A3-7622F09CE29A}.Release|Any CPU.Build.0 = Release|Any CPU
		{B148E0F2-FF81-4A31-8C4E-E544CF61B4A3}.Debug|Any CPU.ActiveCfg = Debug|Any CPU
		{B148E0F2-FF81-4A31-8C4E-E544CF61B4A3}.Debug|Any CPU.Build.0 = Debug|Any CPU
		{B148E0F2-FF81-4A31-8C4E-E544CF61B4A3}.Release|Any CPU.ActiveCfg = Release|Any CPU
		{B148E0F2-FF81-4A31-8C4E-E544CF61B4A3}.Release|Any CPU.Build.0 = Release|Any CPU
		{495F390E-BAE1-4030-9EEC-7E8D6E249613}.Debug|Any CPU.ActiveCfg = Debug|Any CPU
		{495F390E-BAE1-4030-9EEC-7E8D6E249613}.Debug|Any CPU.Build.0 = Debug|Any CPU
		{495F390E-BAE1-4030-9EEC-7E8D6E249613}.Release|Any CPU.ActiveCfg = Release|Any CPU
		{495F390E-BAE1-4030-9EEC-7E8D6E249613}.Release|Any CPU.Build.0 = Release|Any CPU
		{D14BE024-22A3-4C83-993A-5A156B38C31E}.Debug|Any CPU.ActiveCfg = Debug|Any CPU
		{D14BE024-22A3-4C83-993A-5A156B38C31E}.Debug|Any CPU.Build.0 = Debug|Any CPU
		{D14BE024-22A3-4C83-993A-5A156B38C31E}.Release|Any CPU.ActiveCfg = Release|Any CPU
		{D14BE024-22A3-4C83-993A-5A156B38C31E}.Release|Any CPU.Build.0 = Release|Any CPU
		{DD9EED19-09AB-413F-8B75-71977E75A235}.Debug|Any CPU.ActiveCfg = Debug|Any CPU
		{DD9EED19-09AB-413F-8B75-71977E75A235}.Debug|Any CPU.Build.0 = Debug|Any CPU
		{DD9EED19-09AB-413F-8B75-71977E75A235}.Release|Any CPU.ActiveCfg = Release|Any CPU
		{DD9EED19-09AB-413F-8B75-71977E75A235}.Release|Any CPU.Build.0 = Release|Any CPU
		{2CE285C3-DDE0-43F9-A6FF-CCBC5A2C4AA7}.Debug|Any CPU.ActiveCfg = Debug|Any CPU
		{2CE285C3-DDE0-43F9-A6FF-CCBC5A2C4AA7}.Debug|Any CPU.Build.0 = Debug|Any CPU
		{2CE285C3-DDE0-43F9-A6FF-CCBC5A2C4AA7}.Release|Any CPU.ActiveCfg = Release|Any CPU
		{2CE285C3-DDE0-43F9-A6FF-CCBC5A2C4AA7}.Release|Any CPU.Build.0 = Release|Any CPU
		{2223710C-C580-45E3-B7B7-A7206252B89D}.Debug|Any CPU.ActiveCfg = Debug|Any CPU
		{2223710C-C580-45E3-B7B7-A7206252B89D}.Debug|Any CPU.Build.0 = Debug|Any CPU
		{2223710C-C580-45E3-B7B7-A7206252B89D}.Release|Any CPU.ActiveCfg = Release|Any CPU
		{2223710C-C580-45E3-B7B7-A7206252B89D}.Release|Any CPU.Build.0 = Release|Any CPU
		{BE3870CA-843A-4FE1-8931-E9507E905C76}.Debug|Any CPU.ActiveCfg = Debug|Any CPU
		{BE3870CA-843A-4FE1-8931-E9507E905C76}.Debug|Any CPU.Build.0 = Debug|Any CPU
		{BE3870CA-843A-4FE1-8931-E9507E905C76}.Release|Any CPU.ActiveCfg = Release|Any CPU
		{BE3870CA-843A-4FE1-8931-E9507E905C76}.Release|Any CPU.Build.0 = Release|Any CPU
		{1CC4D1C2-DDCF-42E9-A6EE-56FBEB7772FF}.Debug|Any CPU.ActiveCfg = Debug|Any CPU
		{1CC4D1C2-DDCF-42E9-A6EE-56FBEB7772FF}.Debug|Any CPU.Build.0 = Debug|Any CPU
		{1CC4D1C2-DDCF-42E9-A6EE-56FBEB7772FF}.Release|Any CPU.ActiveCfg = Release|Any CPU
		{1CC4D1C2-DDCF-42E9-A6EE-56FBEB7772FF}.Release|Any CPU.Build.0 = Release|Any CPU
		{950CED1C-6B94-497D-97F0-C1C0822244B8}.Debug|Any CPU.ActiveCfg = Debug|Any CPU
		{950CED1C-6B94-497D-97F0-C1C0822244B8}.Debug|Any CPU.Build.0 = Debug|Any CPU
		{950CED1C-6B94-497D-97F0-C1C0822244B8}.Release|Any CPU.ActiveCfg = Release|Any CPU
		{950CED1C-6B94-497D-97F0-C1C0822244B8}.Release|Any CPU.Build.0 = Release|Any CPU
		{80DCC226-00C2-4074-AA57-E77156114592}.Debug|Any CPU.ActiveCfg = Debug|Any CPU
		{80DCC226-00C2-4074-AA57-E77156114592}.Debug|Any CPU.Build.0 = Debug|Any CPU
		{80DCC226-00C2-4074-AA57-E77156114592}.Release|Any CPU.ActiveCfg = Release|Any CPU
		{80DCC226-00C2-4074-AA57-E77156114592}.Release|Any CPU.Build.0 = Release|Any CPU
		{5B99D3AB-9524-43FE-A630-2521A3E761C7}.Debug|Any CPU.ActiveCfg = Debug|Any CPU
		{5B99D3AB-9524-43FE-A630-2521A3E761C7}.Debug|Any CPU.Build.0 = Debug|Any CPU
		{5B99D3AB-9524-43FE-A630-2521A3E761C7}.Release|Any CPU.ActiveCfg = Release|Any CPU
		{5B99D3AB-9524-43FE-A630-2521A3E761C7}.Release|Any CPU.Build.0 = Release|Any CPU
		{CA845E39-6B70-41D7-8D74-96A41E89B8ED}.Debug|Any CPU.ActiveCfg = Debug|Any CPU
		{CA845E39-6B70-41D7-8D74-96A41E89B8ED}.Debug|Any CPU.Build.0 = Debug|Any CPU
		{CA845E39-6B70-41D7-8D74-96A41E89B8ED}.Release|Any CPU.ActiveCfg = Release|Any CPU
		{CA845E39-6B70-41D7-8D74-96A41E89B8ED}.Release|Any CPU.Build.0 = Release|Any CPU
		{8D75B58B-F09B-4703-BD1F-28FABB86EC69}.Debug|Any CPU.ActiveCfg = Debug|Any CPU
		{8D75B58B-F09B-4703-BD1F-28FABB86EC69}.Debug|Any CPU.Build.0 = Debug|Any CPU
		{8D75B58B-F09B-4703-BD1F-28FABB86EC69}.Release|Any CPU.ActiveCfg = Release|Any CPU
		{8D75B58B-F09B-4703-BD1F-28FABB86EC69}.Release|Any CPU.Build.0 = Release|Any CPU
		{6ACAA26E-1334-41B7-B15F-A90F3FE0E835}.Debug|Any CPU.ActiveCfg = Debug|Any CPU
		{6ACAA26E-1334-41B7-B15F-A90F3FE0E835}.Debug|Any CPU.Build.0 = Debug|Any CPU
		{6ACAA26E-1334-41B7-B15F-A90F3FE0E835}.Release|Any CPU.ActiveCfg = Release|Any CPU
		{6ACAA26E-1334-41B7-B15F-A90F3FE0E835}.Release|Any CPU.Build.0 = Release|Any CPU
		{9A38E618-2E9D-4443-AF8E-A5DDB018B8AD}.Debug|Any CPU.ActiveCfg = Debug|Any CPU
		{9A38E618-2E9D-4443-AF8E-A5DDB018B8AD}.Debug|Any CPU.Build.0 = Debug|Any CPU
		{9A38E618-2E9D-4443-AF8E-A5DDB018B8AD}.Release|Any CPU.ActiveCfg = Release|Any CPU
		{9A38E618-2E9D-4443-AF8E-A5DDB018B8AD}.Release|Any CPU.Build.0 = Release|Any CPU
		{E62A1646-2694-42FD-A171-4B221F703AEE}.Debug|Any CPU.ActiveCfg = Debug|Any CPU
		{E62A1646-2694-42FD-A171-4B221F703AEE}.Debug|Any CPU.Build.0 = Debug|Any CPU
		{E62A1646-2694-42FD-A171-4B221F703AEE}.Release|Any CPU.ActiveCfg = Release|Any CPU
		{E62A1646-2694-42FD-A171-4B221F703AEE}.Release|Any CPU.Build.0 = Release|Any CPU
		{6FFE84A0-0635-486F-A01C-A32324D4160B}.Debug|Any CPU.ActiveCfg = Debug|Any CPU
		{6FFE84A0-0635-486F-A01C-A32324D4160B}.Debug|Any CPU.Build.0 = Debug|Any CPU
		{6FFE84A0-0635-486F-A01C-A32324D4160B}.Release|Any CPU.ActiveCfg = Release|Any CPU
		{6FFE84A0-0635-486F-A01C-A32324D4160B}.Release|Any CPU.Build.0 = Release|Any CPU
		{9E0684BB-DC2B-413A-BBA0-9D2F2F81FCEF}.Debug|Any CPU.ActiveCfg = Debug|Any CPU
		{9E0684BB-DC2B-413A-BBA0-9D2F2F81FCEF}.Debug|Any CPU.Build.0 = Debug|Any CPU
		{9E0684BB-DC2B-413A-BBA0-9D2F2F81FCEF}.Release|Any CPU.ActiveCfg = Release|Any CPU
		{9E0684BB-DC2B-413A-BBA0-9D2F2F81FCEF}.Release|Any CPU.Build.0 = Release|Any CPU
		{28CC8069-D30C-46B5-B802-4EDAB61CD505}.Debug|Any CPU.ActiveCfg = Debug|Any CPU
		{28CC8069-D30C-46B5-B802-4EDAB61CD505}.Debug|Any CPU.Build.0 = Debug|Any CPU
		{28CC8069-D30C-46B5-B802-4EDAB61CD505}.Release|Any CPU.ActiveCfg = Release|Any CPU
		{28CC8069-D30C-46B5-B802-4EDAB61CD505}.Release|Any CPU.Build.0 = Release|Any CPU
		{F031086E-D72A-4BBD-9E6D-A561EB058ADC}.Debug|Any CPU.ActiveCfg = Debug|Any CPU
		{F031086E-D72A-4BBD-9E6D-A561EB058ADC}.Debug|Any CPU.Build.0 = Debug|Any CPU
		{F031086E-D72A-4BBD-9E6D-A561EB058ADC}.Release|Any CPU.ActiveCfg = Release|Any CPU
		{F031086E-D72A-4BBD-9E6D-A561EB058ADC}.Release|Any CPU.Build.0 = Release|Any CPU
		{DE438452-200B-4731-B584-4333DCF5462C}.Debug|Any CPU.ActiveCfg = Debug|Any CPU
		{DE438452-200B-4731-B584-4333DCF5462C}.Debug|Any CPU.Build.0 = Debug|Any CPU
		{DE438452-200B-4731-B584-4333DCF5462C}.Release|Any CPU.ActiveCfg = Release|Any CPU
		{DE438452-200B-4731-B584-4333DCF5462C}.Release|Any CPU.Build.0 = Release|Any CPU
		{0E4D20A3-5F30-4BEE-A2B8-5E3FE3BEBA63}.Debug|Any CPU.ActiveCfg = Debug|Any CPU
		{0E4D20A3-5F30-4BEE-A2B8-5E3FE3BEBA63}.Debug|Any CPU.Build.0 = Debug|Any CPU
		{0E4D20A3-5F30-4BEE-A2B8-5E3FE3BEBA63}.Release|Any CPU.ActiveCfg = Release|Any CPU
		{0E4D20A3-5F30-4BEE-A2B8-5E3FE3BEBA63}.Release|Any CPU.Build.0 = Release|Any CPU
		{7D186023-E80E-4E1A-A583-EF91DF55BA95}.Debug|Any CPU.ActiveCfg = Debug|Any CPU
		{7D186023-E80E-4E1A-A583-EF91DF55BA95}.Debug|Any CPU.Build.0 = Debug|Any CPU
		{7D186023-E80E-4E1A-A583-EF91DF55BA95}.Release|Any CPU.ActiveCfg = Release|Any CPU
		{7D186023-E80E-4E1A-A583-EF91DF55BA95}.Release|Any CPU.Build.0 = Release|Any CPU
		{DBA880E2-E2C3-42D7-88D5-AB2B14E55FCF}.Debug|Any CPU.ActiveCfg = Debug|Any CPU
		{DBA880E2-E2C3-42D7-88D5-AB2B14E55FCF}.Debug|Any CPU.Build.0 = Debug|Any CPU
		{DBA880E2-E2C3-42D7-88D5-AB2B14E55FCF}.Release|Any CPU.ActiveCfg = Release|Any CPU
		{DBA880E2-E2C3-42D7-88D5-AB2B14E55FCF}.Release|Any CPU.Build.0 = Release|Any CPU
		{7A8B58FB-A809-4801-B355-7610F8B5F4B4}.Debug|Any CPU.ActiveCfg = Debug|Any CPU
		{7A8B58FB-A809-4801-B355-7610F8B5F4B4}.Debug|Any CPU.Build.0 = Debug|Any CPU
		{7A8B58FB-A809-4801-B355-7610F8B5F4B4}.Release|Any CPU.ActiveCfg = Release|Any CPU
		{7A8B58FB-A809-4801-B355-7610F8B5F4B4}.Release|Any CPU.Build.0 = Release|Any CPU
		{D541468F-9882-486F-AF9F-25EE5DC284D4}.Debug|Any CPU.ActiveCfg = Debug|Any CPU
		{D541468F-9882-486F-AF9F-25EE5DC284D4}.Debug|Any CPU.Build.0 = Debug|Any CPU
		{D541468F-9882-486F-AF9F-25EE5DC284D4}.Release|Any CPU.ActiveCfg = Release|Any CPU
		{D541468F-9882-486F-AF9F-25EE5DC284D4}.Release|Any CPU.Build.0 = Release|Any CPU
		{E22E525E-414A-4498-9A48-922DB7E13F8F}.Debug|Any CPU.ActiveCfg = Debug|Any CPU
		{E22E525E-414A-4498-9A48-922DB7E13F8F}.Debug|Any CPU.Build.0 = Debug|Any CPU
		{E22E525E-414A-4498-9A48-922DB7E13F8F}.Release|Any CPU.ActiveCfg = Release|Any CPU
		{E22E525E-414A-4498-9A48-922DB7E13F8F}.Release|Any CPU.Build.0 = Release|Any CPU
		{8F2EF293-54B0-48FF-977C-5B20CF0F9E7C}.Debug|Any CPU.ActiveCfg = Debug|Any CPU
		{8F2EF293-54B0-48FF-977C-5B20CF0F9E7C}.Debug|Any CPU.Build.0 = Debug|Any CPU
		{8F2EF293-54B0-48FF-977C-5B20CF0F9E7C}.Release|Any CPU.ActiveCfg = Release|Any CPU
		{8F2EF293-54B0-48FF-977C-5B20CF0F9E7C}.Release|Any CPU.Build.0 = Release|Any CPU
		{D00D5608-4675-4603-9153-8091928BAE38}.Debug|Any CPU.ActiveCfg = Debug|Any CPU
		{D00D5608-4675-4603-9153-8091928BAE38}.Debug|Any CPU.Build.0 = Debug|Any CPU
		{D00D5608-4675-4603-9153-8091928BAE38}.Release|Any CPU.ActiveCfg = Release|Any CPU
		{D00D5608-4675-4603-9153-8091928BAE38}.Release|Any CPU.Build.0 = Release|Any CPU
		{C757E5B0-2CCD-4969-9B73-8B51172F9252}.Debug|Any CPU.ActiveCfg = Debug|Any CPU
		{C757E5B0-2CCD-4969-9B73-8B51172F9252}.Debug|Any CPU.Build.0 = Debug|Any CPU
		{C757E5B0-2CCD-4969-9B73-8B51172F9252}.Release|Any CPU.ActiveCfg = Release|Any CPU
		{C757E5B0-2CCD-4969-9B73-8B51172F9252}.Release|Any CPU.Build.0 = Release|Any CPU
		{B23E1B4B-CCCE-4E60-AD2B-00B354884182}.Debug|Any CPU.ActiveCfg = Debug|Any CPU
		{B23E1B4B-CCCE-4E60-AD2B-00B354884182}.Debug|Any CPU.Build.0 = Debug|Any CPU
		{B23E1B4B-CCCE-4E60-AD2B-00B354884182}.Release|Any CPU.ActiveCfg = Release|Any CPU
		{B23E1B4B-CCCE-4E60-AD2B-00B354884182}.Release|Any CPU.Build.0 = Release|Any CPU
		{12BD0E1B-CE8B-4DA0-95EF-C1242996F4E7}.Debug|Any CPU.ActiveCfg = Debug|Any CPU
		{12BD0E1B-CE8B-4DA0-95EF-C1242996F4E7}.Debug|Any CPU.Build.0 = Debug|Any CPU
		{12BD0E1B-CE8B-4DA0-95EF-C1242996F4E7}.Release|Any CPU.ActiveCfg = Release|Any CPU
		{12BD0E1B-CE8B-4DA0-95EF-C1242996F4E7}.Release|Any CPU.Build.0 = Release|Any CPU
		{534906DF-E3AF-417C-8A13-3D47FBF77C0E}.Debug|Any CPU.ActiveCfg = Debug|Any CPU
		{534906DF-E3AF-417C-8A13-3D47FBF77C0E}.Debug|Any CPU.Build.0 = Debug|Any CPU
		{534906DF-E3AF-417C-8A13-3D47FBF77C0E}.Release|Any CPU.ActiveCfg = Release|Any CPU
		{534906DF-E3AF-417C-8A13-3D47FBF77C0E}.Release|Any CPU.Build.0 = Release|Any CPU
		{AF0144C9-CF49-49F0-868B-3209319D3A93}.Debug|Any CPU.ActiveCfg = Debug|Any CPU
		{AF0144C9-CF49-49F0-868B-3209319D3A93}.Debug|Any CPU.Build.0 = Debug|Any CPU
		{AF0144C9-CF49-49F0-868B-3209319D3A93}.Release|Any CPU.ActiveCfg = Release|Any CPU
		{AF0144C9-CF49-49F0-868B-3209319D3A93}.Release|Any CPU.Build.0 = Release|Any CPU
		{17099624-DCF4-4C42-9DC8-44F19740BFDC}.Debug|Any CPU.ActiveCfg = Debug|Any CPU
		{17099624-DCF4-4C42-9DC8-44F19740BFDC}.Debug|Any CPU.Build.0 = Debug|Any CPU
		{17099624-DCF4-4C42-9DC8-44F19740BFDC}.Release|Any CPU.ActiveCfg = Release|Any CPU
		{17099624-DCF4-4C42-9DC8-44F19740BFDC}.Release|Any CPU.Build.0 = Release|Any CPU
		{B040FC1D-99FD-43AA-B10E-A8232126371A}.Debug|Any CPU.ActiveCfg = Debug|Any CPU
		{B040FC1D-99FD-43AA-B10E-A8232126371A}.Debug|Any CPU.Build.0 = Debug|Any CPU
		{B040FC1D-99FD-43AA-B10E-A8232126371A}.Release|Any CPU.ActiveCfg = Release|Any CPU
		{B040FC1D-99FD-43AA-B10E-A8232126371A}.Release|Any CPU.Build.0 = Release|Any CPU
		{4D104643-C53B-4DA6-8909-04ED533974D0}.Debug|Any CPU.ActiveCfg = Debug|Any CPU
		{4D104643-C53B-4DA6-8909-04ED533974D0}.Debug|Any CPU.Build.0 = Debug|Any CPU
		{4D104643-C53B-4DA6-8909-04ED533974D0}.Release|Any CPU.ActiveCfg = Release|Any CPU
		{4D104643-C53B-4DA6-8909-04ED533974D0}.Release|Any CPU.Build.0 = Release|Any CPU
		{2E104C8D-BF51-4201-BF5C-0BFBB005ED57}.Debug|Any CPU.ActiveCfg = Debug|Any CPU
		{2E104C8D-BF51-4201-BF5C-0BFBB005ED57}.Debug|Any CPU.Build.0 = Debug|Any CPU
		{2E104C8D-BF51-4201-BF5C-0BFBB005ED57}.Release|Any CPU.ActiveCfg = Release|Any CPU
		{2E104C8D-BF51-4201-BF5C-0BFBB005ED57}.Release|Any CPU.Build.0 = Release|Any CPU
		{531F4055-7A12-47CA-AF97-E4323499EB59}.Debug|Any CPU.ActiveCfg = Debug|Any CPU
		{531F4055-7A12-47CA-AF97-E4323499EB59}.Debug|Any CPU.Build.0 = Debug|Any CPU
		{531F4055-7A12-47CA-AF97-E4323499EB59}.Release|Any CPU.ActiveCfg = Release|Any CPU
		{531F4055-7A12-47CA-AF97-E4323499EB59}.Release|Any CPU.Build.0 = Release|Any CPU
		{733FBE74-FFEF-40F1-9FDB-EE6E6B6B37C9}.Debug|Any CPU.ActiveCfg = Debug|Any CPU
		{733FBE74-FFEF-40F1-9FDB-EE6E6B6B37C9}.Debug|Any CPU.Build.0 = Debug|Any CPU
		{733FBE74-FFEF-40F1-9FDB-EE6E6B6B37C9}.Release|Any CPU.ActiveCfg = Release|Any CPU
		{733FBE74-FFEF-40F1-9FDB-EE6E6B6B37C9}.Release|Any CPU.Build.0 = Release|Any CPU
		{2D9D78D0-1FF9-4674-995F-75083F5C52B4}.Debug|Any CPU.ActiveCfg = Debug|Any CPU
		{2D9D78D0-1FF9-4674-995F-75083F5C52B4}.Debug|Any CPU.Build.0 = Debug|Any CPU
		{2D9D78D0-1FF9-4674-995F-75083F5C52B4}.Release|Any CPU.ActiveCfg = Release|Any CPU
		{2D9D78D0-1FF9-4674-995F-75083F5C52B4}.Release|Any CPU.Build.0 = Release|Any CPU
		{37DFF113-6560-4FD3-BBF3-9BFF60920C90}.Debug|Any CPU.ActiveCfg = Debug|Any CPU
		{37DFF113-6560-4FD3-BBF3-9BFF60920C90}.Debug|Any CPU.Build.0 = Debug|Any CPU
		{37DFF113-6560-4FD3-BBF3-9BFF60920C90}.Release|Any CPU.ActiveCfg = Release|Any CPU
		{37DFF113-6560-4FD3-BBF3-9BFF60920C90}.Release|Any CPU.Build.0 = Release|Any CPU
		{2F083C5B-F33C-4BDD-8A5D-EDBEB142DF5E}.Debug|Any CPU.ActiveCfg = Debug|Any CPU
		{2F083C5B-F33C-4BDD-8A5D-EDBEB142DF5E}.Debug|Any CPU.Build.0 = Debug|Any CPU
		{2F083C5B-F33C-4BDD-8A5D-EDBEB142DF5E}.Release|Any CPU.ActiveCfg = Release|Any CPU
		{2F083C5B-F33C-4BDD-8A5D-EDBEB142DF5E}.Release|Any CPU.Build.0 = Release|Any CPU
		{7A09FA33-293B-4E9A-BF31-3A478DDC7B79}.Debug|Any CPU.ActiveCfg = Debug|Any CPU
		{7A09FA33-293B-4E9A-BF31-3A478DDC7B79}.Debug|Any CPU.Build.0 = Debug|Any CPU
		{7A09FA33-293B-4E9A-BF31-3A478DDC7B79}.Release|Any CPU.ActiveCfg = Release|Any CPU
		{7A09FA33-293B-4E9A-BF31-3A478DDC7B79}.Release|Any CPU.Build.0 = Release|Any CPU
		{E48AD791-EEBD-4858-A288-85F403021B93}.Debug|Any CPU.ActiveCfg = Debug|Any CPU
		{E48AD791-EEBD-4858-A288-85F403021B93}.Debug|Any CPU.Build.0 = Debug|Any CPU
		{E48AD791-EEBD-4858-A288-85F403021B93}.Release|Any CPU.ActiveCfg = Release|Any CPU
		{E48AD791-EEBD-4858-A288-85F403021B93}.Release|Any CPU.Build.0 = Release|Any CPU
		{6CC9613F-B392-46DF-982C-BCADE56C06FF}.Debug|Any CPU.ActiveCfg = Debug|Any CPU
		{6CC9613F-B392-46DF-982C-BCADE56C06FF}.Debug|Any CPU.Build.0 = Debug|Any CPU
		{6CC9613F-B392-46DF-982C-BCADE56C06FF}.Release|Any CPU.ActiveCfg = Release|Any CPU
		{6CC9613F-B392-46DF-982C-BCADE56C06FF}.Release|Any CPU.Build.0 = Release|Any CPU
		{1E005DEC-C647-406A-897F-A5BB39FDA419}.Debug|Any CPU.ActiveCfg = Debug|Any CPU
		{1E005DEC-C647-406A-897F-A5BB39FDA419}.Debug|Any CPU.Build.0 = Debug|Any CPU
		{1E005DEC-C647-406A-897F-A5BB39FDA419}.Release|Any CPU.ActiveCfg = Release|Any CPU
		{1E005DEC-C647-406A-897F-A5BB39FDA419}.Release|Any CPU.Build.0 = Release|Any CPU
		{DE00958E-CBB2-40B6-942C-046558913156}.Debug|Any CPU.ActiveCfg = Debug|Any CPU
		{DE00958E-CBB2-40B6-942C-046558913156}.Debug|Any CPU.Build.0 = Debug|Any CPU
		{DE00958E-CBB2-40B6-942C-046558913156}.Release|Any CPU.ActiveCfg = Release|Any CPU
		{DE00958E-CBB2-40B6-942C-046558913156}.Release|Any CPU.Build.0 = Release|Any CPU
		{8DD61CDD-E63C-4D34-AE61-D08B4A2A254B}.Debug|Any CPU.ActiveCfg = Debug|Any CPU
		{8DD61CDD-E63C-4D34-AE61-D08B4A2A254B}.Debug|Any CPU.Build.0 = Debug|Any CPU
		{8DD61CDD-E63C-4D34-AE61-D08B4A2A254B}.Release|Any CPU.ActiveCfg = Release|Any CPU
		{8DD61CDD-E63C-4D34-AE61-D08B4A2A254B}.Release|Any CPU.Build.0 = Release|Any CPU
		{60EC7B42-1F73-4C5E-8EEE-912737E92F34}.Debug|Any CPU.ActiveCfg = Debug|Any CPU
		{60EC7B42-1F73-4C5E-8EEE-912737E92F34}.Debug|Any CPU.Build.0 = Debug|Any CPU
		{60EC7B42-1F73-4C5E-8EEE-912737E92F34}.Release|Any CPU.ActiveCfg = Release|Any CPU
		{60EC7B42-1F73-4C5E-8EEE-912737E92F34}.Release|Any CPU.Build.0 = Release|Any CPU
	EndGlobalSection
	GlobalSection(SolutionProperties) = preSolution
		HideSolutionNode = FALSE
	EndGlobalSection
	GlobalSection(ExtensibilityGlobals) = postSolution
		SolutionGuid = {36BDB0A7-9AD0-4B0C-A7F0-5B0473CF70B4}
	EndGlobalSection
EndGlobal
